// !$*UTF8*$!
{
	archiveVersion = 1;
	classes = {
	};
	objectVersion = 46;
	objects = {

/* Begin PBXBuildFile section */
		141D2EE41BE021500028F879 /* CustomCell.swift in Sources */ = {isa = PBXBuildFile; fileRef = 141D2EE31BE021500028F879 /* CustomCell.swift */; };
		14308AA21CC66665000C21DF /* DATASource+NSFetchedResultsControllerDelegate.swift in Sources */ = {isa = PBXBuildFile; fileRef = 14308A9C1CC66665000C21DF /* DATASource+NSFetchedResultsControllerDelegate.swift */; };
		14308AA31CC66665000C21DF /* DATASource+NSFetchedResultsControllerDelegate.swift in Sources */ = {isa = PBXBuildFile; fileRef = 14308A9C1CC66665000C21DF /* DATASource+NSFetchedResultsControllerDelegate.swift */; };
		14308AA41CC66665000C21DF /* DATASource+NSFetchedResultsControllerDelegate.swift in Sources */ = {isa = PBXBuildFile; fileRef = 14308A9C1CC66665000C21DF /* DATASource+NSFetchedResultsControllerDelegate.swift */; };
		14308AA51CC66665000C21DF /* DATASource+NSFetchedResultsControllerDelegate.swift in Sources */ = {isa = PBXBuildFile; fileRef = 14308A9C1CC66665000C21DF /* DATASource+NSFetchedResultsControllerDelegate.swift */; };
		14308AA61CC66665000C21DF /* DATASource+NSFetchedResultsControllerDelegate.swift in Sources */ = {isa = PBXBuildFile; fileRef = 14308A9C1CC66665000C21DF /* DATASource+NSFetchedResultsControllerDelegate.swift */; };
		14308AA71CC66665000C21DF /* DATASource+NSFetchedResultsControllerDelegate.swift in Sources */ = {isa = PBXBuildFile; fileRef = 14308A9C1CC66665000C21DF /* DATASource+NSFetchedResultsControllerDelegate.swift */; };
		14308AA81CC66665000C21DF /* DATASource+NSFetchedResultsControllerDelegate.swift in Sources */ = {isa = PBXBuildFile; fileRef = 14308A9C1CC66665000C21DF /* DATASource+NSFetchedResultsControllerDelegate.swift */; };
		14308AA91CC66665000C21DF /* DATASource+NSFetchedResultsControllerDelegate.swift in Sources */ = {isa = PBXBuildFile; fileRef = 14308A9C1CC66665000C21DF /* DATASource+NSFetchedResultsControllerDelegate.swift */; };
		14308AAA1CC66665000C21DF /* DATASource+UICollectionViewDataSource.swift in Sources */ = {isa = PBXBuildFile; fileRef = 14308A9D1CC66665000C21DF /* DATASource+UICollectionViewDataSource.swift */; };
		14308AAB1CC66665000C21DF /* DATASource+UICollectionViewDataSource.swift in Sources */ = {isa = PBXBuildFile; fileRef = 14308A9D1CC66665000C21DF /* DATASource+UICollectionViewDataSource.swift */; };
		14308AAC1CC66665000C21DF /* DATASource+UICollectionViewDataSource.swift in Sources */ = {isa = PBXBuildFile; fileRef = 14308A9D1CC66665000C21DF /* DATASource+UICollectionViewDataSource.swift */; };
		14308AAD1CC66665000C21DF /* DATASource+UICollectionViewDataSource.swift in Sources */ = {isa = PBXBuildFile; fileRef = 14308A9D1CC66665000C21DF /* DATASource+UICollectionViewDataSource.swift */; };
		14308AAE1CC66665000C21DF /* DATASource+UICollectionViewDataSource.swift in Sources */ = {isa = PBXBuildFile; fileRef = 14308A9D1CC66665000C21DF /* DATASource+UICollectionViewDataSource.swift */; };
		14308AAF1CC66665000C21DF /* DATASource+UICollectionViewDataSource.swift in Sources */ = {isa = PBXBuildFile; fileRef = 14308A9D1CC66665000C21DF /* DATASource+UICollectionViewDataSource.swift */; };
		14308AB01CC66665000C21DF /* DATASource+UICollectionViewDataSource.swift in Sources */ = {isa = PBXBuildFile; fileRef = 14308A9D1CC66665000C21DF /* DATASource+UICollectionViewDataSource.swift */; };
		14308AB11CC66665000C21DF /* DATASource+UICollectionViewDataSource.swift in Sources */ = {isa = PBXBuildFile; fileRef = 14308A9D1CC66665000C21DF /* DATASource+UICollectionViewDataSource.swift */; };
		14308AB21CC66665000C21DF /* DATASource+UITableViewDataSource.swift in Sources */ = {isa = PBXBuildFile; fileRef = 14308A9E1CC66665000C21DF /* DATASource+UITableViewDataSource.swift */; };
		14308AB31CC66665000C21DF /* DATASource+UITableViewDataSource.swift in Sources */ = {isa = PBXBuildFile; fileRef = 14308A9E1CC66665000C21DF /* DATASource+UITableViewDataSource.swift */; };
		14308AB41CC66665000C21DF /* DATASource+UITableViewDataSource.swift in Sources */ = {isa = PBXBuildFile; fileRef = 14308A9E1CC66665000C21DF /* DATASource+UITableViewDataSource.swift */; };
		14308AB51CC66665000C21DF /* DATASource+UITableViewDataSource.swift in Sources */ = {isa = PBXBuildFile; fileRef = 14308A9E1CC66665000C21DF /* DATASource+UITableViewDataSource.swift */; };
		14308AB61CC66665000C21DF /* DATASource+UITableViewDataSource.swift in Sources */ = {isa = PBXBuildFile; fileRef = 14308A9E1CC66665000C21DF /* DATASource+UITableViewDataSource.swift */; };
		14308AB71CC66665000C21DF /* DATASource+UITableViewDataSource.swift in Sources */ = {isa = PBXBuildFile; fileRef = 14308A9E1CC66665000C21DF /* DATASource+UITableViewDataSource.swift */; };
		14308AB81CC66665000C21DF /* DATASource+UITableViewDataSource.swift in Sources */ = {isa = PBXBuildFile; fileRef = 14308A9E1CC66665000C21DF /* DATASource+UITableViewDataSource.swift */; };
		14308AB91CC66665000C21DF /* DATASource+UITableViewDataSource.swift in Sources */ = {isa = PBXBuildFile; fileRef = 14308A9E1CC66665000C21DF /* DATASource+UITableViewDataSource.swift */; };
		14308ABA1CC66665000C21DF /* DATASource.swift in Sources */ = {isa = PBXBuildFile; fileRef = 14308A9F1CC66665000C21DF /* DATASource.swift */; };
		14308ABB1CC66665000C21DF /* DATASource.swift in Sources */ = {isa = PBXBuildFile; fileRef = 14308A9F1CC66665000C21DF /* DATASource.swift */; };
		14308ABC1CC66665000C21DF /* DATASource.swift in Sources */ = {isa = PBXBuildFile; fileRef = 14308A9F1CC66665000C21DF /* DATASource.swift */; };
		14308ABD1CC66665000C21DF /* DATASource.swift in Sources */ = {isa = PBXBuildFile; fileRef = 14308A9F1CC66665000C21DF /* DATASource.swift */; };
		14308ABE1CC66665000C21DF /* DATASource.swift in Sources */ = {isa = PBXBuildFile; fileRef = 14308A9F1CC66665000C21DF /* DATASource.swift */; };
		14308ABF1CC66665000C21DF /* DATASource.swift in Sources */ = {isa = PBXBuildFile; fileRef = 14308A9F1CC66665000C21DF /* DATASource.swift */; };
		14308AC01CC66665000C21DF /* DATASource.swift in Sources */ = {isa = PBXBuildFile; fileRef = 14308A9F1CC66665000C21DF /* DATASource.swift */; };
		14308AC11CC66665000C21DF /* DATASource.swift in Sources */ = {isa = PBXBuildFile; fileRef = 14308A9F1CC66665000C21DF /* DATASource.swift */; };
		14308AC21CC66665000C21DF /* DATASourceCollectionHeaderView.swift in Sources */ = {isa = PBXBuildFile; fileRef = 14308AA01CC66665000C21DF /* DATASourceCollectionHeaderView.swift */; };
		14308AC31CC66665000C21DF /* DATASourceCollectionHeaderView.swift in Sources */ = {isa = PBXBuildFile; fileRef = 14308AA01CC66665000C21DF /* DATASourceCollectionHeaderView.swift */; };
		14308AC41CC66665000C21DF /* DATASourceCollectionHeaderView.swift in Sources */ = {isa = PBXBuildFile; fileRef = 14308AA01CC66665000C21DF /* DATASourceCollectionHeaderView.swift */; };
		14308AC51CC66665000C21DF /* DATASourceCollectionHeaderView.swift in Sources */ = {isa = PBXBuildFile; fileRef = 14308AA01CC66665000C21DF /* DATASourceCollectionHeaderView.swift */; };
		14308AC61CC66665000C21DF /* DATASourceCollectionHeaderView.swift in Sources */ = {isa = PBXBuildFile; fileRef = 14308AA01CC66665000C21DF /* DATASourceCollectionHeaderView.swift */; };
		14308AC71CC66665000C21DF /* DATASourceCollectionHeaderView.swift in Sources */ = {isa = PBXBuildFile; fileRef = 14308AA01CC66665000C21DF /* DATASourceCollectionHeaderView.swift */; };
		14308AC81CC66665000C21DF /* DATASourceCollectionHeaderView.swift in Sources */ = {isa = PBXBuildFile; fileRef = 14308AA01CC66665000C21DF /* DATASourceCollectionHeaderView.swift */; };
		14308AC91CC66665000C21DF /* DATASourceCollectionHeaderView.swift in Sources */ = {isa = PBXBuildFile; fileRef = 14308AA01CC66665000C21DF /* DATASourceCollectionHeaderView.swift */; };
		14308ACA1CC66665000C21DF /* DATASourceDelegate.swift in Sources */ = {isa = PBXBuildFile; fileRef = 14308AA11CC66665000C21DF /* DATASourceDelegate.swift */; };
		14308ACB1CC66665000C21DF /* DATASourceDelegate.swift in Sources */ = {isa = PBXBuildFile; fileRef = 14308AA11CC66665000C21DF /* DATASourceDelegate.swift */; };
		14308ACC1CC66665000C21DF /* DATASourceDelegate.swift in Sources */ = {isa = PBXBuildFile; fileRef = 14308AA11CC66665000C21DF /* DATASourceDelegate.swift */; };
		14308ACD1CC66665000C21DF /* DATASourceDelegate.swift in Sources */ = {isa = PBXBuildFile; fileRef = 14308AA11CC66665000C21DF /* DATASourceDelegate.swift */; };
		14308ACE1CC66665000C21DF /* DATASourceDelegate.swift in Sources */ = {isa = PBXBuildFile; fileRef = 14308AA11CC66665000C21DF /* DATASourceDelegate.swift */; };
		14308ACF1CC66665000C21DF /* DATASourceDelegate.swift in Sources */ = {isa = PBXBuildFile; fileRef = 14308AA11CC66665000C21DF /* DATASourceDelegate.swift */; };
		14308AD01CC66665000C21DF /* DATASourceDelegate.swift in Sources */ = {isa = PBXBuildFile; fileRef = 14308AA11CC66665000C21DF /* DATASourceDelegate.swift */; };
		14308AD11CC66665000C21DF /* DATASourceDelegate.swift in Sources */ = {isa = PBXBuildFile; fileRef = 14308AA11CC66665000C21DF /* DATASourceDelegate.swift */; };
		146205831C3AB0E400D78FC5 /* AppDelegate.swift in Sources */ = {isa = PBXBuildFile; fileRef = 146205821C3AB0E400D78FC5 /* AppDelegate.swift */; };
		146205851C3AB0E400D78FC5 /* Assets.xcassets in Resources */ = {isa = PBXBuildFile; fileRef = 146205841C3AB0E400D78FC5 /* Assets.xcassets */; };
		146205881C3AB0E400D78FC5 /* LaunchScreen.storyboard in Resources */ = {isa = PBXBuildFile; fileRef = 146205861C3AB0E400D78FC5 /* LaunchScreen.storyboard */; };
		1498B6091C3BC9E80066FAC8 /* CollectionCell.swift in Sources */ = {isa = PBXBuildFile; fileRef = 1498B6051C3BC9E80066FAC8 /* CollectionCell.swift */; };
		1498B60A1C3BC9E80066FAC8 /* CollectionCell.swift in Sources */ = {isa = PBXBuildFile; fileRef = 1498B6051C3BC9E80066FAC8 /* CollectionCell.swift */; };
		1498B60B1C3BC9E80066FAC8 /* CollectionCell.swift in Sources */ = {isa = PBXBuildFile; fileRef = 1498B6051C3BC9E80066FAC8 /* CollectionCell.swift */; };
		1498B60C1C3BC9E80066FAC8 /* CollectionCell.swift in Sources */ = {isa = PBXBuildFile; fileRef = 1498B6051C3BC9E80066FAC8 /* CollectionCell.swift */; };
		1498B60D1C3BC9E80066FAC8 /* CollectionCell.swift in Sources */ = {isa = PBXBuildFile; fileRef = 1498B6051C3BC9E80066FAC8 /* CollectionCell.swift */; };
		1498B60E1C3BC9E80066FAC8 /* CollectionCell.swift in Sources */ = {isa = PBXBuildFile; fileRef = 1498B6051C3BC9E80066FAC8 /* CollectionCell.swift */; };
		1498B60F1C3BC9E80066FAC8 /* CollectionCell.swift in Sources */ = {isa = PBXBuildFile; fileRef = 1498B6051C3BC9E80066FAC8 /* CollectionCell.swift */; };
		1498B6101C3BC9E80066FAC8 /* DataModel.xcdatamodeld in Sources */ = {isa = PBXBuildFile; fileRef = 1498B6061C3BC9E80066FAC8 /* DataModel.xcdatamodeld */; };
		1498B6111C3BC9E80066FAC8 /* DataModel.xcdatamodeld in Sources */ = {isa = PBXBuildFile; fileRef = 1498B6061C3BC9E80066FAC8 /* DataModel.xcdatamodeld */; };
		1498B6121C3BC9E80066FAC8 /* DataModel.xcdatamodeld in Sources */ = {isa = PBXBuildFile; fileRef = 1498B6061C3BC9E80066FAC8 /* DataModel.xcdatamodeld */; };
		1498B6131C3BC9E80066FAC8 /* DataModel.xcdatamodeld in Sources */ = {isa = PBXBuildFile; fileRef = 1498B6061C3BC9E80066FAC8 /* DataModel.xcdatamodeld */; };
		1498B6141C3BC9E80066FAC8 /* DataModel.xcdatamodeld in Sources */ = {isa = PBXBuildFile; fileRef = 1498B6061C3BC9E80066FAC8 /* DataModel.xcdatamodeld */; };
		1498B6151C3BC9E80066FAC8 /* DataModel.xcdatamodeld in Sources */ = {isa = PBXBuildFile; fileRef = 1498B6061C3BC9E80066FAC8 /* DataModel.xcdatamodeld */; };
		1498B6161C3BC9E80066FAC8 /* DataModel.xcdatamodeld in Sources */ = {isa = PBXBuildFile; fileRef = 1498B6061C3BC9E80066FAC8 /* DataModel.xcdatamodeld */; };
		1498B6171C3BC9E80066FAC8 /* InfiniteLoadingIndicator.swift in Sources */ = {isa = PBXBuildFile; fileRef = 1498B6081C3BC9E80066FAC8 /* InfiniteLoadingIndicator.swift */; };
		1498B6181C3BC9E80066FAC8 /* InfiniteLoadingIndicator.swift in Sources */ = {isa = PBXBuildFile; fileRef = 1498B6081C3BC9E80066FAC8 /* InfiniteLoadingIndicator.swift */; };
		1498B6191C3BC9E80066FAC8 /* InfiniteLoadingIndicator.swift in Sources */ = {isa = PBXBuildFile; fileRef = 1498B6081C3BC9E80066FAC8 /* InfiniteLoadingIndicator.swift */; };
		1498B61A1C3BC9E80066FAC8 /* InfiniteLoadingIndicator.swift in Sources */ = {isa = PBXBuildFile; fileRef = 1498B6081C3BC9E80066FAC8 /* InfiniteLoadingIndicator.swift */; };
		1498B61B1C3BC9E80066FAC8 /* InfiniteLoadingIndicator.swift in Sources */ = {isa = PBXBuildFile; fileRef = 1498B6081C3BC9E80066FAC8 /* InfiniteLoadingIndicator.swift */; };
		1498B61C1C3BC9E80066FAC8 /* InfiniteLoadingIndicator.swift in Sources */ = {isa = PBXBuildFile; fileRef = 1498B6081C3BC9E80066FAC8 /* InfiniteLoadingIndicator.swift */; };
		1498B61D1C3BC9E80066FAC8 /* InfiniteLoadingIndicator.swift in Sources */ = {isa = PBXBuildFile; fileRef = 1498B6081C3BC9E80066FAC8 /* InfiniteLoadingIndicator.swift */; };
		149AF1931C0EB9EF00BA0907 /* AppDelegate.swift in Sources */ = {isa = PBXBuildFile; fileRef = 149AF1921C0EB9EF00BA0907 /* AppDelegate.swift */; };
		149AF1981C0EB9EF00BA0907 /* Assets.xcassets in Resources */ = {isa = PBXBuildFile; fileRef = 149AF1971C0EB9EF00BA0907 /* Assets.xcassets */; };
		149AF19B1C0EB9EF00BA0907 /* LaunchScreen.storyboard in Resources */ = {isa = PBXBuildFile; fileRef = 149AF1991C0EB9EF00BA0907 /* LaunchScreen.storyboard */; };
		149AF1A11C0EBA0700BA0907 /* ViewController.swift in Sources */ = {isa = PBXBuildFile; fileRef = 149AF1A01C0EBA0700BA0907 /* ViewController.swift */; };
		149EE87A1CC916DB002739BA /* DATAStack.framework in CopyFiles */ = {isa = PBXBuildFile; fileRef = 149EE8791CC916DB002739BA /* DATAStack.framework */; settings = {ATTRIBUTES = (CodeSignOnCopy, RemoveHeadersOnCopy, ); }; };
		14A139B41AEFC72B00AD732F /* Tests.swift in Sources */ = {isa = PBXBuildFile; fileRef = 14A139B31AEFC72B00AD732F /* Tests.swift */; };
		14AFFAF01C3C00E0001AD02C /* CollectionCell.swift in Sources */ = {isa = PBXBuildFile; fileRef = 1498B6051C3BC9E80066FAC8 /* CollectionCell.swift */; };
		14AFFAF11C3C00E3001AD02C /* DataModel.xcdatamodeld in Sources */ = {isa = PBXBuildFile; fileRef = 1498B6061C3BC9E80066FAC8 /* DataModel.xcdatamodeld */; };
		14AFFAF21C3C00E5001AD02C /* InfiniteLoadingIndicator.swift in Sources */ = {isa = PBXBuildFile; fileRef = 1498B6081C3BC9E80066FAC8 /* InfiniteLoadingIndicator.swift */; };
		14C022551CC9031700CEFC40 /* DATAStack.framework in Frameworks */ = {isa = PBXBuildFile; fileRef = 14C022541CC9031700CEFC40 /* DATAStack.framework */; };
		14C022561CC9031700CEFC40 /* DATAStack.framework in Embed Frameworks */ = {isa = PBXBuildFile; fileRef = 14C022541CC9031700CEFC40 /* DATAStack.framework */; settings = {ATTRIBUTES = (CodeSignOnCopy, RemoveHeadersOnCopy, ); }; };
		14C022591CC9031F00CEFC40 /* DATAStack.framework in Frameworks */ = {isa = PBXBuildFile; fileRef = 14C022581CC9031F00CEFC40 /* DATAStack.framework */; };
		14C0225A1CC9031F00CEFC40 /* DATAStack.framework in Embed Frameworks */ = {isa = PBXBuildFile; fileRef = 14C022581CC9031F00CEFC40 /* DATAStack.framework */; settings = {ATTRIBUTES = (CodeSignOnCopy, RemoveHeadersOnCopy, ); }; };
		14C0225D1CC9033B00CEFC40 /* DATAStack.framework in Frameworks */ = {isa = PBXBuildFile; fileRef = 14C0225C1CC9033B00CEFC40 /* DATAStack.framework */; };
		14C0225E1CC9033B00CEFC40 /* DATAStack.framework in Embed Frameworks */ = {isa = PBXBuildFile; fileRef = 14C0225C1CC9033B00CEFC40 /* DATAStack.framework */; settings = {ATTRIBUTES = (CodeSignOnCopy, RemoveHeadersOnCopy, ); }; };
		14C022611CC9034500CEFC40 /* DATAStack.framework in Frameworks */ = {isa = PBXBuildFile; fileRef = 14C022601CC9034500CEFC40 /* DATAStack.framework */; };
		14C022621CC9034500CEFC40 /* DATAStack.framework in Embed Frameworks */ = {isa = PBXBuildFile; fileRef = 14C022601CC9034500CEFC40 /* DATAStack.framework */; settings = {ATTRIBUTES = (CodeSignOnCopy, RemoveHeadersOnCopy, ); }; };
		14C022651CC9034E00CEFC40 /* DATAStack.framework in Frameworks */ = {isa = PBXBuildFile; fileRef = 14C022641CC9034E00CEFC40 /* DATAStack.framework */; };
		14C022661CC9034E00CEFC40 /* DATAStack.framework in Embed Frameworks */ = {isa = PBXBuildFile; fileRef = 14C022641CC9034E00CEFC40 /* DATAStack.framework */; settings = {ATTRIBUTES = (CodeSignOnCopy, RemoveHeadersOnCopy, ); }; };
		14C022691CC9035800CEFC40 /* DATAStack.framework in Frameworks */ = {isa = PBXBuildFile; fileRef = 14C022681CC9035800CEFC40 /* DATAStack.framework */; };
		14C0226A1CC9035800CEFC40 /* DATAStack.framework in Embed Frameworks */ = {isa = PBXBuildFile; fileRef = 14C022681CC9035800CEFC40 /* DATAStack.framework */; settings = {ATTRIBUTES = (CodeSignOnCopy, RemoveHeadersOnCopy, ); }; };
		14C0226D1CC9036100CEFC40 /* DATAStack.framework in Frameworks */ = {isa = PBXBuildFile; fileRef = 14C0226C1CC9036100CEFC40 /* DATAStack.framework */; };
		14C0226E1CC9036100CEFC40 /* DATAStack.framework in Embed Frameworks */ = {isa = PBXBuildFile; fileRef = 14C0226C1CC9036100CEFC40 /* DATAStack.framework */; settings = {ATTRIBUTES = (CodeSignOnCopy, RemoveHeadersOnCopy, ); }; };
		14C022701CC9038700CEFC40 /* DATAStack.framework in Frameworks */ = {isa = PBXBuildFile; fileRef = 14C0226C1CC9036100CEFC40 /* DATAStack.framework */; };
		14F3A67D1BE01B8500789E22 /* AppDelegate.swift in Sources */ = {isa = PBXBuildFile; fileRef = 14F3A67C1BE01B8500789E22 /* AppDelegate.swift */; };
		14F3A6821BE01B8500789E22 /* Assets.xcassets in Resources */ = {isa = PBXBuildFile; fileRef = 14F3A6811BE01B8500789E22 /* Assets.xcassets */; };
		14F3A6851BE01B8500789E22 /* LaunchScreen.storyboard in Resources */ = {isa = PBXBuildFile; fileRef = 14F3A6831BE01B8500789E22 /* LaunchScreen.storyboard */; };
		14F3A6921BE01B9200789E22 /* main.m in Sources */ = {isa = PBXBuildFile; fileRef = 14F3A6911BE01B9200789E22 /* main.m */; };
		14F3A6951BE01B9200789E22 /* AppDelegate.m in Sources */ = {isa = PBXBuildFile; fileRef = 14F3A6941BE01B9200789E22 /* AppDelegate.m */; };
		14F3A69A1BE01B9200789E22 /* Assets.xcassets in Resources */ = {isa = PBXBuildFile; fileRef = 14F3A6991BE01B9200789E22 /* Assets.xcassets */; };
		14F3A69D1BE01B9200789E22 /* LaunchScreen.storyboard in Resources */ = {isa = PBXBuildFile; fileRef = 14F3A69B1BE01B9200789E22 /* LaunchScreen.storyboard */; };
		14F3A6A91BE01B9C00789E22 /* AppDelegate.swift in Sources */ = {isa = PBXBuildFile; fileRef = 14F3A6A81BE01B9C00789E22 /* AppDelegate.swift */; };
		14F3A6AE1BE01B9C00789E22 /* Assets.xcassets in Resources */ = {isa = PBXBuildFile; fileRef = 14F3A6AD1BE01B9C00789E22 /* Assets.xcassets */; };
		14F3A6B11BE01B9C00789E22 /* LaunchScreen.storyboard in Resources */ = {isa = PBXBuildFile; fileRef = 14F3A6AF1BE01B9C00789E22 /* LaunchScreen.storyboard */; };
		14F3A6BE1BE01BA900789E22 /* main.m in Sources */ = {isa = PBXBuildFile; fileRef = 14F3A6BD1BE01BA900789E22 /* main.m */; };
		14F3A6C11BE01BA900789E22 /* AppDelegate.m in Sources */ = {isa = PBXBuildFile; fileRef = 14F3A6C01BE01BA900789E22 /* AppDelegate.m */; };
		14F3A6C61BE01BA900789E22 /* Assets.xcassets in Resources */ = {isa = PBXBuildFile; fileRef = 14F3A6C51BE01BA900789E22 /* Assets.xcassets */; };
		14F3A6C91BE01BA900789E22 /* LaunchScreen.storyboard in Resources */ = {isa = PBXBuildFile; fileRef = 14F3A6C71BE01BA900789E22 /* LaunchScreen.storyboard */; };
		14F3A6DE1BE01D6E00789E22 /* FooterExampleView.m in Sources */ = {isa = PBXBuildFile; fileRef = 14F3A6D81BE01D6E00789E22 /* FooterExampleView.m */; };
		14F3A6E01BE01D6E00789E22 /* ViewController.m in Sources */ = {isa = PBXBuildFile; fileRef = 14F3A6DC1BE01D6E00789E22 /* ViewController.m */; };
		14F3A6E41BE01D9200789E22 /* CollectionController.swift in Sources */ = {isa = PBXBuildFile; fileRef = 14F3A6E21BE01D9200789E22 /* CollectionController.swift */; };
		14F3A6E71BE01DD000789E22 /* ViewController.m in Sources */ = {isa = PBXBuildFile; fileRef = 14F3A6E61BE01DD000789E22 /* ViewController.m */; };
		14F3A6E91BE01DE800789E22 /* ViewController.swift in Sources */ = {isa = PBXBuildFile; fileRef = 14F3A6E81BE01DE800789E22 /* ViewController.swift */; };
		14F535951C3A7E9C00671EDF /* AppDelegate.swift in Sources */ = {isa = PBXBuildFile; fileRef = 14F535941C3A7E9C00671EDF /* AppDelegate.swift */; };
		14F535971C3A7E9C00671EDF /* Assets.xcassets in Resources */ = {isa = PBXBuildFile; fileRef = 14F535961C3A7E9C00671EDF /* Assets.xcassets */; };
		14F5359A1C3A7E9C00671EDF /* LaunchScreen.storyboard in Resources */ = {isa = PBXBuildFile; fileRef = 14F535981C3A7E9C00671EDF /* LaunchScreen.storyboard */; };
		14F535A01C3A7EC000671EDF /* ViewController.swift in Sources */ = {isa = PBXBuildFile; fileRef = 14F5359F1C3A7EC000671EDF /* ViewController.swift */; };
		14F7B07C1C3AB23000AE779F /* CollectionController.swift in Sources */ = {isa = PBXBuildFile; fileRef = 14F7B07B1C3AB23000AE779F /* CollectionController.swift */; };
		14F848711CC6686B0052E4B0 /* DATASource.h in Headers */ = {isa = PBXBuildFile; fileRef = 14F848701CC667D20052E4B0 /* DATASource.h */; settings = {ATTRIBUTES = (Public, ); }; };
		14F848721CC668700052E4B0 /* DATASource+NSFetchedResultsControllerDelegate.swift in Sources */ = {isa = PBXBuildFile; fileRef = 14308A9C1CC66665000C21DF /* DATASource+NSFetchedResultsControllerDelegate.swift */; };
		14F848731CC668700052E4B0 /* DATASource+UICollectionViewDataSource.swift in Sources */ = {isa = PBXBuildFile; fileRef = 14308A9D1CC66665000C21DF /* DATASource+UICollectionViewDataSource.swift */; };
		14F848741CC668700052E4B0 /* DATASource+UITableViewDataSource.swift in Sources */ = {isa = PBXBuildFile; fileRef = 14308A9E1CC66665000C21DF /* DATASource+UITableViewDataSource.swift */; };
		14F848751CC668700052E4B0 /* DATASource.swift in Sources */ = {isa = PBXBuildFile; fileRef = 14308A9F1CC66665000C21DF /* DATASource.swift */; };
		14F848761CC668700052E4B0 /* DATASourceCollectionHeaderView.swift in Sources */ = {isa = PBXBuildFile; fileRef = 14308AA01CC66665000C21DF /* DATASourceCollectionHeaderView.swift */; };
		14F848771CC668700052E4B0 /* DATASourceDelegate.swift in Sources */ = {isa = PBXBuildFile; fileRef = 14308AA11CC66665000C21DF /* DATASourceDelegate.swift */; };
		14F848851CC668B10052E4B0 /* DATASource.h in Headers */ = {isa = PBXBuildFile; fileRef = 14F848701CC667D20052E4B0 /* DATASource.h */; settings = {ATTRIBUTES = (Public, ); }; };
		14F848861CC668B60052E4B0 /* DATASource+NSFetchedResultsControllerDelegate.swift in Sources */ = {isa = PBXBuildFile; fileRef = 14308A9C1CC66665000C21DF /* DATASource+NSFetchedResultsControllerDelegate.swift */; };
		14F848871CC668B60052E4B0 /* DATASource+UICollectionViewDataSource.swift in Sources */ = {isa = PBXBuildFile; fileRef = 14308A9D1CC66665000C21DF /* DATASource+UICollectionViewDataSource.swift */; };
		14F848881CC668B60052E4B0 /* DATASource+UITableViewDataSource.swift in Sources */ = {isa = PBXBuildFile; fileRef = 14308A9E1CC66665000C21DF /* DATASource+UITableViewDataSource.swift */; };
		14F848891CC668B60052E4B0 /* DATASource.swift in Sources */ = {isa = PBXBuildFile; fileRef = 14308A9F1CC66665000C21DF /* DATASource.swift */; };
		14F8488A1CC668B60052E4B0 /* DATASourceCollectionHeaderView.swift in Sources */ = {isa = PBXBuildFile; fileRef = 14308AA01CC66665000C21DF /* DATASourceCollectionHeaderView.swift */; };
		14F8488B1CC668B60052E4B0 /* DATASourceDelegate.swift in Sources */ = {isa = PBXBuildFile; fileRef = 14308AA11CC66665000C21DF /* DATASourceDelegate.swift */; };
/* End PBXBuildFile section */

/* Begin PBXCopyFilesBuildPhase section */
		149EE8781CC916B5002739BA /* CopyFiles */ = {
			isa = PBXCopyFilesBuildPhase;
			buildActionMask = 2147483647;
			dstPath = "";
			dstSubfolderSpec = 10;
			files = (
				149EE87A1CC916DB002739BA /* DATAStack.framework in CopyFiles */,
			);
			runOnlyForDeploymentPostprocessing = 0;
		};
		14C022571CC9031700CEFC40 /* Embed Frameworks */ = {
			isa = PBXCopyFilesBuildPhase;
			buildActionMask = 2147483647;
			dstPath = "";
			dstSubfolderSpec = 10;
			files = (
				14C022561CC9031700CEFC40 /* DATAStack.framework in Embed Frameworks */,
			);
			name = "Embed Frameworks";
			runOnlyForDeploymentPostprocessing = 0;
		};
		14C0225B1CC9031F00CEFC40 /* Embed Frameworks */ = {
			isa = PBXCopyFilesBuildPhase;
			buildActionMask = 2147483647;
			dstPath = "";
			dstSubfolderSpec = 10;
			files = (
				14C0225A1CC9031F00CEFC40 /* DATAStack.framework in Embed Frameworks */,
			);
			name = "Embed Frameworks";
			runOnlyForDeploymentPostprocessing = 0;
		};
		14C0225F1CC9033C00CEFC40 /* Embed Frameworks */ = {
			isa = PBXCopyFilesBuildPhase;
			buildActionMask = 2147483647;
			dstPath = "";
			dstSubfolderSpec = 10;
			files = (
				14C0225E1CC9033B00CEFC40 /* DATAStack.framework in Embed Frameworks */,
			);
			name = "Embed Frameworks";
			runOnlyForDeploymentPostprocessing = 0;
		};
		14C022631CC9034500CEFC40 /* Embed Frameworks */ = {
			isa = PBXCopyFilesBuildPhase;
			buildActionMask = 2147483647;
			dstPath = "";
			dstSubfolderSpec = 10;
			files = (
				14C022621CC9034500CEFC40 /* DATAStack.framework in Embed Frameworks */,
			);
			name = "Embed Frameworks";
			runOnlyForDeploymentPostprocessing = 0;
		};
		14C022671CC9034E00CEFC40 /* Embed Frameworks */ = {
			isa = PBXCopyFilesBuildPhase;
			buildActionMask = 2147483647;
			dstPath = "";
			dstSubfolderSpec = 10;
			files = (
				14C022661CC9034E00CEFC40 /* DATAStack.framework in Embed Frameworks */,
			);
			name = "Embed Frameworks";
			runOnlyForDeploymentPostprocessing = 0;
		};
		14C0226B1CC9035800CEFC40 /* Embed Frameworks */ = {
			isa = PBXCopyFilesBuildPhase;
			buildActionMask = 2147483647;
			dstPath = "";
			dstSubfolderSpec = 10;
			files = (
				14C0226A1CC9035800CEFC40 /* DATAStack.framework in Embed Frameworks */,
			);
			name = "Embed Frameworks";
			runOnlyForDeploymentPostprocessing = 0;
		};
		14C0226F1CC9036200CEFC40 /* Embed Frameworks */ = {
			isa = PBXCopyFilesBuildPhase;
			buildActionMask = 2147483647;
			dstPath = "";
			dstSubfolderSpec = 10;
			files = (
				14C0226E1CC9036100CEFC40 /* DATAStack.framework in Embed Frameworks */,
			);
			name = "Embed Frameworks";
			runOnlyForDeploymentPostprocessing = 0;
		};
/* End PBXCopyFilesBuildPhase section */

/* Begin PBXFileReference section */
		141D2EE31BE021500028F879 /* CustomCell.swift */ = {isa = PBXFileReference; fileEncoding = 4; lastKnownFileType = sourcecode.swift; path = CustomCell.swift; sourceTree = "<group>"; };
		14308A9C1CC66665000C21DF /* DATASource+NSFetchedResultsControllerDelegate.swift */ = {isa = PBXFileReference; fileEncoding = 4; lastKnownFileType = sourcecode.swift; path = "DATASource+NSFetchedResultsControllerDelegate.swift"; sourceTree = "<group>"; };
		14308A9D1CC66665000C21DF /* DATASource+UICollectionViewDataSource.swift */ = {isa = PBXFileReference; fileEncoding = 4; lastKnownFileType = sourcecode.swift; path = "DATASource+UICollectionViewDataSource.swift"; sourceTree = "<group>"; };
		14308A9E1CC66665000C21DF /* DATASource+UITableViewDataSource.swift */ = {isa = PBXFileReference; fileEncoding = 4; lastKnownFileType = sourcecode.swift; path = "DATASource+UITableViewDataSource.swift"; sourceTree = "<group>"; };
		14308A9F1CC66665000C21DF /* DATASource.swift */ = {isa = PBXFileReference; fileEncoding = 4; lastKnownFileType = sourcecode.swift; path = DATASource.swift; sourceTree = "<group>"; };
		14308AA01CC66665000C21DF /* DATASourceCollectionHeaderView.swift */ = {isa = PBXFileReference; fileEncoding = 4; lastKnownFileType = sourcecode.swift; path = DATASourceCollectionHeaderView.swift; sourceTree = "<group>"; };
		14308AA11CC66665000C21DF /* DATASourceDelegate.swift */ = {isa = PBXFileReference; fileEncoding = 4; lastKnownFileType = sourcecode.swift; path = DATASourceDelegate.swift; sourceTree = "<group>"; };
		146205801C3AB0E400D78FC5 /* InfiniteCollectionSwift.app */ = {isa = PBXFileReference; explicitFileType = wrapper.application; includeInIndex = 0; path = InfiniteCollectionSwift.app; sourceTree = BUILT_PRODUCTS_DIR; };
		146205821C3AB0E400D78FC5 /* AppDelegate.swift */ = {isa = PBXFileReference; lastKnownFileType = sourcecode.swift; path = AppDelegate.swift; sourceTree = "<group>"; };
		146205841C3AB0E400D78FC5 /* Assets.xcassets */ = {isa = PBXFileReference; lastKnownFileType = folder.assetcatalog; path = Assets.xcassets; sourceTree = "<group>"; };
		146205871C3AB0E400D78FC5 /* Base */ = {isa = PBXFileReference; lastKnownFileType = file.storyboard; name = Base; path = Base.lproj/LaunchScreen.storyboard; sourceTree = "<group>"; };
		146205891C3AB0E400D78FC5 /* Info.plist */ = {isa = PBXFileReference; lastKnownFileType = text.plist.xml; path = Info.plist; sourceTree = "<group>"; };
		146D72AC1AB782920058798C /* Tests.xctest */ = {isa = PBXFileReference; explicitFileType = wrapper.cfbundle; includeInIndex = 0; path = Tests.xctest; sourceTree = BUILT_PRODUCTS_DIR; };
		146D72B11AB782920058798C /* Info.plist */ = {isa = PBXFileReference; lastKnownFileType = text.plist.xml; path = Info.plist; sourceTree = "<group>"; };
		1498B6051C3BC9E80066FAC8 /* CollectionCell.swift */ = {isa = PBXFileReference; fileEncoding = 4; lastKnownFileType = sourcecode.swift; path = CollectionCell.swift; sourceTree = "<group>"; };
		1498B6071C3BC9E80066FAC8 /* DataModel.xcdatamodel */ = {isa = PBXFileReference; lastKnownFileType = wrapper.xcdatamodel; path = DataModel.xcdatamodel; sourceTree = "<group>"; };
		1498B6081C3BC9E80066FAC8 /* InfiniteLoadingIndicator.swift */ = {isa = PBXFileReference; fileEncoding = 4; lastKnownFileType = sourcecode.swift; path = InfiniteLoadingIndicator.swift; sourceTree = "<group>"; };
		149AF1901C0EB9EF00BA0907 /* DATASourceDelegateTableSwift.app */ = {isa = PBXFileReference; explicitFileType = wrapper.application; includeInIndex = 0; path = DATASourceDelegateTableSwift.app; sourceTree = BUILT_PRODUCTS_DIR; };
		149AF1921C0EB9EF00BA0907 /* AppDelegate.swift */ = {isa = PBXFileReference; lastKnownFileType = sourcecode.swift; path = AppDelegate.swift; sourceTree = "<group>"; };
		149AF1971C0EB9EF00BA0907 /* Assets.xcassets */ = {isa = PBXFileReference; lastKnownFileType = folder.assetcatalog; path = Assets.xcassets; sourceTree = "<group>"; };
		149AF19A1C0EB9EF00BA0907 /* Base */ = {isa = PBXFileReference; lastKnownFileType = file.storyboard; name = Base; path = Base.lproj/LaunchScreen.storyboard; sourceTree = "<group>"; };
		149AF19C1C0EB9EF00BA0907 /* Info.plist */ = {isa = PBXFileReference; lastKnownFileType = text.plist.xml; path = Info.plist; sourceTree = "<group>"; };
		149AF1A01C0EBA0700BA0907 /* ViewController.swift */ = {isa = PBXFileReference; fileEncoding = 4; lastKnownFileType = sourcecode.swift; path = ViewController.swift; sourceTree = "<group>"; };
		149EE8791CC916DB002739BA /* DATAStack.framework */ = {isa = PBXFileReference; lastKnownFileType = wrapper.framework; name = DATAStack.framework; path = Carthage/Build/iOS/DATAStack.framework; sourceTree = "<group>"; };
		14A139B31AEFC72B00AD732F /* Tests.swift */ = {isa = PBXFileReference; fileEncoding = 4; lastKnownFileType = sourcecode.swift; path = Tests.swift; sourceTree = "<group>"; };
		14C022541CC9031700CEFC40 /* DATAStack.framework */ = {isa = PBXFileReference; lastKnownFileType = wrapper.framework; name = DATAStack.framework; path = Carthage/Build/iOS/DATAStack.framework; sourceTree = "<group>"; };
		14C022581CC9031F00CEFC40 /* DATAStack.framework */ = {isa = PBXFileReference; lastKnownFileType = wrapper.framework; name = DATAStack.framework; path = Carthage/Build/iOS/DATAStack.framework; sourceTree = "<group>"; };
		14C0225C1CC9033B00CEFC40 /* DATAStack.framework */ = {isa = PBXFileReference; lastKnownFileType = wrapper.framework; name = DATAStack.framework; path = Carthage/Build/iOS/DATAStack.framework; sourceTree = "<group>"; };
		14C022601CC9034500CEFC40 /* DATAStack.framework */ = {isa = PBXFileReference; lastKnownFileType = wrapper.framework; name = DATAStack.framework; path = Carthage/Build/iOS/DATAStack.framework; sourceTree = "<group>"; };
		14C022641CC9034E00CEFC40 /* DATAStack.framework */ = {isa = PBXFileReference; lastKnownFileType = wrapper.framework; name = DATAStack.framework; path = Carthage/Build/iOS/DATAStack.framework; sourceTree = "<group>"; };
		14C022681CC9035800CEFC40 /* DATAStack.framework */ = {isa = PBXFileReference; lastKnownFileType = wrapper.framework; name = DATAStack.framework; path = Carthage/Build/iOS/DATAStack.framework; sourceTree = "<group>"; };
		14C0226C1CC9036100CEFC40 /* DATAStack.framework */ = {isa = PBXFileReference; lastKnownFileType = wrapper.framework; name = DATAStack.framework; path = Carthage/Build/iOS/DATAStack.framework; sourceTree = "<group>"; };
		14C0AF7F1BD6D4230009ECBE /* .slather.yml */ = {isa = PBXFileReference; lastKnownFileType = text; path = .slather.yml; sourceTree = "<group>"; };
		14C0AF801BD6D4230009ECBE /* .travis.yml */ = {isa = PBXFileReference; lastKnownFileType = text; path = .travis.yml; sourceTree = "<group>"; };
		14C0AF811BD6D4230009ECBE /* CHANGELOG.md */ = {isa = PBXFileReference; lastKnownFileType = net.daringfireball.markdown; path = CHANGELOG.md; sourceTree = "<group>"; };
		14C0AF821BD6D4230009ECBE /* CONTRIBUTING.md */ = {isa = PBXFileReference; lastKnownFileType = net.daringfireball.markdown; path = CONTRIBUTING.md; sourceTree = "<group>"; };
		14C0AF831BD6D4230009ECBE /* README.md */ = {isa = PBXFileReference; lastKnownFileType = net.daringfireball.markdown; path = README.md; sourceTree = "<group>"; };
		14F3A67A1BE01B8400789E22 /* CollectionSwift.app */ = {isa = PBXFileReference; explicitFileType = wrapper.application; includeInIndex = 0; path = CollectionSwift.app; sourceTree = BUILT_PRODUCTS_DIR; };
		14F3A67C1BE01B8500789E22 /* AppDelegate.swift */ = {isa = PBXFileReference; lastKnownFileType = sourcecode.swift; path = AppDelegate.swift; sourceTree = "<group>"; };
		14F3A6811BE01B8500789E22 /* Assets.xcassets */ = {isa = PBXFileReference; lastKnownFileType = folder.assetcatalog; path = Assets.xcassets; sourceTree = "<group>"; };
		14F3A6841BE01B8500789E22 /* Base */ = {isa = PBXFileReference; lastKnownFileType = file.storyboard; name = Base; path = Base.lproj/LaunchScreen.storyboard; sourceTree = "<group>"; };
		14F3A6861BE01B8500789E22 /* Info.plist */ = {isa = PBXFileReference; lastKnownFileType = text.plist.xml; path = Info.plist; sourceTree = "<group>"; };
		14F3A68E1BE01B9200789E22 /* CollectionObjC.app */ = {isa = PBXFileReference; explicitFileType = wrapper.application; includeInIndex = 0; path = CollectionObjC.app; sourceTree = BUILT_PRODUCTS_DIR; };
		14F3A6911BE01B9200789E22 /* main.m */ = {isa = PBXFileReference; lastKnownFileType = sourcecode.c.objc; path = main.m; sourceTree = "<group>"; };
		14F3A6931BE01B9200789E22 /* AppDelegate.h */ = {isa = PBXFileReference; lastKnownFileType = sourcecode.c.h; path = AppDelegate.h; sourceTree = "<group>"; };
		14F3A6941BE01B9200789E22 /* AppDelegate.m */ = {isa = PBXFileReference; lastKnownFileType = sourcecode.c.objc; path = AppDelegate.m; sourceTree = "<group>"; };
		14F3A6991BE01B9200789E22 /* Assets.xcassets */ = {isa = PBXFileReference; lastKnownFileType = folder.assetcatalog; path = Assets.xcassets; sourceTree = "<group>"; };
		14F3A69C1BE01B9200789E22 /* Base */ = {isa = PBXFileReference; lastKnownFileType = file.storyboard; name = Base; path = Base.lproj/LaunchScreen.storyboard; sourceTree = "<group>"; };
		14F3A69E1BE01B9200789E22 /* Info.plist */ = {isa = PBXFileReference; lastKnownFileType = text.plist.xml; path = Info.plist; sourceTree = "<group>"; };
		14F3A6A61BE01B9C00789E22 /* TableSwift.app */ = {isa = PBXFileReference; explicitFileType = wrapper.application; includeInIndex = 0; path = TableSwift.app; sourceTree = BUILT_PRODUCTS_DIR; };
		14F3A6A81BE01B9C00789E22 /* AppDelegate.swift */ = {isa = PBXFileReference; lastKnownFileType = sourcecode.swift; path = AppDelegate.swift; sourceTree = "<group>"; };
		14F3A6AD1BE01B9C00789E22 /* Assets.xcassets */ = {isa = PBXFileReference; lastKnownFileType = folder.assetcatalog; path = Assets.xcassets; sourceTree = "<group>"; };
		14F3A6B01BE01B9C00789E22 /* Base */ = {isa = PBXFileReference; lastKnownFileType = file.storyboard; name = Base; path = Base.lproj/LaunchScreen.storyboard; sourceTree = "<group>"; };
		14F3A6B21BE01B9C00789E22 /* Info.plist */ = {isa = PBXFileReference; lastKnownFileType = text.plist.xml; path = Info.plist; sourceTree = "<group>"; };
		14F3A6BA1BE01BA900789E22 /* TableObjC.app */ = {isa = PBXFileReference; explicitFileType = wrapper.application; includeInIndex = 0; path = TableObjC.app; sourceTree = BUILT_PRODUCTS_DIR; };
		14F3A6BD1BE01BA900789E22 /* main.m */ = {isa = PBXFileReference; lastKnownFileType = sourcecode.c.objc; path = main.m; sourceTree = "<group>"; };
		14F3A6BF1BE01BA900789E22 /* AppDelegate.h */ = {isa = PBXFileReference; lastKnownFileType = sourcecode.c.h; path = AppDelegate.h; sourceTree = "<group>"; };
		14F3A6C01BE01BA900789E22 /* AppDelegate.m */ = {isa = PBXFileReference; lastKnownFileType = sourcecode.c.objc; path = AppDelegate.m; sourceTree = "<group>"; };
		14F3A6C51BE01BA900789E22 /* Assets.xcassets */ = {isa = PBXFileReference; lastKnownFileType = folder.assetcatalog; path = Assets.xcassets; sourceTree = "<group>"; };
		14F3A6C81BE01BA900789E22 /* Base */ = {isa = PBXFileReference; lastKnownFileType = file.storyboard; name = Base; path = Base.lproj/LaunchScreen.storyboard; sourceTree = "<group>"; };
		14F3A6CA1BE01BA900789E22 /* Info.plist */ = {isa = PBXFileReference; lastKnownFileType = text.plist.xml; path = Info.plist; sourceTree = "<group>"; };
		14F3A6D71BE01D6E00789E22 /* FooterExampleView.h */ = {isa = PBXFileReference; fileEncoding = 4; lastKnownFileType = sourcecode.c.h; path = FooterExampleView.h; sourceTree = "<group>"; };
		14F3A6D81BE01D6E00789E22 /* FooterExampleView.m */ = {isa = PBXFileReference; fileEncoding = 4; lastKnownFileType = sourcecode.c.objc; path = FooterExampleView.m; sourceTree = "<group>"; };
		14F3A6DB1BE01D6E00789E22 /* ViewController.h */ = {isa = PBXFileReference; fileEncoding = 4; lastKnownFileType = sourcecode.c.h; path = ViewController.h; sourceTree = "<group>"; };
		14F3A6DC1BE01D6E00789E22 /* ViewController.m */ = {isa = PBXFileReference; fileEncoding = 4; lastKnownFileType = sourcecode.c.objc; path = ViewController.m; sourceTree = "<group>"; };
		14F3A6E21BE01D9200789E22 /* CollectionController.swift */ = {isa = PBXFileReference; fileEncoding = 4; lastKnownFileType = sourcecode.swift; path = CollectionController.swift; sourceTree = "<group>"; };
		14F3A6E51BE01DD000789E22 /* ViewController.h */ = {isa = PBXFileReference; fileEncoding = 4; lastKnownFileType = sourcecode.c.h; path = ViewController.h; sourceTree = "<group>"; };
		14F3A6E61BE01DD000789E22 /* ViewController.m */ = {isa = PBXFileReference; fileEncoding = 4; lastKnownFileType = sourcecode.c.objc; path = ViewController.m; sourceTree = "<group>"; };
		14F3A6E81BE01DE800789E22 /* ViewController.swift */ = {isa = PBXFileReference; fileEncoding = 4; lastKnownFileType = sourcecode.swift; path = ViewController.swift; sourceTree = "<group>"; };
		14F535921C3A7E9C00671EDF /* InfiniteTableSwift.app */ = {isa = PBXFileReference; explicitFileType = wrapper.application; includeInIndex = 0; path = InfiniteTableSwift.app; sourceTree = BUILT_PRODUCTS_DIR; };
		14F535941C3A7E9C00671EDF /* AppDelegate.swift */ = {isa = PBXFileReference; lastKnownFileType = sourcecode.swift; path = AppDelegate.swift; sourceTree = "<group>"; };
		14F535961C3A7E9C00671EDF /* Assets.xcassets */ = {isa = PBXFileReference; lastKnownFileType = folder.assetcatalog; path = Assets.xcassets; sourceTree = "<group>"; };
		14F535991C3A7E9C00671EDF /* Base */ = {isa = PBXFileReference; lastKnownFileType = file.storyboard; name = Base; path = Base.lproj/LaunchScreen.storyboard; sourceTree = "<group>"; };
		14F5359B1C3A7E9C00671EDF /* Info.plist */ = {isa = PBXFileReference; lastKnownFileType = text.plist.xml; path = Info.plist; sourceTree = "<group>"; };
		14F5359F1C3A7EC000671EDF /* ViewController.swift */ = {isa = PBXFileReference; fileEncoding = 4; lastKnownFileType = sourcecode.swift; path = ViewController.swift; sourceTree = "<group>"; };
		14F7B07B1C3AB23000AE779F /* CollectionController.swift */ = {isa = PBXFileReference; fileEncoding = 4; lastKnownFileType = sourcecode.swift; path = CollectionController.swift; sourceTree = "<group>"; };
		14F848671CC667990052E4B0 /* DATASource.framework */ = {isa = PBXFileReference; explicitFileType = wrapper.framework; includeInIndex = 0; path = DATASource.framework; sourceTree = BUILT_PRODUCTS_DIR; };
		14F8486F1CC667BB0052E4B0 /* Info.plist */ = {isa = PBXFileReference; lastKnownFileType = text.plist.xml; path = Info.plist; sourceTree = "<group>"; };
		14F848701CC667D20052E4B0 /* DATASource.h */ = {isa = PBXFileReference; lastKnownFileType = sourcecode.c.h; path = DATASource.h; sourceTree = "<group>"; };
		14F8487D1CC668820052E4B0 /* DATASource.framework */ = {isa = PBXFileReference; explicitFileType = wrapper.framework; includeInIndex = 0; path = DATASource.framework; sourceTree = BUILT_PRODUCTS_DIR; };
/* End PBXFileReference section */

/* Begin PBXFrameworksBuildPhase section */
		1462057D1C3AB0E400D78FC5 /* Frameworks */ = {
			isa = PBXFrameworksBuildPhase;
			buildActionMask = 2147483647;
			files = (
				14C0226D1CC9036100CEFC40 /* DATAStack.framework in Frameworks */,
			);
			runOnlyForDeploymentPostprocessing = 0;
		};
		146D72A91AB782920058798C /* Frameworks */ = {
			isa = PBXFrameworksBuildPhase;
			buildActionMask = 2147483647;
			files = (
				14C022701CC9038700CEFC40 /* DATAStack.framework in Frameworks */,
			);
			runOnlyForDeploymentPostprocessing = 0;
		};
		149AF18D1C0EB9EF00BA0907 /* Frameworks */ = {
			isa = PBXFrameworksBuildPhase;
			buildActionMask = 2147483647;
			files = (
				14C022651CC9034E00CEFC40 /* DATAStack.framework in Frameworks */,
			);
			runOnlyForDeploymentPostprocessing = 0;
		};
		14F3A6771BE01B8400789E22 /* Frameworks */ = {
			isa = PBXFrameworksBuildPhase;
			buildActionMask = 2147483647;
			files = (
				14C022551CC9031700CEFC40 /* DATAStack.framework in Frameworks */,
			);
			runOnlyForDeploymentPostprocessing = 0;
		};
		14F3A68B1BE01B9200789E22 /* Frameworks */ = {
			isa = PBXFrameworksBuildPhase;
			buildActionMask = 2147483647;
			files = (
				14C022591CC9031F00CEFC40 /* DATAStack.framework in Frameworks */,
			);
			runOnlyForDeploymentPostprocessing = 0;
		};
		14F3A6A31BE01B9C00789E22 /* Frameworks */ = {
			isa = PBXFrameworksBuildPhase;
			buildActionMask = 2147483647;
			files = (
				14C0225D1CC9033B00CEFC40 /* DATAStack.framework in Frameworks */,
			);
			runOnlyForDeploymentPostprocessing = 0;
		};
		14F3A6B71BE01BA900789E22 /* Frameworks */ = {
			isa = PBXFrameworksBuildPhase;
			buildActionMask = 2147483647;
			files = (
				14C022611CC9034500CEFC40 /* DATAStack.framework in Frameworks */,
			);
			runOnlyForDeploymentPostprocessing = 0;
		};
		14F5358F1C3A7E9C00671EDF /* Frameworks */ = {
			isa = PBXFrameworksBuildPhase;
			buildActionMask = 2147483647;
			files = (
				14C022691CC9035800CEFC40 /* DATAStack.framework in Frameworks */,
			);
			runOnlyForDeploymentPostprocessing = 0;
		};
		14F848631CC667990052E4B0 /* Frameworks */ = {
			isa = PBXFrameworksBuildPhase;
			buildActionMask = 2147483647;
			files = (
			);
			runOnlyForDeploymentPostprocessing = 0;
		};
		14F848791CC668820052E4B0 /* Frameworks */ = {
			isa = PBXFrameworksBuildPhase;
			buildActionMask = 2147483647;
			files = (
			);
			runOnlyForDeploymentPostprocessing = 0;
		};
/* End PBXFrameworksBuildPhase section */

/* Begin PBXGroup section */
		14308A9B1CC66665000C21DF /* Source */ = {
			isa = PBXGroup;
			children = (
				14F848701CC667D20052E4B0 /* DATASource.h */,
				14308A9C1CC66665000C21DF /* DATASource+NSFetchedResultsControllerDelegate.swift */,
				14308A9D1CC66665000C21DF /* DATASource+UICollectionViewDataSource.swift */,
				14308A9E1CC66665000C21DF /* DATASource+UITableViewDataSource.swift */,
				14308A9F1CC66665000C21DF /* DATASource.swift */,
				14308AA01CC66665000C21DF /* DATASourceCollectionHeaderView.swift */,
				14308AA11CC66665000C21DF /* DATASourceDelegate.swift */,
			);
			path = Source;
			sourceTree = "<group>";
		};
		146205811C3AB0E400D78FC5 /* InfiniteCollectionSwift */ = {
			isa = PBXGroup;
			children = (
				146205821C3AB0E400D78FC5 /* AppDelegate.swift */,
				14F7B07B1C3AB23000AE779F /* CollectionController.swift */,
				146205841C3AB0E400D78FC5 /* Assets.xcassets */,
				146205861C3AB0E400D78FC5 /* LaunchScreen.storyboard */,
				146205891C3AB0E400D78FC5 /* Info.plist */,
			);
			path = InfiniteCollectionSwift;
			sourceTree = "<group>";
		};
		146D728A1AB782920058798C = {
			isa = PBXGroup;
			children = (
				14308A9B1CC66665000C21DF /* Source */,
				14C136501AB7849300B7B07A /* Metadata */,
				146D72AF1AB782920058798C /* Tests */,
				1498B6041C3BC9E80066FAC8 /* Library */,
				14F3A67B1BE01B8500789E22 /* CollectionSwift */,
				14F3A68F1BE01B9200789E22 /* CollectionObjC */,
				14F3A6A71BE01B9C00789E22 /* TableSwift */,
				14F3A6BB1BE01BA900789E22 /* TableObjC */,
				149AF1911C0EB9EF00BA0907 /* DATASourceDelegateTableSwift */,
				14F535931C3A7E9C00671EDF /* InfiniteTableSwift */,
				146205811C3AB0E400D78FC5 /* InfiniteCollectionSwift */,
				146D72941AB782920058798C /* Products */,
				AD64C6A3429E8A3FBFC3CF2D /* Frameworks */,
			);
			indentWidth = 4;
			sourceTree = "<group>";
			tabWidth = 4;
		};
		146D72941AB782920058798C /* Products */ = {
			isa = PBXGroup;
			children = (
				146D72AC1AB782920058798C /* Tests.xctest */,
				14F3A67A1BE01B8400789E22 /* CollectionSwift.app */,
				14F3A68E1BE01B9200789E22 /* CollectionObjC.app */,
				14F3A6A61BE01B9C00789E22 /* TableSwift.app */,
				14F3A6BA1BE01BA900789E22 /* TableObjC.app */,
				149AF1901C0EB9EF00BA0907 /* DATASourceDelegateTableSwift.app */,
				14F535921C3A7E9C00671EDF /* InfiniteTableSwift.app */,
				146205801C3AB0E400D78FC5 /* InfiniteCollectionSwift.app */,
				14F848671CC667990052E4B0 /* DATASource.framework */,
				14F8487D1CC668820052E4B0 /* DATASource.framework */,
			);
			name = Products;
			sourceTree = "<group>";
		};
		146D72AF1AB782920058798C /* Tests */ = {
			isa = PBXGroup;
			children = (
				14A139B31AEFC72B00AD732F /* Tests.swift */,
				146D72B01AB782920058798C /* Supporting Files */,
			);
			path = Tests;
			sourceTree = "<group>";
		};
		146D72B01AB782920058798C /* Supporting Files */ = {
			isa = PBXGroup;
			children = (
				146D72B11AB782920058798C /* Info.plist */,
			);
			name = "Supporting Files";
			sourceTree = "<group>";
		};
		1498B6041C3BC9E80066FAC8 /* Library */ = {
			isa = PBXGroup;
			children = (
				1498B6051C3BC9E80066FAC8 /* CollectionCell.swift */,
				1498B6061C3BC9E80066FAC8 /* DataModel.xcdatamodeld */,
				1498B6081C3BC9E80066FAC8 /* InfiniteLoadingIndicator.swift */,
			);
			path = Library;
			sourceTree = "<group>";
		};
		149AF1911C0EB9EF00BA0907 /* DATASourceDelegateTableSwift */ = {
			isa = PBXGroup;
			children = (
				149AF1921C0EB9EF00BA0907 /* AppDelegate.swift */,
				149AF1A01C0EBA0700BA0907 /* ViewController.swift */,
				149AF1971C0EB9EF00BA0907 /* Assets.xcassets */,
				149AF1991C0EB9EF00BA0907 /* LaunchScreen.storyboard */,
				149AF19C1C0EB9EF00BA0907 /* Info.plist */,
			);
			path = DATASourceDelegateTableSwift;
			sourceTree = "<group>";
		};
		14C136501AB7849300B7B07A /* Metadata */ = {
			isa = PBXGroup;
			children = (
				14C0AF7F1BD6D4230009ECBE /* .slather.yml */,
				14C0AF801BD6D4230009ECBE /* .travis.yml */,
				14C0AF811BD6D4230009ECBE /* CHANGELOG.md */,
				14C0AF821BD6D4230009ECBE /* CONTRIBUTING.md */,
				14C0AF831BD6D4230009ECBE /* README.md */,
				14F8486F1CC667BB0052E4B0 /* Info.plist */,
			);
			name = Metadata;
			sourceTree = "<group>";
		};
		14F3A67B1BE01B8500789E22 /* CollectionSwift */ = {
			isa = PBXGroup;
			children = (
				14F3A67C1BE01B8500789E22 /* AppDelegate.swift */,
				14F3A6E21BE01D9200789E22 /* CollectionController.swift */,
				14F3A6811BE01B8500789E22 /* Assets.xcassets */,
				14F3A6831BE01B8500789E22 /* LaunchScreen.storyboard */,
				14F3A6861BE01B8500789E22 /* Info.plist */,
			);
			path = CollectionSwift;
			sourceTree = "<group>";
		};
		14F3A68F1BE01B9200789E22 /* CollectionObjC */ = {
			isa = PBXGroup;
			children = (
				14F3A6931BE01B9200789E22 /* AppDelegate.h */,
				14F3A6941BE01B9200789E22 /* AppDelegate.m */,
				14F3A6D71BE01D6E00789E22 /* FooterExampleView.h */,
				14F3A6D81BE01D6E00789E22 /* FooterExampleView.m */,
				14F3A6DB1BE01D6E00789E22 /* ViewController.h */,
				14F3A6DC1BE01D6E00789E22 /* ViewController.m */,
				14F3A6991BE01B9200789E22 /* Assets.xcassets */,
				14F3A69B1BE01B9200789E22 /* LaunchScreen.storyboard */,
				14F3A69E1BE01B9200789E22 /* Info.plist */,
				14F3A6901BE01B9200789E22 /* Supporting Files */,
			);
			path = CollectionObjC;
			sourceTree = "<group>";
		};
		14F3A6901BE01B9200789E22 /* Supporting Files */ = {
			isa = PBXGroup;
			children = (
				14F3A6911BE01B9200789E22 /* main.m */,
			);
			name = "Supporting Files";
			sourceTree = "<group>";
		};
		14F3A6A71BE01B9C00789E22 /* TableSwift */ = {
			isa = PBXGroup;
			children = (
				14F3A6A81BE01B9C00789E22 /* AppDelegate.swift */,
				14F3A6E81BE01DE800789E22 /* ViewController.swift */,
				141D2EE31BE021500028F879 /* CustomCell.swift */,
				14F3A6AD1BE01B9C00789E22 /* Assets.xcassets */,
				14F3A6AF1BE01B9C00789E22 /* LaunchScreen.storyboard */,
				14F3A6B21BE01B9C00789E22 /* Info.plist */,
			);
			path = TableSwift;
			sourceTree = "<group>";
		};
		14F3A6BB1BE01BA900789E22 /* TableObjC */ = {
			isa = PBXGroup;
			children = (
				14F3A6BF1BE01BA900789E22 /* AppDelegate.h */,
				14F3A6C01BE01BA900789E22 /* AppDelegate.m */,
				14F3A6E51BE01DD000789E22 /* ViewController.h */,
				14F3A6E61BE01DD000789E22 /* ViewController.m */,
				14F3A6C51BE01BA900789E22 /* Assets.xcassets */,
				14F3A6C71BE01BA900789E22 /* LaunchScreen.storyboard */,
				14F3A6CA1BE01BA900789E22 /* Info.plist */,
				14F3A6BC1BE01BA900789E22 /* Supporting Files */,
			);
			path = TableObjC;
			sourceTree = "<group>";
		};
		14F3A6BC1BE01BA900789E22 /* Supporting Files */ = {
			isa = PBXGroup;
			children = (
				14F3A6BD1BE01BA900789E22 /* main.m */,
			);
			name = "Supporting Files";
			sourceTree = "<group>";
		};
		14F535931C3A7E9C00671EDF /* InfiniteTableSwift */ = {
			isa = PBXGroup;
			children = (
				14F535941C3A7E9C00671EDF /* AppDelegate.swift */,
				14F5359F1C3A7EC000671EDF /* ViewController.swift */,
				14F535961C3A7E9C00671EDF /* Assets.xcassets */,
				14F535981C3A7E9C00671EDF /* LaunchScreen.storyboard */,
				14F5359B1C3A7E9C00671EDF /* Info.plist */,
			);
			path = InfiniteTableSwift;
			sourceTree = "<group>";
		};
		AD64C6A3429E8A3FBFC3CF2D /* Frameworks */ = {
			isa = PBXGroup;
			children = (
				14C022581CC9031F00CEFC40 /* DATAStack.framework */,
				149EE8791CC916DB002739BA /* DATAStack.framework */,
				14C022541CC9031700CEFC40 /* DATAStack.framework */,
				14C0225C1CC9033B00CEFC40 /* DATAStack.framework */,
				14C022601CC9034500CEFC40 /* DATAStack.framework */,
				14C022641CC9034E00CEFC40 /* DATAStack.framework */,
				14C022681CC9035800CEFC40 /* DATAStack.framework */,
				14C0226C1CC9036100CEFC40 /* DATAStack.framework */,
			);
			name = Frameworks;
			sourceTree = "<group>";
		};
/* End PBXGroup section */

/* Begin PBXHeadersBuildPhase section */
		14F848641CC667990052E4B0 /* Headers */ = {
			isa = PBXHeadersBuildPhase;
			buildActionMask = 2147483647;
			files = (
				14F848711CC6686B0052E4B0 /* DATASource.h in Headers */,
			);
			runOnlyForDeploymentPostprocessing = 0;
		};
		14F8487A1CC668820052E4B0 /* Headers */ = {
			isa = PBXHeadersBuildPhase;
			buildActionMask = 2147483647;
			files = (
				14F848851CC668B10052E4B0 /* DATASource.h in Headers */,
			);
			runOnlyForDeploymentPostprocessing = 0;
		};
/* End PBXHeadersBuildPhase section */

/* Begin PBXNativeTarget section */
		1462057F1C3AB0E400D78FC5 /* InfiniteCollectionSwift */ = {
			isa = PBXNativeTarget;
			buildConfigurationList = 1462058C1C3AB0E400D78FC5 /* Build configuration list for PBXNativeTarget "InfiniteCollectionSwift" */;
			buildPhases = (
				1462057C1C3AB0E400D78FC5 /* Sources */,
				1462057D1C3AB0E400D78FC5 /* Frameworks */,
				1462057E1C3AB0E400D78FC5 /* Resources */,
				14C0226F1CC9036200CEFC40 /* Embed Frameworks */,
			);
			buildRules = (
			);
			dependencies = (
			);
			name = InfiniteCollectionSwift;
			productName = InfiniteCollectionSwift;
			productReference = 146205801C3AB0E400D78FC5 /* InfiniteCollectionSwift.app */;
			productType = "com.apple.product-type.application";
		};
		146D72AB1AB782920058798C /* Tests */ = {
			isa = PBXNativeTarget;
			buildConfigurationList = 146D72B91AB782920058798C /* Build configuration list for PBXNativeTarget "Tests" */;
			buildPhases = (
				146D72A81AB782920058798C /* Sources */,
				146D72A91AB782920058798C /* Frameworks */,
				146D72AA1AB782920058798C /* Resources */,
				149EE8781CC916B5002739BA /* CopyFiles */,
			);
			buildRules = (
			);
			dependencies = (
			);
			name = Tests;
			productName = PodTests;
			productReference = 146D72AC1AB782920058798C /* Tests.xctest */;
			productType = "com.apple.product-type.bundle.unit-test";
		};
		149AF18F1C0EB9EF00BA0907 /* DATASourceDelegateTableSwift */ = {
			isa = PBXNativeTarget;
			buildConfigurationList = 149AF19F1C0EB9EF00BA0907 /* Build configuration list for PBXNativeTarget "DATASourceDelegateTableSwift" */;
			buildPhases = (
				149AF18C1C0EB9EF00BA0907 /* Sources */,
				149AF18D1C0EB9EF00BA0907 /* Frameworks */,
				149AF18E1C0EB9EF00BA0907 /* Resources */,
				14C022671CC9034E00CEFC40 /* Embed Frameworks */,
			);
			buildRules = (
			);
			dependencies = (
			);
			name = DATASourceDelegateTableSwift;
			productName = DATASourceDelegateTableSwift;
			productReference = 149AF1901C0EB9EF00BA0907 /* DATASourceDelegateTableSwift.app */;
			productType = "com.apple.product-type.application";
		};
		14F3A6791BE01B8400789E22 /* CollectionSwift */ = {
			isa = PBXNativeTarget;
			buildConfigurationList = 14F3A6891BE01B8500789E22 /* Build configuration list for PBXNativeTarget "CollectionSwift" */;
			buildPhases = (
				14F3A6761BE01B8400789E22 /* Sources */,
				14F3A6771BE01B8400789E22 /* Frameworks */,
				14F3A6781BE01B8400789E22 /* Resources */,
				14C022571CC9031700CEFC40 /* Embed Frameworks */,
			);
			buildRules = (
			);
			dependencies = (
			);
			name = CollectionSwift;
			productName = CollectionSwift;
			productReference = 14F3A67A1BE01B8400789E22 /* CollectionSwift.app */;
			productType = "com.apple.product-type.application";
		};
		14F3A68D1BE01B9200789E22 /* CollectionObjC */ = {
			isa = PBXNativeTarget;
			buildConfigurationList = 14F3A69F1BE01B9200789E22 /* Build configuration list for PBXNativeTarget "CollectionObjC" */;
			buildPhases = (
				14F3A68A1BE01B9200789E22 /* Sources */,
				14F3A68B1BE01B9200789E22 /* Frameworks */,
				14F3A68C1BE01B9200789E22 /* Resources */,
				14C0225B1CC9031F00CEFC40 /* Embed Frameworks */,
			);
			buildRules = (
			);
			dependencies = (
			);
			name = CollectionObjC;
			productName = CollectionObjC;
			productReference = 14F3A68E1BE01B9200789E22 /* CollectionObjC.app */;
			productType = "com.apple.product-type.application";
		};
		14F3A6A51BE01B9C00789E22 /* TableSwift */ = {
			isa = PBXNativeTarget;
			buildConfigurationList = 14F3A6B31BE01B9C00789E22 /* Build configuration list for PBXNativeTarget "TableSwift" */;
			buildPhases = (
				14F3A6A21BE01B9C00789E22 /* Sources */,
				14F3A6A31BE01B9C00789E22 /* Frameworks */,
				14F3A6A41BE01B9C00789E22 /* Resources */,
				14C0225F1CC9033C00CEFC40 /* Embed Frameworks */,
			);
			buildRules = (
			);
			dependencies = (
			);
			name = TableSwift;
			productName = TableSwift;
			productReference = 14F3A6A61BE01B9C00789E22 /* TableSwift.app */;
			productType = "com.apple.product-type.application";
		};
		14F3A6B91BE01BA900789E22 /* TableObjC */ = {
			isa = PBXNativeTarget;
			buildConfigurationList = 14F3A6CB1BE01BA900789E22 /* Build configuration list for PBXNativeTarget "TableObjC" */;
			buildPhases = (
				14F3A6B61BE01BA900789E22 /* Sources */,
				14F3A6B71BE01BA900789E22 /* Frameworks */,
				14F3A6B81BE01BA900789E22 /* Resources */,
				14C022631CC9034500CEFC40 /* Embed Frameworks */,
			);
			buildRules = (
			);
			dependencies = (
			);
			name = TableObjC;
			productName = TableObjC;
			productReference = 14F3A6BA1BE01BA900789E22 /* TableObjC.app */;
			productType = "com.apple.product-type.application";
		};
		14F535911C3A7E9C00671EDF /* InfiniteTableSwift */ = {
			isa = PBXNativeTarget;
			buildConfigurationList = 14F5359E1C3A7E9C00671EDF /* Build configuration list for PBXNativeTarget "InfiniteTableSwift" */;
			buildPhases = (
				14F5358E1C3A7E9C00671EDF /* Sources */,
				14F5358F1C3A7E9C00671EDF /* Frameworks */,
				14F535901C3A7E9C00671EDF /* Resources */,
				14C0226B1CC9035800CEFC40 /* Embed Frameworks */,
			);
			buildRules = (
			);
			dependencies = (
			);
			name = InfiniteTableSwift;
			productName = InfiniteTableSwift;
			productReference = 14F535921C3A7E9C00671EDF /* InfiniteTableSwift.app */;
			productType = "com.apple.product-type.application";
		};
		14F848661CC667990052E4B0 /* DATASource-iOS */ = {
			isa = PBXNativeTarget;
			buildConfigurationList = 14F8486E1CC667990052E4B0 /* Build configuration list for PBXNativeTarget "DATASource-iOS" */;
			buildPhases = (
				14F848621CC667990052E4B0 /* Sources */,
				14F848631CC667990052E4B0 /* Frameworks */,
				14F848641CC667990052E4B0 /* Headers */,
				14F848651CC667990052E4B0 /* Resources */,
			);
			buildRules = (
			);
			dependencies = (
			);
			name = "DATASource-iOS";
			productName = "DATASource-iOS";
			productReference = 14F848671CC667990052E4B0 /* DATASource.framework */;
			productType = "com.apple.product-type.framework";
		};
		14F8487C1CC668820052E4B0 /* DATASource-tvOS */ = {
			isa = PBXNativeTarget;
			buildConfigurationList = 14F848821CC668820052E4B0 /* Build configuration list for PBXNativeTarget "DATASource-tvOS" */;
			buildPhases = (
				14F848781CC668820052E4B0 /* Sources */,
				14F848791CC668820052E4B0 /* Frameworks */,
				14F8487A1CC668820052E4B0 /* Headers */,
				14F8487B1CC668820052E4B0 /* Resources */,
			);
			buildRules = (
			);
			dependencies = (
			);
			name = "DATASource-tvOS";
			productName = "DATASource-tvOS";
			productReference = 14F8487D1CC668820052E4B0 /* DATASource.framework */;
			productType = "com.apple.product-type.framework";
		};
/* End PBXNativeTarget section */

/* Begin PBXProject section */
		146D728B1AB782920058798C /* Project object */ = {
			isa = PBXProject;
			attributes = {
				CLASSPREFIX = "";
				LastSwiftUpdateCheck = 0720;
				LastUpgradeCheck = 0700;
				ORGANIZATIONNAME = "";
				TargetAttributes = {
					1462057F1C3AB0E400D78FC5 = {
						CreatedOnToolsVersion = 7.2;
					};
					146D72AB1AB782920058798C = {
						CreatedOnToolsVersion = 6.2;
					};
					149AF18F1C0EB9EF00BA0907 = {
						CreatedOnToolsVersion = 7.1;
					};
					14F3A6791BE01B8400789E22 = {
						CreatedOnToolsVersion = 7.1;
					};
					14F3A68D1BE01B9200789E22 = {
						CreatedOnToolsVersion = 7.1;
					};
					14F3A6A51BE01B9C00789E22 = {
						CreatedOnToolsVersion = 7.1;
					};
					14F3A6B91BE01BA900789E22 = {
						CreatedOnToolsVersion = 7.1;
					};
					14F535911C3A7E9C00671EDF = {
						CreatedOnToolsVersion = 7.2;
					};
					14F848661CC667990052E4B0 = {
						CreatedOnToolsVersion = 7.3;
					};
					14F8487C1CC668820052E4B0 = {
						CreatedOnToolsVersion = 7.3;
					};
				};
			};
			buildConfigurationList = 146D728E1AB782920058798C /* Build configuration list for PBXProject "Demo" */;
			compatibilityVersion = "Xcode 3.2";
			developmentRegion = English;
			hasScannedForEncodings = 0;
			knownRegions = (
				en,
				Base,
			);
			mainGroup = 146D728A1AB782920058798C;
			productRefGroup = 146D72941AB782920058798C /* Products */;
			projectDirPath = "";
			projectRoot = "";
			targets = (
				146D72AB1AB782920058798C /* Tests */,
				14F3A6791BE01B8400789E22 /* CollectionSwift */,
				14F3A68D1BE01B9200789E22 /* CollectionObjC */,
				14F3A6A51BE01B9C00789E22 /* TableSwift */,
				14F3A6B91BE01BA900789E22 /* TableObjC */,
				149AF18F1C0EB9EF00BA0907 /* DATASourceDelegateTableSwift */,
				14F535911C3A7E9C00671EDF /* InfiniteTableSwift */,
				1462057F1C3AB0E400D78FC5 /* InfiniteCollectionSwift */,
				14F848661CC667990052E4B0 /* DATASource-iOS */,
				14F8487C1CC668820052E4B0 /* DATASource-tvOS */,
			);
		};
/* End PBXProject section */

/* Begin PBXResourcesBuildPhase section */
		1462057E1C3AB0E400D78FC5 /* Resources */ = {
			isa = PBXResourcesBuildPhase;
			buildActionMask = 2147483647;
			files = (
				146205851C3AB0E400D78FC5 /* Assets.xcassets in Resources */,
				146205881C3AB0E400D78FC5 /* LaunchScreen.storyboard in Resources */,
			);
			runOnlyForDeploymentPostprocessing = 0;
		};
		146D72AA1AB782920058798C /* Resources */ = {
			isa = PBXResourcesBuildPhase;
			buildActionMask = 2147483647;
			files = (
			);
			runOnlyForDeploymentPostprocessing = 0;
		};
		149AF18E1C0EB9EF00BA0907 /* Resources */ = {
			isa = PBXResourcesBuildPhase;
			buildActionMask = 2147483647;
			files = (
				149AF1981C0EB9EF00BA0907 /* Assets.xcassets in Resources */,
				149AF19B1C0EB9EF00BA0907 /* LaunchScreen.storyboard in Resources */,
			);
			runOnlyForDeploymentPostprocessing = 0;
		};
		14F3A6781BE01B8400789E22 /* Resources */ = {
			isa = PBXResourcesBuildPhase;
			buildActionMask = 2147483647;
			files = (
				14F3A6821BE01B8500789E22 /* Assets.xcassets in Resources */,
				14F3A6851BE01B8500789E22 /* LaunchScreen.storyboard in Resources */,
			);
			runOnlyForDeploymentPostprocessing = 0;
		};
		14F3A68C1BE01B9200789E22 /* Resources */ = {
			isa = PBXResourcesBuildPhase;
			buildActionMask = 2147483647;
			files = (
				14F3A69A1BE01B9200789E22 /* Assets.xcassets in Resources */,
				14F3A69D1BE01B9200789E22 /* LaunchScreen.storyboard in Resources */,
			);
			runOnlyForDeploymentPostprocessing = 0;
		};
		14F3A6A41BE01B9C00789E22 /* Resources */ = {
			isa = PBXResourcesBuildPhase;
			buildActionMask = 2147483647;
			files = (
				14F3A6AE1BE01B9C00789E22 /* Assets.xcassets in Resources */,
				14F3A6B11BE01B9C00789E22 /* LaunchScreen.storyboard in Resources */,
			);
			runOnlyForDeploymentPostprocessing = 0;
		};
		14F3A6B81BE01BA900789E22 /* Resources */ = {
			isa = PBXResourcesBuildPhase;
			buildActionMask = 2147483647;
			files = (
				14F3A6C61BE01BA900789E22 /* Assets.xcassets in Resources */,
				14F3A6C91BE01BA900789E22 /* LaunchScreen.storyboard in Resources */,
			);
			runOnlyForDeploymentPostprocessing = 0;
		};
		14F535901C3A7E9C00671EDF /* Resources */ = {
			isa = PBXResourcesBuildPhase;
			buildActionMask = 2147483647;
			files = (
				14F535971C3A7E9C00671EDF /* Assets.xcassets in Resources */,
				14F5359A1C3A7E9C00671EDF /* LaunchScreen.storyboard in Resources */,
			);
			runOnlyForDeploymentPostprocessing = 0;
		};
		14F848651CC667990052E4B0 /* Resources */ = {
			isa = PBXResourcesBuildPhase;
			buildActionMask = 2147483647;
			files = (
			);
			runOnlyForDeploymentPostprocessing = 0;
		};
		14F8487B1CC668820052E4B0 /* Resources */ = {
			isa = PBXResourcesBuildPhase;
			buildActionMask = 2147483647;
			files = (
			);
			runOnlyForDeploymentPostprocessing = 0;
		};
/* End PBXResourcesBuildPhase section */

/* Begin PBXSourcesBuildPhase section */
		1462057C1C3AB0E400D78FC5 /* Sources */ = {
			isa = PBXSourcesBuildPhase;
			buildActionMask = 2147483647;
			files = (
				14308AC91CC66665000C21DF /* DATASourceCollectionHeaderView.swift in Sources */,
				146205831C3AB0E400D78FC5 /* AppDelegate.swift in Sources */,
				14308AA91CC66665000C21DF /* DATASource+NSFetchedResultsControllerDelegate.swift in Sources */,
				1498B6161C3BC9E80066FAC8 /* DataModel.xcdatamodeld in Sources */,
				14308AB91CC66665000C21DF /* DATASource+UITableViewDataSource.swift in Sources */,
				14308AD11CC66665000C21DF /* DATASourceDelegate.swift in Sources */,
				14308AC11CC66665000C21DF /* DATASource.swift in Sources */,
				14F7B07C1C3AB23000AE779F /* CollectionController.swift in Sources */,
				1498B61D1C3BC9E80066FAC8 /* InfiniteLoadingIndicator.swift in Sources */,
				14308AB11CC66665000C21DF /* DATASource+UICollectionViewDataSource.swift in Sources */,
				1498B60F1C3BC9E80066FAC8 /* CollectionCell.swift in Sources */,
			);
			runOnlyForDeploymentPostprocessing = 0;
		};
		146D72A81AB782920058798C /* Sources */ = {
			isa = PBXSourcesBuildPhase;
			buildActionMask = 2147483647;
			files = (
				14308AAA1CC66665000C21DF /* DATASource+UICollectionViewDataSource.swift in Sources */,
				14AFFAF11C3C00E3001AD02C /* DataModel.xcdatamodeld in Sources */,
				14AFFAF21C3C00E5001AD02C /* InfiniteLoadingIndicator.swift in Sources */,
				14308AC21CC66665000C21DF /* DATASourceCollectionHeaderView.swift in Sources */,
				14308AB21CC66665000C21DF /* DATASource+UITableViewDataSource.swift in Sources */,
				14308AA21CC66665000C21DF /* DATASource+NSFetchedResultsControllerDelegate.swift in Sources */,
				14A139B41AEFC72B00AD732F /* Tests.swift in Sources */,
				14308ACA1CC66665000C21DF /* DATASourceDelegate.swift in Sources */,
				14308ABA1CC66665000C21DF /* DATASource.swift in Sources */,
				14AFFAF01C3C00E0001AD02C /* CollectionCell.swift in Sources */,
			);
			runOnlyForDeploymentPostprocessing = 0;
		};
		149AF18C1C0EB9EF00BA0907 /* Sources */ = {
			isa = PBXSourcesBuildPhase;
			buildActionMask = 2147483647;
			files = (
				14308AC71CC66665000C21DF /* DATASourceCollectionHeaderView.swift in Sources */,
				149AF1A11C0EBA0700BA0907 /* ViewController.swift in Sources */,
				14308AA71CC66665000C21DF /* DATASource+NSFetchedResultsControllerDelegate.swift in Sources */,
				1498B6141C3BC9E80066FAC8 /* DataModel.xcdatamodeld in Sources */,
				14308AB71CC66665000C21DF /* DATASource+UITableViewDataSource.swift in Sources */,
				14308ACF1CC66665000C21DF /* DATASourceDelegate.swift in Sources */,
				14308ABF1CC66665000C21DF /* DATASource.swift in Sources */,
				149AF1931C0EB9EF00BA0907 /* AppDelegate.swift in Sources */,
				1498B61B1C3BC9E80066FAC8 /* InfiniteLoadingIndicator.swift in Sources */,
				14308AAF1CC66665000C21DF /* DATASource+UICollectionViewDataSource.swift in Sources */,
				1498B60D1C3BC9E80066FAC8 /* CollectionCell.swift in Sources */,
			);
			runOnlyForDeploymentPostprocessing = 0;
		};
		14F3A6761BE01B8400789E22 /* Sources */ = {
			isa = PBXSourcesBuildPhase;
			buildActionMask = 2147483647;
			files = (
				14308AC31CC66665000C21DF /* DATASourceCollectionHeaderView.swift in Sources */,
				14F3A67D1BE01B8500789E22 /* AppDelegate.swift in Sources */,
				14308AA31CC66665000C21DF /* DATASource+NSFetchedResultsControllerDelegate.swift in Sources */,
				1498B6101C3BC9E80066FAC8 /* DataModel.xcdatamodeld in Sources */,
				14308AB31CC66665000C21DF /* DATASource+UITableViewDataSource.swift in Sources */,
				14308ACB1CC66665000C21DF /* DATASourceDelegate.swift in Sources */,
				14308ABB1CC66665000C21DF /* DATASource.swift in Sources */,
				14F3A6E41BE01D9200789E22 /* CollectionController.swift in Sources */,
				1498B6171C3BC9E80066FAC8 /* InfiniteLoadingIndicator.swift in Sources */,
				14308AAB1CC66665000C21DF /* DATASource+UICollectionViewDataSource.swift in Sources */,
				1498B6091C3BC9E80066FAC8 /* CollectionCell.swift in Sources */,
			);
			runOnlyForDeploymentPostprocessing = 0;
		};
		14F3A68A1BE01B9200789E22 /* Sources */ = {
			isa = PBXSourcesBuildPhase;
			buildActionMask = 2147483647;
			files = (
				14F3A6E01BE01D6E00789E22 /* ViewController.m in Sources */,
				14308AB41CC66665000C21DF /* DATASource+UITableViewDataSource.swift in Sources */,
				14308AA41CC66665000C21DF /* DATASource+NSFetchedResultsControllerDelegate.swift in Sources */,
				14F3A6951BE01B9200789E22 /* AppDelegate.m in Sources */,
				14F3A6921BE01B9200789E22 /* main.m in Sources */,
				1498B6111C3BC9E80066FAC8 /* DataModel.xcdatamodeld in Sources */,
				14308AC41CC66665000C21DF /* DATASourceCollectionHeaderView.swift in Sources */,
				14F3A6DE1BE01D6E00789E22 /* FooterExampleView.m in Sources */,
				14308AAC1CC66665000C21DF /* DATASource+UICollectionViewDataSource.swift in Sources */,
				14308ABC1CC66665000C21DF /* DATASource.swift in Sources */,
				1498B6181C3BC9E80066FAC8 /* InfiniteLoadingIndicator.swift in Sources */,
				1498B60A1C3BC9E80066FAC8 /* CollectionCell.swift in Sources */,
				14308ACC1CC66665000C21DF /* DATASourceDelegate.swift in Sources */,
			);
			runOnlyForDeploymentPostprocessing = 0;
		};
		14F3A6A21BE01B9C00789E22 /* Sources */ = {
			isa = PBXSourcesBuildPhase;
			buildActionMask = 2147483647;
			files = (
				14308AB51CC66665000C21DF /* DATASource+UITableViewDataSource.swift in Sources */,
				14308ACD1CC66665000C21DF /* DATASourceDelegate.swift in Sources */,
				14308AA51CC66665000C21DF /* DATASource+NSFetchedResultsControllerDelegate.swift in Sources */,
				14F3A6E91BE01DE800789E22 /* ViewController.swift in Sources */,
				1498B6121C3BC9E80066FAC8 /* DataModel.xcdatamodeld in Sources */,
				14308ABD1CC66665000C21DF /* DATASource.swift in Sources */,
				141D2EE41BE021500028F879 /* CustomCell.swift in Sources */,
				14308AAD1CC66665000C21DF /* DATASource+UICollectionViewDataSource.swift in Sources */,
				14F3A6A91BE01B9C00789E22 /* AppDelegate.swift in Sources */,
				1498B60B1C3BC9E80066FAC8 /* CollectionCell.swift in Sources */,
				1498B6191C3BC9E80066FAC8 /* InfiniteLoadingIndicator.swift in Sources */,
				14308AC51CC66665000C21DF /* DATASourceCollectionHeaderView.swift in Sources */,
			);
			runOnlyForDeploymentPostprocessing = 0;
		};
		14F3A6B61BE01BA900789E22 /* Sources */ = {
			isa = PBXSourcesBuildPhase;
			buildActionMask = 2147483647;
			files = (
				14308AB61CC66665000C21DF /* DATASource+UITableViewDataSource.swift in Sources */,
				14308ACE1CC66665000C21DF /* DATASourceDelegate.swift in Sources */,
				14308AA61CC66665000C21DF /* DATASource+NSFetchedResultsControllerDelegate.swift in Sources */,
				14F3A6C11BE01BA900789E22 /* AppDelegate.m in Sources */,
				1498B6131C3BC9E80066FAC8 /* DataModel.xcdatamodeld in Sources */,
				14308ABE1CC66665000C21DF /* DATASource.swift in Sources */,
				14F3A6E71BE01DD000789E22 /* ViewController.m in Sources */,
				14308AAE1CC66665000C21DF /* DATASource+UICollectionViewDataSource.swift in Sources */,
				14F3A6BE1BE01BA900789E22 /* main.m in Sources */,
				1498B60C1C3BC9E80066FAC8 /* CollectionCell.swift in Sources */,
				1498B61A1C3BC9E80066FAC8 /* InfiniteLoadingIndicator.swift in Sources */,
				14308AC61CC66665000C21DF /* DATASourceCollectionHeaderView.swift in Sources */,
			);
			runOnlyForDeploymentPostprocessing = 0;
		};
		14F5358E1C3A7E9C00671EDF /* Sources */ = {
			isa = PBXSourcesBuildPhase;
			buildActionMask = 2147483647;
			files = (
				14308AC81CC66665000C21DF /* DATASourceCollectionHeaderView.swift in Sources */,
				14F535A01C3A7EC000671EDF /* ViewController.swift in Sources */,
				14308AA81CC66665000C21DF /* DATASource+NSFetchedResultsControllerDelegate.swift in Sources */,
				1498B6151C3BC9E80066FAC8 /* DataModel.xcdatamodeld in Sources */,
				14308AB81CC66665000C21DF /* DATASource+UITableViewDataSource.swift in Sources */,
				14308AD01CC66665000C21DF /* DATASourceDelegate.swift in Sources */,
				14308AC01CC66665000C21DF /* DATASource.swift in Sources */,
				14F535951C3A7E9C00671EDF /* AppDelegate.swift in Sources */,
				1498B61C1C3BC9E80066FAC8 /* InfiniteLoadingIndicator.swift in Sources */,
				14308AB01CC66665000C21DF /* DATASource+UICollectionViewDataSource.swift in Sources */,
				1498B60E1C3BC9E80066FAC8 /* CollectionCell.swift in Sources */,
			);
			runOnlyForDeploymentPostprocessing = 0;
		};
		14F848621CC667990052E4B0 /* Sources */ = {
			isa = PBXSourcesBuildPhase;
			buildActionMask = 2147483647;
			files = (
				14F848721CC668700052E4B0 /* DATASource+NSFetchedResultsControllerDelegate.swift in Sources */,
				14F848731CC668700052E4B0 /* DATASource+UICollectionViewDataSource.swift in Sources */,
				14F848741CC668700052E4B0 /* DATASource+UITableViewDataSource.swift in Sources */,
				14F848751CC668700052E4B0 /* DATASource.swift in Sources */,
				14F848761CC668700052E4B0 /* DATASourceCollectionHeaderView.swift in Sources */,
				14F848771CC668700052E4B0 /* DATASourceDelegate.swift in Sources */,
			);
			runOnlyForDeploymentPostprocessing = 0;
		};
		14F848781CC668820052E4B0 /* Sources */ = {
			isa = PBXSourcesBuildPhase;
			buildActionMask = 2147483647;
			files = (
				14F848861CC668B60052E4B0 /* DATASource+NSFetchedResultsControllerDelegate.swift in Sources */,
				14F848871CC668B60052E4B0 /* DATASource+UICollectionViewDataSource.swift in Sources */,
				14F848881CC668B60052E4B0 /* DATASource+UITableViewDataSource.swift in Sources */,
				14F848891CC668B60052E4B0 /* DATASource.swift in Sources */,
				14F8488A1CC668B60052E4B0 /* DATASourceCollectionHeaderView.swift in Sources */,
				14F8488B1CC668B60052E4B0 /* DATASourceDelegate.swift in Sources */,
			);
			runOnlyForDeploymentPostprocessing = 0;
		};
/* End PBXSourcesBuildPhase section */

/* Begin PBXVariantGroup section */
		146205861C3AB0E400D78FC5 /* LaunchScreen.storyboard */ = {
			isa = PBXVariantGroup;
			children = (
				146205871C3AB0E400D78FC5 /* Base */,
			);
			name = LaunchScreen.storyboard;
			sourceTree = "<group>";
		};
		149AF1991C0EB9EF00BA0907 /* LaunchScreen.storyboard */ = {
			isa = PBXVariantGroup;
			children = (
				149AF19A1C0EB9EF00BA0907 /* Base */,
			);
			name = LaunchScreen.storyboard;
			sourceTree = "<group>";
		};
		14F3A6831BE01B8500789E22 /* LaunchScreen.storyboard */ = {
			isa = PBXVariantGroup;
			children = (
				14F3A6841BE01B8500789E22 /* Base */,
			);
			name = LaunchScreen.storyboard;
			sourceTree = "<group>";
		};
		14F3A69B1BE01B9200789E22 /* LaunchScreen.storyboard */ = {
			isa = PBXVariantGroup;
			children = (
				14F3A69C1BE01B9200789E22 /* Base */,
			);
			name = LaunchScreen.storyboard;
			sourceTree = "<group>";
		};
		14F3A6AF1BE01B9C00789E22 /* LaunchScreen.storyboard */ = {
			isa = PBXVariantGroup;
			children = (
				14F3A6B01BE01B9C00789E22 /* Base */,
			);
			name = LaunchScreen.storyboard;
			sourceTree = "<group>";
		};
		14F3A6C71BE01BA900789E22 /* LaunchScreen.storyboard */ = {
			isa = PBXVariantGroup;
			children = (
				14F3A6C81BE01BA900789E22 /* Base */,
			);
			name = LaunchScreen.storyboard;
			sourceTree = "<group>";
		};
		14F535981C3A7E9C00671EDF /* LaunchScreen.storyboard */ = {
			isa = PBXVariantGroup;
			children = (
				14F535991C3A7E9C00671EDF /* Base */,
			);
			name = LaunchScreen.storyboard;
			sourceTree = "<group>";
		};
/* End PBXVariantGroup section */

/* Begin XCBuildConfiguration section */
		1462058A1C3AB0E400D78FC5 /* Debug */ = {
			isa = XCBuildConfiguration;
			buildSettings = {
				ASSETCATALOG_COMPILER_APPICON_NAME = AppIcon;
				DEBUG_INFORMATION_FORMAT = dwarf;
				FRAMEWORK_SEARCH_PATHS = (
					"$(inherited)",
					"$(PROJECT_DIR)/Carthage/Build/iOS",
				);
				GCC_NO_COMMON_BLOCKS = YES;
				INFOPLIST_FILE = InfiniteCollectionSwift/Info.plist;
				IPHONEOS_DEPLOYMENT_TARGET = 9.2;
				LD_RUNPATH_SEARCH_PATHS = "$(inherited) @executable_path/Frameworks";
				PRODUCT_BUNDLE_IDENTIFIER = com.demo.InfiniteCollectionSwift;
				PRODUCT_NAME = "$(TARGET_NAME)";
				SWIFT_OPTIMIZATION_LEVEL = "-Onone";
			};
			name = Debug;
		};
		1462058B1C3AB0E400D78FC5 /* Release */ = {
			isa = XCBuildConfiguration;
			buildSettings = {
				ASSETCATALOG_COMPILER_APPICON_NAME = AppIcon;
				DEBUG_INFORMATION_FORMAT = "dwarf-with-dsym";
				FRAMEWORK_SEARCH_PATHS = (
					"$(inherited)",
					"$(PROJECT_DIR)/Carthage/Build/iOS",
				);
				GCC_NO_COMMON_BLOCKS = YES;
				INFOPLIST_FILE = InfiniteCollectionSwift/Info.plist;
				IPHONEOS_DEPLOYMENT_TARGET = 9.2;
				LD_RUNPATH_SEARCH_PATHS = "$(inherited) @executable_path/Frameworks";
				PRODUCT_BUNDLE_IDENTIFIER = com.demo.InfiniteCollectionSwift;
				PRODUCT_NAME = "$(TARGET_NAME)";
			};
			name = Release;
		};
		146D72B41AB782920058798C /* Debug */ = {
			isa = XCBuildConfiguration;
			buildSettings = {
				ALWAYS_SEARCH_USER_PATHS = NO;
				CLANG_CXX_LANGUAGE_STANDARD = "gnu++0x";
				CLANG_CXX_LIBRARY = "libc++";
				CLANG_ENABLE_MODULES = YES;
				CLANG_ENABLE_OBJC_ARC = YES;
				CLANG_WARN_BOOL_CONVERSION = YES;
				CLANG_WARN_CONSTANT_CONVERSION = YES;
				CLANG_WARN_DIRECT_OBJC_ISA_USAGE = YES_ERROR;
				CLANG_WARN_EMPTY_BODY = YES;
				CLANG_WARN_ENUM_CONVERSION = YES;
				CLANG_WARN_INT_CONVERSION = YES;
				CLANG_WARN_OBJC_ROOT_CLASS = YES_ERROR;
				CLANG_WARN_UNREACHABLE_CODE = YES;
				CLANG_WARN__DUPLICATE_METHOD_MATCH = YES;
				"CODE_SIGN_IDENTITY[sdk=iphoneos*]" = "iPhone Developer";
				COPY_PHASE_STRIP = NO;
				ENABLE_STRICT_OBJC_MSGSEND = YES;
				ENABLE_TESTABILITY = YES;
				GCC_C_LANGUAGE_STANDARD = gnu99;
				GCC_DYNAMIC_NO_PIC = NO;
				GCC_OPTIMIZATION_LEVEL = 0;
				GCC_PREPROCESSOR_DEFINITIONS = (
					"DEBUG=1",
					"$(inherited)",
				);
				GCC_SYMBOLS_PRIVATE_EXTERN = NO;
				GCC_WARN_64_TO_32_BIT_CONVERSION = YES;
				GCC_WARN_ABOUT_RETURN_TYPE = YES_ERROR;
				GCC_WARN_UNDECLARED_SELECTOR = YES;
				GCC_WARN_UNINITIALIZED_AUTOS = YES_AGGRESSIVE;
				GCC_WARN_UNUSED_FUNCTION = YES;
				GCC_WARN_UNUSED_VARIABLE = YES;
				IPHONEOS_DEPLOYMENT_TARGET = 8.0;
				MTL_ENABLE_DEBUG_INFO = YES;
				ONLY_ACTIVE_ARCH = YES;
				SDKROOT = iphoneos;
			};
			name = Debug;
		};
		146D72B51AB782920058798C /* Release */ = {
			isa = XCBuildConfiguration;
			buildSettings = {
				ALWAYS_SEARCH_USER_PATHS = NO;
				CLANG_CXX_LANGUAGE_STANDARD = "gnu++0x";
				CLANG_CXX_LIBRARY = "libc++";
				CLANG_ENABLE_MODULES = YES;
				CLANG_ENABLE_OBJC_ARC = YES;
				CLANG_WARN_BOOL_CONVERSION = YES;
				CLANG_WARN_CONSTANT_CONVERSION = YES;
				CLANG_WARN_DIRECT_OBJC_ISA_USAGE = YES_ERROR;
				CLANG_WARN_EMPTY_BODY = YES;
				CLANG_WARN_ENUM_CONVERSION = YES;
				CLANG_WARN_INT_CONVERSION = YES;
				CLANG_WARN_OBJC_ROOT_CLASS = YES_ERROR;
				CLANG_WARN_UNREACHABLE_CODE = YES;
				CLANG_WARN__DUPLICATE_METHOD_MATCH = YES;
				"CODE_SIGN_IDENTITY[sdk=iphoneos*]" = "iPhone Developer";
				COPY_PHASE_STRIP = NO;
				ENABLE_NS_ASSERTIONS = NO;
				ENABLE_STRICT_OBJC_MSGSEND = YES;
				GCC_C_LANGUAGE_STANDARD = gnu99;
				GCC_WARN_64_TO_32_BIT_CONVERSION = YES;
				GCC_WARN_ABOUT_RETURN_TYPE = YES_ERROR;
				GCC_WARN_UNDECLARED_SELECTOR = YES;
				GCC_WARN_UNINITIALIZED_AUTOS = YES_AGGRESSIVE;
				GCC_WARN_UNUSED_FUNCTION = YES;
				GCC_WARN_UNUSED_VARIABLE = YES;
				IPHONEOS_DEPLOYMENT_TARGET = 8.0;
				MTL_ENABLE_DEBUG_INFO = NO;
				SDKROOT = iphoneos;
				VALIDATE_PRODUCT = YES;
			};
			name = Release;
		};
		146D72BA1AB782920058798C /* Debug */ = {
			isa = XCBuildConfiguration;
			buildSettings = {
				CLANG_ENABLE_MODULES = YES;
				FRAMEWORK_SEARCH_PATHS = "$(PROJECT_DIR)/Carthage/Build/iOS";
				GCC_PREPROCESSOR_DEFINITIONS = (
					"DEBUG=1",
					"$(inherited)",
				);
				INFOPLIST_FILE = Tests/Info.plist;
				LD_RUNPATH_SEARCH_PATHS = "$(inherited) @executable_path/Frameworks @loader_path/Frameworks";
				PRODUCT_BUNDLE_IDENTIFIER = "com.sample.$(PRODUCT_NAME:rfc1034identifier)";
				PRODUCT_NAME = "$(TARGET_NAME)";
				SWIFT_OPTIMIZATION_LEVEL = "-Onone";
			};
			name = Debug;
		};
		146D72BB1AB782920058798C /* Release */ = {
			isa = XCBuildConfiguration;
			buildSettings = {
				CLANG_ENABLE_MODULES = YES;
				FRAMEWORK_SEARCH_PATHS = "$(PROJECT_DIR)/Carthage/Build/iOS";
				INFOPLIST_FILE = Tests/Info.plist;
				LD_RUNPATH_SEARCH_PATHS = "$(inherited) @executable_path/Frameworks @loader_path/Frameworks";
				PRODUCT_BUNDLE_IDENTIFIER = "com.sample.$(PRODUCT_NAME:rfc1034identifier)";
				PRODUCT_NAME = "$(TARGET_NAME)";
			};
			name = Release;
		};
		149AF19D1C0EB9EF00BA0907 /* Debug */ = {
			isa = XCBuildConfiguration;
			buildSettings = {
				ASSETCATALOG_COMPILER_APPICON_NAME = AppIcon;
				DEBUG_INFORMATION_FORMAT = dwarf;
				FRAMEWORK_SEARCH_PATHS = (
					"$(inherited)",
					"$(PROJECT_DIR)/Carthage/Build/iOS",
				);
				GCC_NO_COMMON_BLOCKS = YES;
				INFOPLIST_FILE = DATASourceDelegateTableSwift/Info.plist;
				IPHONEOS_DEPLOYMENT_TARGET = 9.1;
				LD_RUNPATH_SEARCH_PATHS = "$(inherited) @executable_path/Frameworks";
				PRODUCT_BUNDLE_IDENTIFIER = com.demo.DATASourceDelegateTableSwift;
				PRODUCT_NAME = "$(TARGET_NAME)";
				SWIFT_OPTIMIZATION_LEVEL = "-Onone";
			};
			name = Debug;
		};
		149AF19E1C0EB9EF00BA0907 /* Release */ = {
			isa = XCBuildConfiguration;
			buildSettings = {
				ASSETCATALOG_COMPILER_APPICON_NAME = AppIcon;
				DEBUG_INFORMATION_FORMAT = "dwarf-with-dsym";
				FRAMEWORK_SEARCH_PATHS = (
					"$(inherited)",
					"$(PROJECT_DIR)/Carthage/Build/iOS",
				);
				GCC_NO_COMMON_BLOCKS = YES;
				INFOPLIST_FILE = DATASourceDelegateTableSwift/Info.plist;
				IPHONEOS_DEPLOYMENT_TARGET = 9.1;
				LD_RUNPATH_SEARCH_PATHS = "$(inherited) @executable_path/Frameworks";
				PRODUCT_BUNDLE_IDENTIFIER = com.demo.DATASourceDelegateTableSwift;
				PRODUCT_NAME = "$(TARGET_NAME)";
			};
			name = Release;
		};
		14F3A6871BE01B8500789E22 /* Debug */ = {
			isa = XCBuildConfiguration;
			buildSettings = {
				ASSETCATALOG_COMPILER_APPICON_NAME = AppIcon;
				DEBUG_INFORMATION_FORMAT = dwarf;
				FRAMEWORK_SEARCH_PATHS = (
					"$(inherited)",
					"$(PROJECT_DIR)/Carthage/Build/iOS",
				);
				GCC_NO_COMMON_BLOCKS = YES;
				INFOPLIST_FILE = CollectionSwift/Info.plist;
				IPHONEOS_DEPLOYMENT_TARGET = 9.1;
				LD_RUNPATH_SEARCH_PATHS = "$(inherited) @executable_path/Frameworks";
				PRODUCT_BUNDLE_IDENTIFIER = demo.CollectionSwift;
				PRODUCT_NAME = "$(TARGET_NAME)";
				SWIFT_OPTIMIZATION_LEVEL = "-Onone";
			};
			name = Debug;
		};
		14F3A6881BE01B8500789E22 /* Release */ = {
			isa = XCBuildConfiguration;
			buildSettings = {
				ASSETCATALOG_COMPILER_APPICON_NAME = AppIcon;
				DEBUG_INFORMATION_FORMAT = "dwarf-with-dsym";
				FRAMEWORK_SEARCH_PATHS = (
					"$(inherited)",
					"$(PROJECT_DIR)/Carthage/Build/iOS",
				);
				GCC_NO_COMMON_BLOCKS = YES;
				INFOPLIST_FILE = CollectionSwift/Info.plist;
				IPHONEOS_DEPLOYMENT_TARGET = 9.1;
				LD_RUNPATH_SEARCH_PATHS = "$(inherited) @executable_path/Frameworks";
				PRODUCT_BUNDLE_IDENTIFIER = demo.CollectionSwift;
				PRODUCT_NAME = "$(TARGET_NAME)";
			};
			name = Release;
		};
		14F3A6A01BE01B9200789E22 /* Debug */ = {
			isa = XCBuildConfiguration;
			buildSettings = {
				ASSETCATALOG_COMPILER_APPICON_NAME = AppIcon;
				CLANG_ENABLE_MODULES = YES;
				DEBUG_INFORMATION_FORMAT = dwarf;
				FRAMEWORK_SEARCH_PATHS = (
					"$(inherited)",
					"$(PROJECT_DIR)/Carthage/Build/iOS",
				);
				GCC_NO_COMMON_BLOCKS = YES;
				INFOPLIST_FILE = CollectionObjC/Info.plist;
				IPHONEOS_DEPLOYMENT_TARGET = 9.1;
				LD_RUNPATH_SEARCH_PATHS = "$(inherited) @executable_path/Frameworks";
				PRODUCT_BUNDLE_IDENTIFIER = demo.CollectionObjC;
				PRODUCT_NAME = "$(TARGET_NAME)";
				SWIFT_INSTALL_OBJC_HEADER = YES;
				SWIFT_OPTIMIZATION_LEVEL = "-Onone";
			};
			name = Debug;
		};
		14F3A6A11BE01B9200789E22 /* Release */ = {
			isa = XCBuildConfiguration;
			buildSettings = {
				ASSETCATALOG_COMPILER_APPICON_NAME = AppIcon;
				CLANG_ENABLE_MODULES = YES;
				DEBUG_INFORMATION_FORMAT = "dwarf-with-dsym";
				FRAMEWORK_SEARCH_PATHS = (
					"$(inherited)",
					"$(PROJECT_DIR)/Carthage/Build/iOS",
				);
				GCC_NO_COMMON_BLOCKS = YES;
				INFOPLIST_FILE = CollectionObjC/Info.plist;
				IPHONEOS_DEPLOYMENT_TARGET = 9.1;
				LD_RUNPATH_SEARCH_PATHS = "$(inherited) @executable_path/Frameworks";
				PRODUCT_BUNDLE_IDENTIFIER = demo.CollectionObjC;
				PRODUCT_NAME = "$(TARGET_NAME)";
				SWIFT_INSTALL_OBJC_HEADER = YES;
			};
			name = Release;
		};
		14F3A6B41BE01B9C00789E22 /* Debug */ = {
			isa = XCBuildConfiguration;
			buildSettings = {
				ASSETCATALOG_COMPILER_APPICON_NAME = AppIcon;
				DEBUG_INFORMATION_FORMAT = dwarf;
				FRAMEWORK_SEARCH_PATHS = (
					"$(inherited)",
					"$(PROJECT_DIR)/Carthage/Build/iOS",
				);
				GCC_NO_COMMON_BLOCKS = YES;
				INFOPLIST_FILE = TableSwift/Info.plist;
				IPHONEOS_DEPLOYMENT_TARGET = 9.1;
				LD_RUNPATH_SEARCH_PATHS = "$(inherited) @executable_path/Frameworks";
				PRODUCT_BUNDLE_IDENTIFIER = demo.TableSwift;
				PRODUCT_NAME = "$(TARGET_NAME)";
				SWIFT_OPTIMIZATION_LEVEL = "-Onone";
			};
			name = Debug;
		};
		14F3A6B51BE01B9C00789E22 /* Release */ = {
			isa = XCBuildConfiguration;
			buildSettings = {
				ASSETCATALOG_COMPILER_APPICON_NAME = AppIcon;
				DEBUG_INFORMATION_FORMAT = "dwarf-with-dsym";
				FRAMEWORK_SEARCH_PATHS = (
					"$(inherited)",
					"$(PROJECT_DIR)/Carthage/Build/iOS",
				);
				GCC_NO_COMMON_BLOCKS = YES;
				INFOPLIST_FILE = TableSwift/Info.plist;
				IPHONEOS_DEPLOYMENT_TARGET = 9.1;
				LD_RUNPATH_SEARCH_PATHS = "$(inherited) @executable_path/Frameworks";
				PRODUCT_BUNDLE_IDENTIFIER = demo.TableSwift;
				PRODUCT_NAME = "$(TARGET_NAME)";
			};
			name = Release;
		};
		14F3A6CC1BE01BA900789E22 /* Debug */ = {
			isa = XCBuildConfiguration;
			buildSettings = {
				ASSETCATALOG_COMPILER_APPICON_NAME = AppIcon;
				CLANG_ENABLE_MODULES = YES;
				DEBUG_INFORMATION_FORMAT = dwarf;
				FRAMEWORK_SEARCH_PATHS = (
					"$(inherited)",
					"$(PROJECT_DIR)/Carthage/Build/iOS",
				);
				GCC_NO_COMMON_BLOCKS = YES;
				INFOPLIST_FILE = TableObjC/Info.plist;
				IPHONEOS_DEPLOYMENT_TARGET = 9.1;
				LD_RUNPATH_SEARCH_PATHS = "$(inherited) @executable_path/Frameworks";
				PRODUCT_BUNDLE_IDENTIFIER = demo.TableObjC;
				PRODUCT_NAME = "$(TARGET_NAME)";
				SWIFT_OPTIMIZATION_LEVEL = "-Onone";
			};
			name = Debug;
		};
		14F3A6CD1BE01BA900789E22 /* Release */ = {
			isa = XCBuildConfiguration;
			buildSettings = {
				ASSETCATALOG_COMPILER_APPICON_NAME = AppIcon;
				CLANG_ENABLE_MODULES = YES;
				DEBUG_INFORMATION_FORMAT = "dwarf-with-dsym";
				FRAMEWORK_SEARCH_PATHS = (
					"$(inherited)",
					"$(PROJECT_DIR)/Carthage/Build/iOS",
				);
				GCC_NO_COMMON_BLOCKS = YES;
				INFOPLIST_FILE = TableObjC/Info.plist;
				IPHONEOS_DEPLOYMENT_TARGET = 9.1;
				LD_RUNPATH_SEARCH_PATHS = "$(inherited) @executable_path/Frameworks";
				PRODUCT_BUNDLE_IDENTIFIER = demo.TableObjC;
				PRODUCT_NAME = "$(TARGET_NAME)";
			};
			name = Release;
		};
		14F5359C1C3A7E9C00671EDF /* Debug */ = {
			isa = XCBuildConfiguration;
			buildSettings = {
				ASSETCATALOG_COMPILER_APPICON_NAME = AppIcon;
				DEBUG_INFORMATION_FORMAT = dwarf;
				FRAMEWORK_SEARCH_PATHS = (
					"$(inherited)",
					"$(PROJECT_DIR)/Carthage/Build/iOS",
				);
				GCC_NO_COMMON_BLOCKS = YES;
				INFOPLIST_FILE = InfiniteTableSwift/Info.plist;
				IPHONEOS_DEPLOYMENT_TARGET = 9.2;
				LD_RUNPATH_SEARCH_PATHS = "$(inherited) @executable_path/Frameworks";
				PRODUCT_BUNDLE_IDENTIFIER = com.demo.InfiniteTableSwift;
				PRODUCT_NAME = "$(TARGET_NAME)";
				SWIFT_OPTIMIZATION_LEVEL = "-Onone";
			};
			name = Debug;
		};
		14F5359D1C3A7E9C00671EDF /* Release */ = {
			isa = XCBuildConfiguration;
			buildSettings = {
				ASSETCATALOG_COMPILER_APPICON_NAME = AppIcon;
				DEBUG_INFORMATION_FORMAT = "dwarf-with-dsym";
				FRAMEWORK_SEARCH_PATHS = (
					"$(inherited)",
					"$(PROJECT_DIR)/Carthage/Build/iOS",
				);
				GCC_NO_COMMON_BLOCKS = YES;
				INFOPLIST_FILE = InfiniteTableSwift/Info.plist;
				IPHONEOS_DEPLOYMENT_TARGET = 9.2;
				LD_RUNPATH_SEARCH_PATHS = "$(inherited) @executable_path/Frameworks";
				PRODUCT_BUNDLE_IDENTIFIER = com.demo.InfiniteTableSwift;
				PRODUCT_NAME = "$(TARGET_NAME)";
			};
			name = Release;
		};
		14F8486C1CC667990052E4B0 /* Debug */ = {
			isa = XCBuildConfiguration;
			buildSettings = {
				CLANG_ANALYZER_NONNULL = YES;
				CURRENT_PROJECT_VERSION = 1;
				DEBUG_INFORMATION_FORMAT = dwarf;
				DEFINES_MODULE = YES;
				DYLIB_COMPATIBILITY_VERSION = 1;
				DYLIB_CURRENT_VERSION = 1;
				DYLIB_INSTALL_NAME_BASE = "@rpath";
				GCC_NO_COMMON_BLOCKS = YES;
				INFOPLIST_FILE = Info.plist;
				INSTALL_PATH = "$(LOCAL_LIBRARY_DIR)/Frameworks";
				IPHONEOS_DEPLOYMENT_TARGET = 8.0;
				LD_RUNPATH_SEARCH_PATHS = "$(inherited) @executable_path/Frameworks @loader_path/Frameworks";
				PRODUCT_BUNDLE_IDENTIFIER = net.3lvis.DATASource;
				PRODUCT_NAME = DATASource;
				SKIP_INSTALL = YES;
				SWIFT_OPTIMIZATION_LEVEL = "-Onone";
				TARGETED_DEVICE_FAMILY = "1,2";
				VERSIONING_SYSTEM = "apple-generic";
				VERSION_INFO_PREFIX = "";
			};
			name = Debug;
		};
		14F8486D1CC667990052E4B0 /* Release */ = {
			isa = XCBuildConfiguration;
			buildSettings = {
				CLANG_ANALYZER_NONNULL = YES;
				CURRENT_PROJECT_VERSION = 1;
				DEBUG_INFORMATION_FORMAT = "dwarf-with-dsym";
				DEFINES_MODULE = YES;
				DYLIB_COMPATIBILITY_VERSION = 1;
				DYLIB_CURRENT_VERSION = 1;
				DYLIB_INSTALL_NAME_BASE = "@rpath";
				GCC_NO_COMMON_BLOCKS = YES;
				INFOPLIST_FILE = Info.plist;
				INSTALL_PATH = "$(LOCAL_LIBRARY_DIR)/Frameworks";
				IPHONEOS_DEPLOYMENT_TARGET = 8.0;
				LD_RUNPATH_SEARCH_PATHS = "$(inherited) @executable_path/Frameworks @loader_path/Frameworks";
				PRODUCT_BUNDLE_IDENTIFIER = net.3lvis.DATASource;
				PRODUCT_NAME = DATASource;
				SKIP_INSTALL = YES;
				TARGETED_DEVICE_FAMILY = "1,2";
				VERSIONING_SYSTEM = "apple-generic";
				VERSION_INFO_PREFIX = "";
			};
			name = Release;
		};
		14F848831CC668820052E4B0 /* Debug */ = {
			isa = XCBuildConfiguration;
			buildSettings = {
				CLANG_ANALYZER_NONNULL = YES;
				CURRENT_PROJECT_VERSION = 1;
				DEBUG_INFORMATION_FORMAT = dwarf;
				DEFINES_MODULE = YES;
				DYLIB_COMPATIBILITY_VERSION = 1;
				DYLIB_CURRENT_VERSION = 1;
				DYLIB_INSTALL_NAME_BASE = "@rpath";
				GCC_NO_COMMON_BLOCKS = YES;
				INFOPLIST_FILE = Info.plist;
				INSTALL_PATH = "$(LOCAL_LIBRARY_DIR)/Frameworks";
				LD_RUNPATH_SEARCH_PATHS = "$(inherited) @executable_path/Frameworks @loader_path/Frameworks";
				PRODUCT_BUNDLE_IDENTIFIER = net.3lvis.DATASource;
				PRODUCT_NAME = DATASource;
				SDKROOT = appletvos;
				SKIP_INSTALL = YES;
				SWIFT_OPTIMIZATION_LEVEL = "-Onone";
				TARGETED_DEVICE_FAMILY = 3;
				TVOS_DEPLOYMENT_TARGET = 9.0;
				VERSIONING_SYSTEM = "apple-generic";
				VERSION_INFO_PREFIX = "";
			};
			name = Debug;
		};
		14F848841CC668820052E4B0 /* Release */ = {
			isa = XCBuildConfiguration;
			buildSettings = {
				CLANG_ANALYZER_NONNULL = YES;
				CURRENT_PROJECT_VERSION = 1;
				DEBUG_INFORMATION_FORMAT = "dwarf-with-dsym";
				DEFINES_MODULE = YES;
				DYLIB_COMPATIBILITY_VERSION = 1;
				DYLIB_CURRENT_VERSION = 1;
				DYLIB_INSTALL_NAME_BASE = "@rpath";
				GCC_NO_COMMON_BLOCKS = YES;
				INFOPLIST_FILE = Info.plist;
				INSTALL_PATH = "$(LOCAL_LIBRARY_DIR)/Frameworks";
				LD_RUNPATH_SEARCH_PATHS = "$(inherited) @executable_path/Frameworks @loader_path/Frameworks";
				PRODUCT_BUNDLE_IDENTIFIER = net.3lvis.DATASource;
				PRODUCT_NAME = DATASource;
				SDKROOT = appletvos;
				SKIP_INSTALL = YES;
				TARGETED_DEVICE_FAMILY = 3;
				TVOS_DEPLOYMENT_TARGET = 9.0;
				VERSIONING_SYSTEM = "apple-generic";
				VERSION_INFO_PREFIX = "";
			};
			name = Release;
		};
/* End XCBuildConfiguration section */

/* Begin XCConfigurationList section */
		1462058C1C3AB0E400D78FC5 /* Build configuration list for PBXNativeTarget "InfiniteCollectionSwift" */ = {
			isa = XCConfigurationList;
			buildConfigurations = (
				1462058A1C3AB0E400D78FC5 /* Debug */,
				1462058B1C3AB0E400D78FC5 /* Release */,
			);
			defaultConfigurationIsVisible = 0;
			defaultConfigurationName = Release;
		};
		146D728E1AB782920058798C /* Build configuration list for PBXProject "Demo" */ = {
			isa = XCConfigurationList;
			buildConfigurations = (
				146D72B41AB782920058798C /* Debug */,
				146D72B51AB782920058798C /* Release */,
			);
			defaultConfigurationIsVisible = 0;
			defaultConfigurationName = Release;
		};
		146D72B91AB782920058798C /* Build configuration list for PBXNativeTarget "Tests" */ = {
			isa = XCConfigurationList;
			buildConfigurations = (
				146D72BA1AB782920058798C /* Debug */,
				146D72BB1AB782920058798C /* Release */,
			);
			defaultConfigurationIsVisible = 0;
			defaultConfigurationName = Release;
		};
		149AF19F1C0EB9EF00BA0907 /* Build configuration list for PBXNativeTarget "DATASourceDelegateTableSwift" */ = {
			isa = XCConfigurationList;
			buildConfigurations = (
				149AF19D1C0EB9EF00BA0907 /* Debug */,
				149AF19E1C0EB9EF00BA0907 /* Release */,
			);
			defaultConfigurationIsVisible = 0;
			defaultConfigurationName = Release;
		};
		14F3A6891BE01B8500789E22 /* Build configuration list for PBXNativeTarget "CollectionSwift" */ = {
			isa = XCConfigurationList;
			buildConfigurations = (
				14F3A6871BE01B8500789E22 /* Debug */,
				14F3A6881BE01B8500789E22 /* Release */,
			);
			defaultConfigurationIsVisible = 0;
			defaultConfigurationName = Release;
		};
		14F3A69F1BE01B9200789E22 /* Build configuration list for PBXNativeTarget "CollectionObjC" */ = {
			isa = XCConfigurationList;
			buildConfigurations = (
				14F3A6A01BE01B9200789E22 /* Debug */,
				14F3A6A11BE01B9200789E22 /* Release */,
			);
			defaultConfigurationIsVisible = 0;
			defaultConfigurationName = Release;
		};
		14F3A6B31BE01B9C00789E22 /* Build configuration list for PBXNativeTarget "TableSwift" */ = {
			isa = XCConfigurationList;
			buildConfigurations = (
				14F3A6B41BE01B9C00789E22 /* Debug */,
				14F3A6B51BE01B9C00789E22 /* Release */,
			);
			defaultConfigurationIsVisible = 0;
			defaultConfigurationName = Release;
		};
		14F3A6CB1BE01BA900789E22 /* Build configuration list for PBXNativeTarget "TableObjC" */ = {
			isa = XCConfigurationList;
			buildConfigurations = (
				14F3A6CC1BE01BA900789E22 /* Debug */,
				14F3A6CD1BE01BA900789E22 /* Release */,
			);
			defaultConfigurationIsVisible = 0;
			defaultConfigurationName = Release;
		};
		14F5359E1C3A7E9C00671EDF /* Build configuration list for PBXNativeTarget "InfiniteTableSwift" */ = {
			isa = XCConfigurationList;
			buildConfigurations = (
				14F5359C1C3A7E9C00671EDF /* Debug */,
				14F5359D1C3A7E9C00671EDF /* Release */,
			);
			defaultConfigurationIsVisible = 0;
			defaultConfigurationName = Release;
		};
		14F8486E1CC667990052E4B0 /* Build configuration list for PBXNativeTarget "DATASource-iOS" */ = {
			isa = XCConfigurationList;
			buildConfigurations = (
				14F8486C1CC667990052E4B0 /* Debug */,
				14F8486D1CC667990052E4B0 /* Release */,
			);
			defaultConfigurationIsVisible = 0;
			defaultConfigurationName = Release;
		};
		14F848821CC668820052E4B0 /* Build configuration list for PBXNativeTarget "DATASource-tvOS" */ = {
			isa = XCConfigurationList;
			buildConfigurations = (
				14F848831CC668820052E4B0 /* Debug */,
				14F848841CC668820052E4B0 /* Release */,
			);
			defaultConfigurationIsVisible = 0;
			defaultConfigurationName = Release;
		};
/* End XCConfigurationList section */

/* Begin XCVersionGroup section */
		1498B6061C3BC9E80066FAC8 /* DataModel.xcdatamodeld */ = {
			isa = XCVersionGroup;
			children = (
				1498B6071C3BC9E80066FAC8 /* DataModel.xcdatamodel */,
			);
			currentVersion = 1498B6071C3BC9E80066FAC8 /* DataModel.xcdatamodel */;
			path = DataModel.xcdatamodeld;
			sourceTree = "<group>";
			versionGroupType = wrapper.xcdatamodel;
		};
/* End XCVersionGroup section */
	};
	rootObject = 146D728B1AB782920058798C /* Project object */;
}
