// !$*UTF8*$!
{
	archiveVersion = 1;
	classes = {
	};
	objectVersion = 46;
	objects = {

/* Begin PBXBuildFile section */
		142E72801E2385BE001ACF3F /* CustomTableViewCell.swift in Sources */ = {isa = PBXBuildFile; fileRef = 142E727E1E2385BE001ACF3F /* CustomTableViewCell.swift */; };
		142E72811E2385BE001ACF3F /* CustomTableViewCell.swift in Sources */ = {isa = PBXBuildFile; fileRef = 142E727E1E2385BE001ACF3F /* CustomTableViewCell.swift */; };
		14308AA21CC66665000C21DF /* DATASource+NSFetchedResultsControllerDelegate.swift in Sources */ = {isa = PBXBuildFile; fileRef = 14308A9C1CC66665000C21DF /* DATASource+NSFetchedResultsControllerDelegate.swift */; };
		14308AAA1CC66665000C21DF /* DATASource+UICollectionViewDataSource.swift in Sources */ = {isa = PBXBuildFile; fileRef = 14308A9D1CC66665000C21DF /* DATASource+UICollectionViewDataSource.swift */; };
		14308AB21CC66665000C21DF /* DATASource+UITableViewDataSource.swift in Sources */ = {isa = PBXBuildFile; fileRef = 14308A9E1CC66665000C21DF /* DATASource+UITableViewDataSource.swift */; };
		14308ABA1CC66665000C21DF /* DATASource.swift in Sources */ = {isa = PBXBuildFile; fileRef = 14308A9F1CC66665000C21DF /* DATASource.swift */; };
		14308AC21CC66665000C21DF /* DATASourceCollectionHeaderView.swift in Sources */ = {isa = PBXBuildFile; fileRef = 14308AA01CC66665000C21DF /* DATASourceCollectionHeaderView.swift */; };
		14308ACA1CC66665000C21DF /* DATASourceDelegate.swift in Sources */ = {isa = PBXBuildFile; fileRef = 14308AA11CC66665000C21DF /* DATASourceDelegate.swift */; };
		14663CA61DB97F2D00E8ABFC /* TableViewControllerWithSectionsWithoutIndex.swift in Sources */ = {isa = PBXBuildFile; fileRef = 14663CA51DB97F2D00E8ABFC /* TableViewControllerWithSectionsWithoutIndex.swift */; };
		149EE87A1CC916DB002739BA /* DATAStack.framework in CopyFiles */ = {isa = PBXBuildFile; fileRef = 149EE8791CC916DB002739BA /* DATAStack.framework */; settings = {ATTRIBUTES = (CodeSignOnCopy, RemoveHeadersOnCopy, ); }; };
		14A139B41AEFC72B00AD732F /* Tests.swift in Sources */ = {isa = PBXBuildFile; fileRef = 14A139B31AEFC72B00AD732F /* Tests.swift */; };
		14A42BBB1EB20AE400DCBF84 /* TableViewControllerDeleteCells.swift in Sources */ = {isa = PBXBuildFile; fileRef = 14A42BBA1EB20AE400DCBF84 /* TableViewControllerDeleteCells.swift */; };
		14AFFAF11C3C00E3001AD02C /* DataModel.xcdatamodeld in Sources */ = {isa = PBXBuildFile; fileRef = 1498B6061C3BC9E80066FAC8 /* DataModel.xcdatamodeld */; };
		14C022701CC9038700CEFC40 /* DATAStack.framework in Frameworks */ = {isa = PBXBuildFile; fileRef = 14C0226C1CC9036100CEFC40 /* DATAStack.framework */; };
		14F2858E1DB9859A00028AD4 /* CollectionViewMultipleCellIdentifiers.swift in Sources */ = {isa = PBXBuildFile; fileRef = 14F2858D1DB9859A00028AD4 /* CollectionViewMultipleCellIdentifiers.swift */; };
		14F285901DB986EE00028AD4 /* AlternativeCell.swift in Sources */ = {isa = PBXBuildFile; fileRef = 14F2858F1DB986EE00028AD4 /* AlternativeCell.swift */; };
		14F848711CC6686B0052E4B0 /* DATASource.h in Headers */ = {isa = PBXBuildFile; fileRef = 14F848701CC667D20052E4B0 /* DATASource.h */; settings = {ATTRIBUTES = (Public, ); }; };
		14F848721CC668700052E4B0 /* DATASource+NSFetchedResultsControllerDelegate.swift in Sources */ = {isa = PBXBuildFile; fileRef = 14308A9C1CC66665000C21DF /* DATASource+NSFetchedResultsControllerDelegate.swift */; };
		14F848731CC668700052E4B0 /* DATASource+UICollectionViewDataSource.swift in Sources */ = {isa = PBXBuildFile; fileRef = 14308A9D1CC66665000C21DF /* DATASource+UICollectionViewDataSource.swift */; };
		14F848741CC668700052E4B0 /* DATASource+UITableViewDataSource.swift in Sources */ = {isa = PBXBuildFile; fileRef = 14308A9E1CC66665000C21DF /* DATASource+UITableViewDataSource.swift */; };
		14F848751CC668700052E4B0 /* DATASource.swift in Sources */ = {isa = PBXBuildFile; fileRef = 14308A9F1CC66665000C21DF /* DATASource.swift */; };
		14F848761CC668700052E4B0 /* DATASourceCollectionHeaderView.swift in Sources */ = {isa = PBXBuildFile; fileRef = 14308AA01CC66665000C21DF /* DATASourceCollectionHeaderView.swift */; };
		14F848771CC668700052E4B0 /* DATASourceDelegate.swift in Sources */ = {isa = PBXBuildFile; fileRef = 14308AA11CC66665000C21DF /* DATASourceDelegate.swift */; };
		14F848851CC668B10052E4B0 /* DATASource.h in Headers */ = {isa = PBXBuildFile; fileRef = 14F848701CC667D20052E4B0 /* DATASource.h */; settings = {ATTRIBUTES = (Public, ); }; };
		14F848861CC668B60052E4B0 /* DATASource+NSFetchedResultsControllerDelegate.swift in Sources */ = {isa = PBXBuildFile; fileRef = 14308A9C1CC66665000C21DF /* DATASource+NSFetchedResultsControllerDelegate.swift */; };
		14F848871CC668B60052E4B0 /* DATASource+UICollectionViewDataSource.swift in Sources */ = {isa = PBXBuildFile; fileRef = 14308A9D1CC66665000C21DF /* DATASource+UICollectionViewDataSource.swift */; };
		14F848881CC668B60052E4B0 /* DATASource+UITableViewDataSource.swift in Sources */ = {isa = PBXBuildFile; fileRef = 14308A9E1CC66665000C21DF /* DATASource+UITableViewDataSource.swift */; };
		14F848891CC668B60052E4B0 /* DATASource.swift in Sources */ = {isa = PBXBuildFile; fileRef = 14308A9F1CC66665000C21DF /* DATASource.swift */; };
		14F8488A1CC668B60052E4B0 /* DATASourceCollectionHeaderView.swift in Sources */ = {isa = PBXBuildFile; fileRef = 14308AA01CC66665000C21DF /* DATASourceCollectionHeaderView.swift */; };
		14F8488B1CC668B60052E4B0 /* DATASourceDelegate.swift in Sources */ = {isa = PBXBuildFile; fileRef = 14308AA11CC66665000C21DF /* DATASourceDelegate.swift */; };
		4471D4E31DB7822C00DE1EBE /* CollectionViewController.m in Sources */ = {isa = PBXBuildFile; fileRef = 4471D4D41DB7822C00DE1EBE /* CollectionViewController.m */; };
		4471D4E41DB7822C00DE1EBE /* CollectionViewControllerWithFooter.m in Sources */ = {isa = PBXBuildFile; fileRef = 4471D4D71DB7822C00DE1EBE /* CollectionViewControllerWithFooter.m */; };
		4471D4E51DB7822C00DE1EBE /* FooterExampleView.m in Sources */ = {isa = PBXBuildFile; fileRef = 4471D4D91DB7822C00DE1EBE /* FooterExampleView.m */; };
		4471D4E61DB7822C00DE1EBE /* CollectionViewControllerWithSections.m in Sources */ = {isa = PBXBuildFile; fileRef = 4471D4DC1DB7822C00DE1EBE /* CollectionViewControllerWithSections.m */; };
		4471D4E71DB7822C00DE1EBE /* TableViewController.m in Sources */ = {isa = PBXBuildFile; fileRef = 4471D4DF1DB7822C00DE1EBE /* TableViewController.m */; };
		4471D4E81DB7822C00DE1EBE /* TableViewControllerWithSections.m in Sources */ = {isa = PBXBuildFile; fileRef = 4471D4E21DB7822C00DE1EBE /* TableViewControllerWithSections.m */; };
		4479C24B1DB77BB000803558 /* OptionsController.m in Sources */ = {isa = PBXBuildFile; fileRef = 4479C23F1DB77BB000803558 /* OptionsController.m */; };
		4479C24C1DB77BB000803558 /* AppDelegate.m in Sources */ = {isa = PBXBuildFile; fileRef = 4479C2421DB77BB000803558 /* AppDelegate.m */; };
		447D2EE61DB784F9006CBF1C /* CollectionViewController.swift in Sources */ = {isa = PBXBuildFile; fileRef = 447D2EDD1DB784F9006CBF1C /* CollectionViewController.swift */; };
		447D2EE71DB784F9006CBF1C /* OptionsController.swift in Sources */ = {isa = PBXBuildFile; fileRef = 447D2EE11DB784F9006CBF1C /* OptionsController.swift */; };
		447D2EE81DB784F9006CBF1C /* AppDelegate.swift in Sources */ = {isa = PBXBuildFile; fileRef = 447D2EE31DB784F9006CBF1C /* AppDelegate.swift */; };
		447D2EEC1DB78559006CBF1C /* CollectionViewControllerWithSections.swift in Sources */ = {isa = PBXBuildFile; fileRef = 447D2EEB1DB78559006CBF1C /* CollectionViewControllerWithSections.swift */; };
		447D2EEE1DB7855E006CBF1C /* TableViewController.swift in Sources */ = {isa = PBXBuildFile; fileRef = 447D2EED1DB7855E006CBF1C /* TableViewController.swift */; };
		447D2EF01DB78564006CBF1C /* TableViewControllerWithSections.swift in Sources */ = {isa = PBXBuildFile; fileRef = 447D2EEF1DB78564006CBF1C /* TableViewControllerWithSections.swift */; };
		44A8DB5E1DB77E62009EF5A7 /* Helper.swift in Sources */ = {isa = PBXBuildFile; fileRef = 44A8DB5D1DB77E62009EF5A7 /* Helper.swift */; };
		44A8DB5F1DB77E62009EF5A7 /* Helper.swift in Sources */ = {isa = PBXBuildFile; fileRef = 44A8DB5D1DB77E62009EF5A7 /* Helper.swift */; };
		44A8DB601DB77F46009EF5A7 /* Helper.swift in Sources */ = {isa = PBXBuildFile; fileRef = 44A8DB5D1DB77E62009EF5A7 /* Helper.swift */; };
		44B91CF01DB7728D009DB4B7 /* Assets.xcassets in Resources */ = {isa = PBXBuildFile; fileRef = 44B91CEF1DB7728D009DB4B7 /* Assets.xcassets */; };
		44B91CF31DB7728D009DB4B7 /* LaunchScreen.storyboard in Resources */ = {isa = PBXBuildFile; fileRef = 44B91CF11DB7728D009DB4B7 /* LaunchScreen.storyboard */; };
		44B91D001DB7729D009DB4B7 /* main.m in Sources */ = {isa = PBXBuildFile; fileRef = 44B91CFF1DB7729D009DB4B7 /* main.m */; };
		44B91D0E1DB7729D009DB4B7 /* Assets.xcassets in Resources */ = {isa = PBXBuildFile; fileRef = 44B91D0D1DB7729D009DB4B7 /* Assets.xcassets */; };
		44B91D111DB7729D009DB4B7 /* LaunchScreen.storyboard in Resources */ = {isa = PBXBuildFile; fileRef = 44B91D0F1DB7729D009DB4B7 /* LaunchScreen.storyboard */; };
		44B91D171DB77375009DB4B7 /* DATAStack.framework in Frameworks */ = {isa = PBXBuildFile; fileRef = 44B91D161DB77375009DB4B7 /* DATAStack.framework */; };
		44B91D181DB77375009DB4B7 /* DATAStack.framework in Embed Frameworks */ = {isa = PBXBuildFile; fileRef = 44B91D161DB77375009DB4B7 /* DATAStack.framework */; settings = {ATTRIBUTES = (CodeSignOnCopy, RemoveHeadersOnCopy, ); }; };
		44B91D1B1DB77381009DB4B7 /* DATAStack.framework in Frameworks */ = {isa = PBXBuildFile; fileRef = 44B91D1A1DB77381009DB4B7 /* DATAStack.framework */; };
		44B91D1C1DB77381009DB4B7 /* DATAStack.framework in Embed Frameworks */ = {isa = PBXBuildFile; fileRef = 44B91D1A1DB77381009DB4B7 /* DATAStack.framework */; settings = {ATTRIBUTES = (CodeSignOnCopy, RemoveHeadersOnCopy, ); }; };
		44B91D241DB774B0009DB4B7 /* DATASource.swift in Sources */ = {isa = PBXBuildFile; fileRef = 14308A9F1CC66665000C21DF /* DATASource.swift */; };
		44B91D251DB774B0009DB4B7 /* DATASource.swift in Sources */ = {isa = PBXBuildFile; fileRef = 14308A9F1CC66665000C21DF /* DATASource.swift */; };
		44B91D261DB774B2009DB4B7 /* DATASourceDelegate.swift in Sources */ = {isa = PBXBuildFile; fileRef = 14308AA11CC66665000C21DF /* DATASourceDelegate.swift */; };
		44B91D271DB774B4009DB4B7 /* DATASourceDelegate.swift in Sources */ = {isa = PBXBuildFile; fileRef = 14308AA11CC66665000C21DF /* DATASourceDelegate.swift */; };
		44B91D281DB774B6009DB4B7 /* DATASource+NSFetchedResultsControllerDelegate.swift in Sources */ = {isa = PBXBuildFile; fileRef = 14308A9C1CC66665000C21DF /* DATASource+NSFetchedResultsControllerDelegate.swift */; };
		44B91D291DB774B6009DB4B7 /* DATASource+NSFetchedResultsControllerDelegate.swift in Sources */ = {isa = PBXBuildFile; fileRef = 14308A9C1CC66665000C21DF /* DATASource+NSFetchedResultsControllerDelegate.swift */; };
		44B91D2A1DB774B9009DB4B7 /* DATASource+UICollectionViewDataSource.swift in Sources */ = {isa = PBXBuildFile; fileRef = 14308A9D1CC66665000C21DF /* DATASource+UICollectionViewDataSource.swift */; };
		44B91D2B1DB774BA009DB4B7 /* DATASource+UICollectionViewDataSource.swift in Sources */ = {isa = PBXBuildFile; fileRef = 14308A9D1CC66665000C21DF /* DATASource+UICollectionViewDataSource.swift */; };
		44B91D2C1DB774BD009DB4B7 /* DATASource+UITableViewDataSource.swift in Sources */ = {isa = PBXBuildFile; fileRef = 14308A9E1CC66665000C21DF /* DATASource+UITableViewDataSource.swift */; };
		44B91D2D1DB774BD009DB4B7 /* DATASource+UITableViewDataSource.swift in Sources */ = {isa = PBXBuildFile; fileRef = 14308A9E1CC66665000C21DF /* DATASource+UITableViewDataSource.swift */; };
		44B91D2E1DB774BF009DB4B7 /* DATASourceCollectionHeaderView.swift in Sources */ = {isa = PBXBuildFile; fileRef = 14308AA01CC66665000C21DF /* DATASourceCollectionHeaderView.swift */; };
		44B91D2F1DB774C0009DB4B7 /* DATASourceCollectionHeaderView.swift in Sources */ = {isa = PBXBuildFile; fileRef = 14308AA01CC66665000C21DF /* DATASourceCollectionHeaderView.swift */; };
		44B91D301DB77511009DB4B7 /* CollectionCell.swift in Sources */ = {isa = PBXBuildFile; fileRef = 1498B6051C3BC9E80066FAC8 /* CollectionCell.swift */; };
		44B91D311DB77511009DB4B7 /* CollectionCell.swift in Sources */ = {isa = PBXBuildFile; fileRef = 1498B6051C3BC9E80066FAC8 /* CollectionCell.swift */; };
		44B91D321DB77514009DB4B7 /* DataModel.xcdatamodeld in Sources */ = {isa = PBXBuildFile; fileRef = 1498B6061C3BC9E80066FAC8 /* DataModel.xcdatamodeld */; };
		44B91D331DB77515009DB4B7 /* DataModel.xcdatamodeld in Sources */ = {isa = PBXBuildFile; fileRef = 1498B6061C3BC9E80066FAC8 /* DataModel.xcdatamodeld */; };
/* End PBXBuildFile section */

/* Begin PBXCopyFilesBuildPhase section */
		149EE8781CC916B5002739BA /* CopyFiles */ = {
			isa = PBXCopyFilesBuildPhase;
			buildActionMask = 2147483647;
			dstPath = "";
			dstSubfolderSpec = 10;
			files = (
				149EE87A1CC916DB002739BA /* DATAStack.framework in CopyFiles */,
			);
			runOnlyForDeploymentPostprocessing = 0;
		};
		44B91D191DB77375009DB4B7 /* Embed Frameworks */ = {
			isa = PBXCopyFilesBuildPhase;
			buildActionMask = 2147483647;
			dstPath = "";
			dstSubfolderSpec = 10;
			files = (
				44B91D181DB77375009DB4B7 /* DATAStack.framework in Embed Frameworks */,
			);
			name = "Embed Frameworks";
			runOnlyForDeploymentPostprocessing = 0;
		};
		44B91D1D1DB77381009DB4B7 /* Embed Frameworks */ = {
			isa = PBXCopyFilesBuildPhase;
			buildActionMask = 2147483647;
			dstPath = "";
			dstSubfolderSpec = 10;
			files = (
				44B91D1C1DB77381009DB4B7 /* DATAStack.framework in Embed Frameworks */,
			);
			name = "Embed Frameworks";
			runOnlyForDeploymentPostprocessing = 0;
		};
/* End PBXCopyFilesBuildPhase section */

/* Begin PBXFileReference section */
		142E727E1E2385BE001ACF3F /* CustomTableViewCell.swift */ = {isa = PBXFileReference; fileEncoding = 4; lastKnownFileType = sourcecode.swift; path = CustomTableViewCell.swift; sourceTree = "<group>"; };
		14308A9C1CC66665000C21DF /* DATASource+NSFetchedResultsControllerDelegate.swift */ = {isa = PBXFileReference; fileEncoding = 4; lastKnownFileType = sourcecode.swift; path = "DATASource+NSFetchedResultsControllerDelegate.swift"; sourceTree = "<group>"; };
		14308A9D1CC66665000C21DF /* DATASource+UICollectionViewDataSource.swift */ = {isa = PBXFileReference; fileEncoding = 4; lastKnownFileType = sourcecode.swift; path = "DATASource+UICollectionViewDataSource.swift"; sourceTree = "<group>"; };
		14308A9E1CC66665000C21DF /* DATASource+UITableViewDataSource.swift */ = {isa = PBXFileReference; fileEncoding = 4; lastKnownFileType = sourcecode.swift; path = "DATASource+UITableViewDataSource.swift"; sourceTree = "<group>"; };
		14308A9F1CC66665000C21DF /* DATASource.swift */ = {isa = PBXFileReference; fileEncoding = 4; lastKnownFileType = sourcecode.swift; path = DATASource.swift; sourceTree = "<group>"; };
		14308AA01CC66665000C21DF /* DATASourceCollectionHeaderView.swift */ = {isa = PBXFileReference; fileEncoding = 4; lastKnownFileType = sourcecode.swift; path = DATASourceCollectionHeaderView.swift; sourceTree = "<group>"; };
		14308AA11CC66665000C21DF /* DATASourceDelegate.swift */ = {isa = PBXFileReference; fileEncoding = 4; lastKnownFileType = sourcecode.swift; path = DATASourceDelegate.swift; sourceTree = "<group>"; };
		14663CA51DB97F2D00E8ABFC /* TableViewControllerWithSectionsWithoutIndex.swift */ = {isa = PBXFileReference; fileEncoding = 4; lastKnownFileType = sourcecode.swift; path = TableViewControllerWithSectionsWithoutIndex.swift; sourceTree = "<group>"; };
		146D72AC1AB782920058798C /* Tests.xctest */ = {isa = PBXFileReference; explicitFileType = wrapper.cfbundle; includeInIndex = 0; path = Tests.xctest; sourceTree = BUILT_PRODUCTS_DIR; };
		146D72B11AB782920058798C /* Info.plist */ = {isa = PBXFileReference; lastKnownFileType = text.plist.xml; path = Info.plist; sourceTree = "<group>"; };
		1498B6051C3BC9E80066FAC8 /* CollectionCell.swift */ = {isa = PBXFileReference; fileEncoding = 4; lastKnownFileType = sourcecode.swift; path = CollectionCell.swift; sourceTree = "<group>"; };
		1498B6071C3BC9E80066FAC8 /* DataModel.xcdatamodel */ = {isa = PBXFileReference; lastKnownFileType = wrapper.xcdatamodel; path = DataModel.xcdatamodel; sourceTree = "<group>"; };
		149EE8791CC916DB002739BA /* DATAStack.framework */ = {isa = PBXFileReference; lastKnownFileType = wrapper.framework; name = DATAStack.framework; path = Carthage/Build/iOS/DATAStack.framework; sourceTree = "<group>"; };
		14A139B31AEFC72B00AD732F /* Tests.swift */ = {isa = PBXFileReference; fileEncoding = 4; lastKnownFileType = sourcecode.swift; path = Tests.swift; sourceTree = "<group>"; };
		14A42BBA1EB20AE400DCBF84 /* TableViewControllerDeleteCells.swift */ = {isa = PBXFileReference; fileEncoding = 4; lastKnownFileType = sourcecode.swift; path = TableViewControllerDeleteCells.swift; sourceTree = "<group>"; };
		14C022541CC9031700CEFC40 /* DATAStack.framework */ = {isa = PBXFileReference; lastKnownFileType = wrapper.framework; name = DATAStack.framework; path = Carthage/Build/iOS/DATAStack.framework; sourceTree = "<group>"; };
		14C022581CC9031F00CEFC40 /* DATAStack.framework */ = {isa = PBXFileReference; lastKnownFileType = wrapper.framework; name = DATAStack.framework; path = Carthage/Build/iOS/DATAStack.framework; sourceTree = "<group>"; };
		14C0225C1CC9033B00CEFC40 /* DATAStack.framework */ = {isa = PBXFileReference; lastKnownFileType = wrapper.framework; name = DATAStack.framework; path = Carthage/Build/iOS/DATAStack.framework; sourceTree = "<group>"; };
		14C022601CC9034500CEFC40 /* DATAStack.framework */ = {isa = PBXFileReference; lastKnownFileType = wrapper.framework; name = DATAStack.framework; path = Carthage/Build/iOS/DATAStack.framework; sourceTree = "<group>"; };
		14C022641CC9034E00CEFC40 /* DATAStack.framework */ = {isa = PBXFileReference; lastKnownFileType = wrapper.framework; name = DATAStack.framework; path = Carthage/Build/iOS/DATAStack.framework; sourceTree = "<group>"; };
		14C022681CC9035800CEFC40 /* DATAStack.framework */ = {isa = PBXFileReference; lastKnownFileType = wrapper.framework; name = DATAStack.framework; path = Carthage/Build/iOS/DATAStack.framework; sourceTree = "<group>"; };
		14C0226C1CC9036100CEFC40 /* DATAStack.framework */ = {isa = PBXFileReference; lastKnownFileType = wrapper.framework; name = DATAStack.framework; path = Carthage/Build/iOS/DATAStack.framework; sourceTree = "<group>"; };
		14C0AF801BD6D4230009ECBE /* .travis.yml */ = {isa = PBXFileReference; lastKnownFileType = text; path = .travis.yml; sourceTree = "<group>"; };
		14C0AF811BD6D4230009ECBE /* CHANGELOG.md */ = {isa = PBXFileReference; lastKnownFileType = net.daringfireball.markdown; path = CHANGELOG.md; sourceTree = "<group>"; };
		14C0AF821BD6D4230009ECBE /* CONTRIBUTING.md */ = {isa = PBXFileReference; lastKnownFileType = net.daringfireball.markdown; path = CONTRIBUTING.md; sourceTree = "<group>"; };
		14C0AF831BD6D4230009ECBE /* README.md */ = {isa = PBXFileReference; lastKnownFileType = net.daringfireball.markdown; path = README.md; sourceTree = "<group>"; };
		14F2858D1DB9859A00028AD4 /* CollectionViewMultipleCellIdentifiers.swift */ = {isa = PBXFileReference; fileEncoding = 4; lastKnownFileType = sourcecode.swift; path = CollectionViewMultipleCellIdentifiers.swift; sourceTree = "<group>"; };
		14F2858F1DB986EE00028AD4 /* AlternativeCell.swift */ = {isa = PBXFileReference; fileEncoding = 4; lastKnownFileType = sourcecode.swift; path = AlternativeCell.swift; sourceTree = "<group>"; };
		14F848671CC667990052E4B0 /* DATASource.framework */ = {isa = PBXFileReference; explicitFileType = wrapper.framework; includeInIndex = 0; path = DATASource.framework; sourceTree = BUILT_PRODUCTS_DIR; };
		14F8486F1CC667BB0052E4B0 /* Info.plist */ = {isa = PBXFileReference; lastKnownFileType = text.plist.xml; path = Info.plist; sourceTree = "<group>"; };
		14F848701CC667D20052E4B0 /* DATASource.h */ = {isa = PBXFileReference; lastKnownFileType = sourcecode.c.h; path = DATASource.h; sourceTree = "<group>"; };
		14F8487D1CC668820052E4B0 /* DATASource.framework */ = {isa = PBXFileReference; explicitFileType = wrapper.framework; includeInIndex = 0; path = DATASource.framework; sourceTree = BUILT_PRODUCTS_DIR; };
		4471D4D31DB7822C00DE1EBE /* CollectionViewController.h */ = {isa = PBXFileReference; fileEncoding = 4; lastKnownFileType = sourcecode.c.h; path = CollectionViewController.h; sourceTree = "<group>"; };
		4471D4D41DB7822C00DE1EBE /* CollectionViewController.m */ = {isa = PBXFileReference; fileEncoding = 4; lastKnownFileType = sourcecode.c.objc; path = CollectionViewController.m; sourceTree = "<group>"; };
		4471D4D61DB7822C00DE1EBE /* CollectionViewControllerWithFooter.h */ = {isa = PBXFileReference; fileEncoding = 4; lastKnownFileType = sourcecode.c.h; path = CollectionViewControllerWithFooter.h; sourceTree = "<group>"; };
		4471D4D71DB7822C00DE1EBE /* CollectionViewControllerWithFooter.m */ = {isa = PBXFileReference; fileEncoding = 4; lastKnownFileType = sourcecode.c.objc; path = CollectionViewControllerWithFooter.m; sourceTree = "<group>"; };
		4471D4D81DB7822C00DE1EBE /* FooterExampleView.h */ = {isa = PBXFileReference; fileEncoding = 4; lastKnownFileType = sourcecode.c.h; path = FooterExampleView.h; sourceTree = "<group>"; };
		4471D4D91DB7822C00DE1EBE /* FooterExampleView.m */ = {isa = PBXFileReference; fileEncoding = 4; lastKnownFileType = sourcecode.c.objc; path = FooterExampleView.m; sourceTree = "<group>"; };
		4471D4DB1DB7822C00DE1EBE /* CollectionViewControllerWithSections.h */ = {isa = PBXFileReference; fileEncoding = 4; lastKnownFileType = sourcecode.c.h; path = CollectionViewControllerWithSections.h; sourceTree = "<group>"; };
		4471D4DC1DB7822C00DE1EBE /* CollectionViewControllerWithSections.m */ = {isa = PBXFileReference; fileEncoding = 4; lastKnownFileType = sourcecode.c.objc; path = CollectionViewControllerWithSections.m; sourceTree = "<group>"; };
		4471D4DE1DB7822C00DE1EBE /* TableViewController.h */ = {isa = PBXFileReference; fileEncoding = 4; lastKnownFileType = sourcecode.c.h; path = TableViewController.h; sourceTree = "<group>"; };
		4471D4DF1DB7822C00DE1EBE /* TableViewController.m */ = {isa = PBXFileReference; fileEncoding = 4; lastKnownFileType = sourcecode.c.objc; path = TableViewController.m; sourceTree = "<group>"; };
		4471D4E11DB7822C00DE1EBE /* TableViewControllerWithSections.h */ = {isa = PBXFileReference; fileEncoding = 4; lastKnownFileType = sourcecode.c.h; path = TableViewControllerWithSections.h; sourceTree = "<group>"; };
		4471D4E21DB7822C00DE1EBE /* TableViewControllerWithSections.m */ = {isa = PBXFileReference; fileEncoding = 4; lastKnownFileType = sourcecode.c.objc; path = TableViewControllerWithSections.m; sourceTree = "<group>"; };
		4479C23E1DB77BB000803558 /* OptionsController.h */ = {isa = PBXFileReference; fileEncoding = 4; lastKnownFileType = sourcecode.c.h; path = OptionsController.h; sourceTree = "<group>"; };
		4479C23F1DB77BB000803558 /* OptionsController.m */ = {isa = PBXFileReference; fileEncoding = 4; lastKnownFileType = sourcecode.c.objc; path = OptionsController.m; sourceTree = "<group>"; };
		4479C2411DB77BB000803558 /* AppDelegate.h */ = {isa = PBXFileReference; fileEncoding = 4; lastKnownFileType = sourcecode.c.h; path = AppDelegate.h; sourceTree = "<group>"; };
		4479C2421DB77BB000803558 /* AppDelegate.m */ = {isa = PBXFileReference; fileEncoding = 4; lastKnownFileType = sourcecode.c.objc; path = AppDelegate.m; sourceTree = "<group>"; };
		447D2EDD1DB784F9006CBF1C /* CollectionViewController.swift */ = {isa = PBXFileReference; fileEncoding = 4; lastKnownFileType = sourcecode.swift; path = CollectionViewController.swift; sourceTree = "<group>"; };
		447D2EE11DB784F9006CBF1C /* OptionsController.swift */ = {isa = PBXFileReference; fileEncoding = 4; lastKnownFileType = sourcecode.swift; path = OptionsController.swift; sourceTree = "<group>"; };
		447D2EE31DB784F9006CBF1C /* AppDelegate.swift */ = {isa = PBXFileReference; fileEncoding = 4; lastKnownFileType = sourcecode.swift; path = AppDelegate.swift; sourceTree = "<group>"; };
		447D2EEB1DB78559006CBF1C /* CollectionViewControllerWithSections.swift */ = {isa = PBXFileReference; fileEncoding = 4; lastKnownFileType = sourcecode.swift; path = CollectionViewControllerWithSections.swift; sourceTree = "<group>"; };
		447D2EED1DB7855E006CBF1C /* TableViewController.swift */ = {isa = PBXFileReference; fileEncoding = 4; lastKnownFileType = sourcecode.swift; path = TableViewController.swift; sourceTree = "<group>"; };
		447D2EEF1DB78564006CBF1C /* TableViewControllerWithSections.swift */ = {isa = PBXFileReference; fileEncoding = 4; lastKnownFileType = sourcecode.swift; path = TableViewControllerWithSections.swift; sourceTree = "<group>"; };
		44A8DB5D1DB77E62009EF5A7 /* Helper.swift */ = {isa = PBXFileReference; fileEncoding = 4; lastKnownFileType = sourcecode.swift; path = Helper.swift; sourceTree = "<group>"; };
		44B91CE41DB7728D009DB4B7 /* SwiftDemo.app */ = {isa = PBXFileReference; explicitFileType = wrapper.application; includeInIndex = 0; path = SwiftDemo.app; sourceTree = BUILT_PRODUCTS_DIR; };
		44B91CEF1DB7728D009DB4B7 /* Assets.xcassets */ = {isa = PBXFileReference; lastKnownFileType = folder.assetcatalog; path = Assets.xcassets; sourceTree = "<group>"; };
		44B91CF21DB7728D009DB4B7 /* Base */ = {isa = PBXFileReference; lastKnownFileType = file.storyboard; name = Base; path = Base.lproj/LaunchScreen.storyboard; sourceTree = "<group>"; };
		44B91CF41DB7728D009DB4B7 /* Info.plist */ = {isa = PBXFileReference; lastKnownFileType = text.plist.xml; path = Info.plist; sourceTree = "<group>"; };
		44B91CFC1DB7729D009DB4B7 /* ObjectiveCDemo.app */ = {isa = PBXFileReference; explicitFileType = wrapper.application; includeInIndex = 0; path = ObjectiveCDemo.app; sourceTree = BUILT_PRODUCTS_DIR; };
		44B91CFF1DB7729D009DB4B7 /* main.m */ = {isa = PBXFileReference; lastKnownFileType = sourcecode.c.objc; path = main.m; sourceTree = "<group>"; };
		44B91D0D1DB7729D009DB4B7 /* Assets.xcassets */ = {isa = PBXFileReference; lastKnownFileType = folder.assetcatalog; path = Assets.xcassets; sourceTree = "<group>"; };
		44B91D101DB7729D009DB4B7 /* Base */ = {isa = PBXFileReference; lastKnownFileType = file.storyboard; name = Base; path = Base.lproj/LaunchScreen.storyboard; sourceTree = "<group>"; };
		44B91D121DB7729D009DB4B7 /* Info.plist */ = {isa = PBXFileReference; lastKnownFileType = text.plist.xml; path = Info.plist; sourceTree = "<group>"; };
		44B91D161DB77375009DB4B7 /* DATAStack.framework */ = {isa = PBXFileReference; lastKnownFileType = wrapper.framework; name = DATAStack.framework; path = Carthage/Build/iOS/DATAStack.framework; sourceTree = "<group>"; };
		44B91D1A1DB77381009DB4B7 /* DATAStack.framework */ = {isa = PBXFileReference; lastKnownFileType = wrapper.framework; name = DATAStack.framework; path = Carthage/Build/iOS/DATAStack.framework; sourceTree = "<group>"; };
/* End PBXFileReference section */

/* Begin PBXFrameworksBuildPhase section */
		146D72A91AB782920058798C /* Frameworks */ = {
			isa = PBXFrameworksBuildPhase;
			buildActionMask = 2147483647;
			files = (
				14C022701CC9038700CEFC40 /* DATAStack.framework in Frameworks */,
			);
			runOnlyForDeploymentPostprocessing = 0;
		};
		14F848631CC667990052E4B0 /* Frameworks */ = {
			isa = PBXFrameworksBuildPhase;
			buildActionMask = 2147483647;
			files = (
			);
			runOnlyForDeploymentPostprocessing = 0;
		};
		14F848791CC668820052E4B0 /* Frameworks */ = {
			isa = PBXFrameworksBuildPhase;
			buildActionMask = 2147483647;
			files = (
			);
			runOnlyForDeploymentPostprocessing = 0;
		};
		44B91CE11DB7728D009DB4B7 /* Frameworks */ = {
			isa = PBXFrameworksBuildPhase;
			buildActionMask = 2147483647;
			files = (
				44B91D171DB77375009DB4B7 /* DATAStack.framework in Frameworks */,
			);
			runOnlyForDeploymentPostprocessing = 0;
		};
		44B91CF91DB7729D009DB4B7 /* Frameworks */ = {
			isa = PBXFrameworksBuildPhase;
			buildActionMask = 2147483647;
			files = (
				44B91D1B1DB77381009DB4B7 /* DATAStack.framework in Frameworks */,
			);
			runOnlyForDeploymentPostprocessing = 0;
		};
/* End PBXFrameworksBuildPhase section */

/* Begin PBXGroup section */
		14308A9B1CC66665000C21DF /* Source */ = {
			isa = PBXGroup;
			children = (
				14F848701CC667D20052E4B0 /* DATASource.h */,
				14308A9F1CC66665000C21DF /* DATASource.swift */,
				14308AA11CC66665000C21DF /* DATASourceDelegate.swift */,
				14308A9C1CC66665000C21DF /* DATASource+NSFetchedResultsControllerDelegate.swift */,
				14308A9D1CC66665000C21DF /* DATASource+UICollectionViewDataSource.swift */,
				14308A9E1CC66665000C21DF /* DATASource+UITableViewDataSource.swift */,
				14308AA01CC66665000C21DF /* DATASourceCollectionHeaderView.swift */,
			);
			path = Source;
			sourceTree = "<group>";
		};
		14663CA41DB97F2D00E8ABFC /* TableViewControllerWithSectionsWithoutIndex */ = {
			isa = PBXGroup;
			children = (
				14663CA51DB97F2D00E8ABFC /* TableViewControllerWithSectionsWithoutIndex.swift */,
			);
			path = TableViewControllerWithSectionsWithoutIndex;
			sourceTree = "<group>";
		};
		146D728A1AB782920058798C = {
			isa = PBXGroup;
			children = (
				14308A9B1CC66665000C21DF /* Source */,
				14C136501AB7849300B7B07A /* Metadata */,
				146D72AF1AB782920058798C /* Tests */,
				1498B6041C3BC9E80066FAC8 /* Library */,
				44B91CE51DB7728D009DB4B7 /* SwiftDemo */,
				44B91CFD1DB7729D009DB4B7 /* ObjectiveCDemo */,
				146D72941AB782920058798C /* Products */,
				AD64C6A3429E8A3FBFC3CF2D /* Frameworks */,
			);
			indentWidth = 4;
			sourceTree = "<group>";
			tabWidth = 4;
		};
		146D72941AB782920058798C /* Products */ = {
			isa = PBXGroup;
			children = (
				146D72AC1AB782920058798C /* Tests.xctest */,
				14F848671CC667990052E4B0 /* DATASource.framework */,
				14F8487D1CC668820052E4B0 /* DATASource.framework */,
				44B91CE41DB7728D009DB4B7 /* SwiftDemo.app */,
				44B91CFC1DB7729D009DB4B7 /* ObjectiveCDemo.app */,
			);
			name = Products;
			sourceTree = "<group>";
		};
		146D72AF1AB782920058798C /* Tests */ = {
			isa = PBXGroup;
			children = (
				14A139B31AEFC72B00AD732F /* Tests.swift */,
				146D72B01AB782920058798C /* Supporting Files */,
			);
			path = Tests;
			sourceTree = "<group>";
		};
		146D72B01AB782920058798C /* Supporting Files */ = {
			isa = PBXGroup;
			children = (
				146D72B11AB782920058798C /* Info.plist */,
			);
			name = "Supporting Files";
			sourceTree = "<group>";
		};
		1498B6041C3BC9E80066FAC8 /* Library */ = {
			isa = PBXGroup;
			children = (
				1498B6061C3BC9E80066FAC8 /* DataModel.xcdatamodeld */,
				1498B6051C3BC9E80066FAC8 /* CollectionCell.swift */,
				44A8DB5D1DB77E62009EF5A7 /* Helper.swift */,
				142E727E1E2385BE001ACF3F /* CustomTableViewCell.swift */,
			);
			path = Library;
			sourceTree = "<group>";
		};
		14A42BB91EB20AE400DCBF84 /* TableViewControllerDeleteCells */ = {
			isa = PBXGroup;
			children = (
				14A42BBA1EB20AE400DCBF84 /* TableViewControllerDeleteCells.swift */,
			);
			path = TableViewControllerDeleteCells;
			sourceTree = "<group>";
		};
		14C136501AB7849300B7B07A /* Metadata */ = {
			isa = PBXGroup;
			children = (
				14C0AF801BD6D4230009ECBE /* .travis.yml */,
				14C0AF811BD6D4230009ECBE /* CHANGELOG.md */,
				14C0AF821BD6D4230009ECBE /* CONTRIBUTING.md */,
				14C0AF831BD6D4230009ECBE /* README.md */,
				14F8486F1CC667BB0052E4B0 /* Info.plist */,
			);
			name = Metadata;
			sourceTree = "<group>";
		};
		14F2858C1DB9859A00028AD4 /* CollectionViewMultipleCellIdentifiers */ = {
			isa = PBXGroup;
			children = (
				14F2858D1DB9859A00028AD4 /* CollectionViewMultipleCellIdentifiers.swift */,
				14F2858F1DB986EE00028AD4 /* AlternativeCell.swift */,
			);
			path = CollectionViewMultipleCellIdentifiers;
			sourceTree = "<group>";
		};
		4471D4D21DB7822C00DE1EBE /* CollectionViewController */ = {
			isa = PBXGroup;
			children = (
				4471D4D31DB7822C00DE1EBE /* CollectionViewController.h */,
				4471D4D41DB7822C00DE1EBE /* CollectionViewController.m */,
			);
			path = CollectionViewController;
			sourceTree = "<group>";
		};
		4471D4D51DB7822C00DE1EBE /* CollectionViewControllerWithFooter */ = {
			isa = PBXGroup;
			children = (
				4471D4D61DB7822C00DE1EBE /* CollectionViewControllerWithFooter.h */,
				4471D4D71DB7822C00DE1EBE /* CollectionViewControllerWithFooter.m */,
				4471D4D81DB7822C00DE1EBE /* FooterExampleView.h */,
				4471D4D91DB7822C00DE1EBE /* FooterExampleView.m */,
			);
			path = CollectionViewControllerWithFooter;
			sourceTree = "<group>";
		};
		4471D4DA1DB7822C00DE1EBE /* CollectionViewControllerWithSections */ = {
			isa = PBXGroup;
			children = (
				4471D4DB1DB7822C00DE1EBE /* CollectionViewControllerWithSections.h */,
				4471D4DC1DB7822C00DE1EBE /* CollectionViewControllerWithSections.m */,
			);
			path = CollectionViewControllerWithSections;
			sourceTree = "<group>";
		};
		4471D4DD1DB7822C00DE1EBE /* TableViewController */ = {
			isa = PBXGroup;
			children = (
				4471D4DE1DB7822C00DE1EBE /* TableViewController.h */,
				4471D4DF1DB7822C00DE1EBE /* TableViewController.m */,
			);
			path = TableViewController;
			sourceTree = "<group>";
		};
		4471D4E01DB7822C00DE1EBE /* TableViewControllerWithSections */ = {
			isa = PBXGroup;
			children = (
				4471D4E11DB7822C00DE1EBE /* TableViewControllerWithSections.h */,
				4471D4E21DB7822C00DE1EBE /* TableViewControllerWithSections.m */,
			);
			path = TableViewControllerWithSections;
			sourceTree = "<group>";
		};
		4479C23D1DB77BB000803558 /* Options */ = {
			isa = PBXGroup;
			children = (
				4479C23E1DB77BB000803558 /* OptionsController.h */,
				4479C23F1DB77BB000803558 /* OptionsController.m */,
			);
			path = Options;
			sourceTree = "<group>";
		};
		4479C2401DB77BB000803558 /* Root */ = {
			isa = PBXGroup;
			children = (
				4479C2411DB77BB000803558 /* AppDelegate.h */,
				4479C2421DB77BB000803558 /* AppDelegate.m */,
			);
			path = Root;
			sourceTree = "<group>";
		};
		447D2EDC1DB784F9006CBF1C /* CollectionViewController */ = {
			isa = PBXGroup;
			children = (
				447D2EDD1DB784F9006CBF1C /* CollectionViewController.swift */,
			);
			path = CollectionViewController;
			sourceTree = "<group>";
		};
		447D2EDF1DB784F9006CBF1C /* CollectionViewControllerWithSections */ = {
			isa = PBXGroup;
			children = (
				447D2EEB1DB78559006CBF1C /* CollectionViewControllerWithSections.swift */,
			);
			path = CollectionViewControllerWithSections;
			sourceTree = "<group>";
		};
		447D2EE01DB784F9006CBF1C /* Options */ = {
			isa = PBXGroup;
			children = (
				447D2EE11DB784F9006CBF1C /* OptionsController.swift */,
			);
			path = Options;
			sourceTree = "<group>";
		};
		447D2EE21DB784F9006CBF1C /* Root */ = {
			isa = PBXGroup;
			children = (
				447D2EE31DB784F9006CBF1C /* AppDelegate.swift */,
			);
			path = Root;
			sourceTree = "<group>";
		};
		447D2EE41DB784F9006CBF1C /* TableViewController */ = {
			isa = PBXGroup;
			children = (
				447D2EED1DB7855E006CBF1C /* TableViewController.swift */,
			);
			path = TableViewController;
			sourceTree = "<group>";
		};
		447D2EE51DB784F9006CBF1C /* TableViewControllerWithSections */ = {
			isa = PBXGroup;
			children = (
				447D2EEF1DB78564006CBF1C /* TableViewControllerWithSections.swift */,
			);
			path = TableViewControllerWithSections;
			sourceTree = "<group>";
		};
		44B91CE51DB7728D009DB4B7 /* SwiftDemo */ = {
			isa = PBXGroup;
			children = (
				447D2EE21DB784F9006CBF1C /* Root */,
				447D2EE01DB784F9006CBF1C /* Options */,
				447D2EDC1DB784F9006CBF1C /* CollectionViewController */,
				447D2EDF1DB784F9006CBF1C /* CollectionViewControllerWithSections */,
				14F2858C1DB9859A00028AD4 /* CollectionViewMultipleCellIdentifiers */,
				447D2EE41DB784F9006CBF1C /* TableViewController */,
				447D2EE51DB784F9006CBF1C /* TableViewControllerWithSections */,
				14663CA41DB97F2D00E8ABFC /* TableViewControllerWithSectionsWithoutIndex */,
				14A42BB91EB20AE400DCBF84 /* TableViewControllerDeleteCells */,
				44B91CEF1DB7728D009DB4B7 /* Assets.xcassets */,
				44B91CF11DB7728D009DB4B7 /* LaunchScreen.storyboard */,
				44B91CF41DB7728D009DB4B7 /* Info.plist */,
			);
			path = SwiftDemo;
			sourceTree = "<group>";
		};
		44B91CFD1DB7729D009DB4B7 /* ObjectiveCDemo */ = {
			isa = PBXGroup;
			children = (
				4479C2401DB77BB000803558 /* Root */,
				4479C23D1DB77BB000803558 /* Options */,
				4471D4D21DB7822C00DE1EBE /* CollectionViewController */,
				4471D4DA1DB7822C00DE1EBE /* CollectionViewControllerWithSections */,
				4471D4D51DB7822C00DE1EBE /* CollectionViewControllerWithFooter */,
				4471D4DD1DB7822C00DE1EBE /* TableViewController */,
				4471D4E01DB7822C00DE1EBE /* TableViewControllerWithSections */,
				44B91CFE1DB7729D009DB4B7 /* Supporting Files */,
			);
			path = ObjectiveCDemo;
			sourceTree = "<group>";
		};
		44B91CFE1DB7729D009DB4B7 /* Supporting Files */ = {
			isa = PBXGroup;
			children = (
				44B91D0D1DB7729D009DB4B7 /* Assets.xcassets */,
				44B91D0F1DB7729D009DB4B7 /* LaunchScreen.storyboard */,
				44B91D121DB7729D009DB4B7 /* Info.plist */,
				44B91CFF1DB7729D009DB4B7 /* main.m */,
			);
			name = "Supporting Files";
			sourceTree = "<group>";
		};
		AD64C6A3429E8A3FBFC3CF2D /* Frameworks */ = {
			isa = PBXGroup;
			children = (
				44B91D1A1DB77381009DB4B7 /* DATAStack.framework */,
				44B91D161DB77375009DB4B7 /* DATAStack.framework */,
				14C022581CC9031F00CEFC40 /* DATAStack.framework */,
				149EE8791CC916DB002739BA /* DATAStack.framework */,
				14C022541CC9031700CEFC40 /* DATAStack.framework */,
				14C0225C1CC9033B00CEFC40 /* DATAStack.framework */,
				14C022601CC9034500CEFC40 /* DATAStack.framework */,
				14C022641CC9034E00CEFC40 /* DATAStack.framework */,
				14C022681CC9035800CEFC40 /* DATAStack.framework */,
				14C0226C1CC9036100CEFC40 /* DATAStack.framework */,
			);
			name = Frameworks;
			sourceTree = "<group>";
		};
/* End PBXGroup section */

/* Begin PBXHeadersBuildPhase section */
		14F848641CC667990052E4B0 /* Headers */ = {
			isa = PBXHeadersBuildPhase;
			buildActionMask = 2147483647;
			files = (
				14F848711CC6686B0052E4B0 /* DATASource.h in Headers */,
			);
			runOnlyForDeploymentPostprocessing = 0;
		};
		14F8487A1CC668820052E4B0 /* Headers */ = {
			isa = PBXHeadersBuildPhase;
			buildActionMask = 2147483647;
			files = (
				14F848851CC668B10052E4B0 /* DATASource.h in Headers */,
			);
			runOnlyForDeploymentPostprocessing = 0;
		};
/* End PBXHeadersBuildPhase section */

/* Begin PBXNativeTarget section */
		146D72AB1AB782920058798C /* Tests */ = {
			isa = PBXNativeTarget;
			buildConfigurationList = 146D72B91AB782920058798C /* Build configuration list for PBXNativeTarget "Tests" */;
			buildPhases = (
				146D72A81AB782920058798C /* Sources */,
				146D72A91AB782920058798C /* Frameworks */,
				146D72AA1AB782920058798C /* Resources */,
				149EE8781CC916B5002739BA /* CopyFiles */,
			);
			buildRules = (
			);
			dependencies = (
			);
			name = Tests;
			productName = PodTests;
			productReference = 146D72AC1AB782920058798C /* Tests.xctest */;
			productType = "com.apple.product-type.bundle.unit-test";
		};
		14F848661CC667990052E4B0 /* DATASource-iOS */ = {
			isa = PBXNativeTarget;
			buildConfigurationList = 14F8486E1CC667990052E4B0 /* Build configuration list for PBXNativeTarget "DATASource-iOS" */;
			buildPhases = (
				14F848621CC667990052E4B0 /* Sources */,
				14F848631CC667990052E4B0 /* Frameworks */,
				14F848641CC667990052E4B0 /* Headers */,
				14F848651CC667990052E4B0 /* Resources */,
			);
			buildRules = (
			);
			dependencies = (
			);
			name = "DATASource-iOS";
			productName = "DATASource-iOS";
			productReference = 14F848671CC667990052E4B0 /* DATASource.framework */;
			productType = "com.apple.product-type.framework";
		};
		14F8487C1CC668820052E4B0 /* DATASource-tvOS */ = {
			isa = PBXNativeTarget;
			buildConfigurationList = 14F848821CC668820052E4B0 /* Build configuration list for PBXNativeTarget "DATASource-tvOS" */;
			buildPhases = (
				14F848781CC668820052E4B0 /* Sources */,
				14F848791CC668820052E4B0 /* Frameworks */,
				14F8487A1CC668820052E4B0 /* Headers */,
				14F8487B1CC668820052E4B0 /* Resources */,
			);
			buildRules = (
			);
			dependencies = (
			);
			name = "DATASource-tvOS";
			productName = "DATASource-tvOS";
			productReference = 14F8487D1CC668820052E4B0 /* DATASource.framework */;
			productType = "com.apple.product-type.framework";
		};
		44B91CE31DB7728D009DB4B7 /* SwiftDemo */ = {
			isa = PBXNativeTarget;
			buildConfigurationList = 44B91CF51DB7728D009DB4B7 /* Build configuration list for PBXNativeTarget "SwiftDemo" */;
			buildPhases = (
				44B91CE01DB7728D009DB4B7 /* Sources */,
				44B91CE11DB7728D009DB4B7 /* Frameworks */,
				44B91CE21DB7728D009DB4B7 /* Resources */,
				44B91D191DB77375009DB4B7 /* Embed Frameworks */,
			);
			buildRules = (
			);
			dependencies = (
			);
			name = SwiftDemo;
			productName = SwiftDemo;
			productReference = 44B91CE41DB7728D009DB4B7 /* SwiftDemo.app */;
			productType = "com.apple.product-type.application";
		};
		44B91CFB1DB7729D009DB4B7 /* ObjectiveCDemo */ = {
			isa = PBXNativeTarget;
			buildConfigurationList = 44B91D131DB7729D009DB4B7 /* Build configuration list for PBXNativeTarget "ObjectiveCDemo" */;
			buildPhases = (
				44B91CF81DB7729D009DB4B7 /* Sources */,
				44B91CF91DB7729D009DB4B7 /* Frameworks */,
				44B91CFA1DB7729D009DB4B7 /* Resources */,
				44B91D1D1DB77381009DB4B7 /* Embed Frameworks */,
			);
			buildRules = (
			);
			dependencies = (
			);
			name = ObjectiveCDemo;
			productName = ObjectiveCDemo;
			productReference = 44B91CFC1DB7729D009DB4B7 /* ObjectiveCDemo.app */;
			productType = "com.apple.product-type.application";
		};
/* End PBXNativeTarget section */

/* Begin PBXProject section */
		146D728B1AB782920058798C /* Project object */ = {
			isa = PBXProject;
			attributes = {
				CLASSPREFIX = "";
				LastSwiftUpdateCheck = 0800;
				LastUpgradeCheck = 1020;
				ORGANIZATIONNAME = "";
				TargetAttributes = {
					146D72AB1AB782920058798C = {
						CreatedOnToolsVersion = 6.2;
						DevelopmentTeamName = "Elvis Nunez (Personal Team)";
						LastSwiftMigration = 0900;
						ProvisioningStyle = Manual;
					};
					14F848661CC667990052E4B0 = {
						CreatedOnToolsVersion = 7.3;
						DevelopmentTeam = C6K65RDJHL;
						DevelopmentTeamName = "Elvis Nunez (Personal Team)";
						LastSwiftMigration = 0900;
					};
					14F8487C1CC668820052E4B0 = {
						CreatedOnToolsVersion = 7.3;
						DevelopmentTeam = C6K65RDJHL;
						DevelopmentTeamName = "Elvis Nunez (Personal Team)";
						LastSwiftMigration = 1100;
					};
					44B91CE31DB7728D009DB4B7 = {
						CreatedOnToolsVersion = 8.0;
						DevelopmentTeam = D34XZHQLE3;
						LastSwiftMigration = 1020;
						ProvisioningStyle = Automatic;
					};
					44B91CFB1DB7729D009DB4B7 = {
						CreatedOnToolsVersion = 8.0;
						DevelopmentTeam = 3TAZ984YN3;
						LastSwiftMigration = 0900;
						ProvisioningStyle = Automatic;
					};
				};
			};
			buildConfigurationList = 146D728E1AB782920058798C /* Build configuration list for PBXProject "Demo" */;
			compatibilityVersion = "Xcode 3.2";
			developmentRegion = en;
			hasScannedForEncodings = 0;
			knownRegions = (
				en,
				Base,
			);
			mainGroup = 146D728A1AB782920058798C;
			productRefGroup = 146D72941AB782920058798C /* Products */;
			projectDirPath = "";
			projectRoot = "";
			targets = (
				146D72AB1AB782920058798C /* Tests */,
				14F848661CC667990052E4B0 /* DATASource-iOS */,
				14F8487C1CC668820052E4B0 /* DATASource-tvOS */,
				44B91CE31DB7728D009DB4B7 /* SwiftDemo */,
				44B91CFB1DB7729D009DB4B7 /* ObjectiveCDemo */,
			);
		};
/* End PBXProject section */

/* Begin PBXResourcesBuildPhase section */
		146D72AA1AB782920058798C /* Resources */ = {
			isa = PBXResourcesBuildPhase;
			buildActionMask = 2147483647;
			files = (
			);
			runOnlyForDeploymentPostprocessing = 0;
		};
		14F848651CC667990052E4B0 /* Resources */ = {
			isa = PBXResourcesBuildPhase;
			buildActionMask = 2147483647;
			files = (
			);
			runOnlyForDeploymentPostprocessing = 0;
		};
		14F8487B1CC668820052E4B0 /* Resources */ = {
			isa = PBXResourcesBuildPhase;
			buildActionMask = 2147483647;
			files = (
			);
			runOnlyForDeploymentPostprocessing = 0;
		};
		44B91CE21DB7728D009DB4B7 /* Resources */ = {
			isa = PBXResourcesBuildPhase;
			buildActionMask = 2147483647;
			files = (
				44B91CF31DB7728D009DB4B7 /* LaunchScreen.storyboard in Resources */,
				44B91CF01DB7728D009DB4B7 /* Assets.xcassets in Resources */,
			);
			runOnlyForDeploymentPostprocessing = 0;
		};
		44B91CFA1DB7729D009DB4B7 /* Resources */ = {
			isa = PBXResourcesBuildPhase;
			buildActionMask = 2147483647;
			files = (
				44B91D111DB7729D009DB4B7 /* LaunchScreen.storyboard in Resources */,
				44B91D0E1DB7729D009DB4B7 /* Assets.xcassets in Resources */,
			);
			runOnlyForDeploymentPostprocessing = 0;
		};
/* End PBXResourcesBuildPhase section */

/* Begin PBXSourcesBuildPhase section */
		146D72A81AB782920058798C /* Sources */ = {
			isa = PBXSourcesBuildPhase;
			buildActionMask = 2147483647;
			files = (
				44A8DB601DB77F46009EF5A7 /* Helper.swift in Sources */,
				14308AAA1CC66665000C21DF /* DATASource+UICollectionViewDataSource.swift in Sources */,
				14AFFAF11C3C00E3001AD02C /* DataModel.xcdatamodeld in Sources */,
				14308AC21CC66665000C21DF /* DATASourceCollectionHeaderView.swift in Sources */,
				14308AB21CC66665000C21DF /* DATASource+UITableViewDataSource.swift in Sources */,
				14308AA21CC66665000C21DF /* DATASource+NSFetchedResultsControllerDelegate.swift in Sources */,
				14A139B41AEFC72B00AD732F /* Tests.swift in Sources */,
				14308ACA1CC66665000C21DF /* DATASourceDelegate.swift in Sources */,
				14308ABA1CC66665000C21DF /* DATASource.swift in Sources */,
			);
			runOnlyForDeploymentPostprocessing = 0;
		};
		14F848621CC667990052E4B0 /* Sources */ = {
			isa = PBXSourcesBuildPhase;
			buildActionMask = 2147483647;
			files = (
				14F848721CC668700052E4B0 /* DATASource+NSFetchedResultsControllerDelegate.swift in Sources */,
				14F848731CC668700052E4B0 /* DATASource+UICollectionViewDataSource.swift in Sources */,
				14F848741CC668700052E4B0 /* DATASource+UITableViewDataSource.swift in Sources */,
				14F848751CC668700052E4B0 /* DATASource.swift in Sources */,
				14F848761CC668700052E4B0 /* DATASourceCollectionHeaderView.swift in Sources */,
				14F848771CC668700052E4B0 /* DATASourceDelegate.swift in Sources */,
			);
			runOnlyForDeploymentPostprocessing = 0;
		};
		14F848781CC668820052E4B0 /* Sources */ = {
			isa = PBXSourcesBuildPhase;
			buildActionMask = 2147483647;
			files = (
				14F848861CC668B60052E4B0 /* DATASource+NSFetchedResultsControllerDelegate.swift in Sources */,
				14F848871CC668B60052E4B0 /* DATASource+UICollectionViewDataSource.swift in Sources */,
				14F848881CC668B60052E4B0 /* DATASource+UITableViewDataSource.swift in Sources */,
				14F848891CC668B60052E4B0 /* DATASource.swift in Sources */,
				14F8488A1CC668B60052E4B0 /* DATASourceCollectionHeaderView.swift in Sources */,
				14F8488B1CC668B60052E4B0 /* DATASourceDelegate.swift in Sources */,
			);
			runOnlyForDeploymentPostprocessing = 0;
		};
		44B91CE01DB7728D009DB4B7 /* Sources */ = {
			isa = PBXSourcesBuildPhase;
			buildActionMask = 2147483647;
			files = (
				44B91D321DB77514009DB4B7 /* DataModel.xcdatamodeld in Sources */,
				14F285901DB986EE00028AD4 /* AlternativeCell.swift in Sources */,
				14F2858E1DB9859A00028AD4 /* CollectionViewMultipleCellIdentifiers.swift in Sources */,
				44B91D281DB774B6009DB4B7 /* DATASource+NSFetchedResultsControllerDelegate.swift in Sources */,
				447D2EEC1DB78559006CBF1C /* CollectionViewControllerWithSections.swift in Sources */,
				142E72801E2385BE001ACF3F /* CustomTableViewCell.swift in Sources */,
				14663CA61DB97F2D00E8ABFC /* TableViewControllerWithSectionsWithoutIndex.swift in Sources */,
				44B91D2E1DB774BF009DB4B7 /* DATASourceCollectionHeaderView.swift in Sources */,
				14A42BBB1EB20AE400DCBF84 /* TableViewControllerDeleteCells.swift in Sources */,
				447D2EE71DB784F9006CBF1C /* OptionsController.swift in Sources */,
				447D2EE61DB784F9006CBF1C /* CollectionViewController.swift in Sources */,
				44B91D2C1DB774BD009DB4B7 /* DATASource+UITableViewDataSource.swift in Sources */,
				44B91D261DB774B2009DB4B7 /* DATASourceDelegate.swift in Sources */,
				447D2EE81DB784F9006CBF1C /* AppDelegate.swift in Sources */,
				44B91D241DB774B0009DB4B7 /* DATASource.swift in Sources */,
				447D2EEE1DB7855E006CBF1C /* TableViewController.swift in Sources */,
				447D2EF01DB78564006CBF1C /* TableViewControllerWithSections.swift in Sources */,
				44B91D2A1DB774B9009DB4B7 /* DATASource+UICollectionViewDataSource.swift in Sources */,
				44B91D301DB77511009DB4B7 /* CollectionCell.swift in Sources */,
				44A8DB5E1DB77E62009EF5A7 /* Helper.swift in Sources */,
			);
			runOnlyForDeploymentPostprocessing = 0;
		};
		44B91CF81DB7729D009DB4B7 /* Sources */ = {
			isa = PBXSourcesBuildPhase;
			buildActionMask = 2147483647;
			files = (
				44B91D2F1DB774C0009DB4B7 /* DATASourceCollectionHeaderView.swift in Sources */,
				4471D4E61DB7822C00DE1EBE /* CollectionViewControllerWithSections.m in Sources */,
				44B91D2D1DB774BD009DB4B7 /* DATASource+UITableViewDataSource.swift in Sources */,
				44B91D291DB774B6009DB4B7 /* DATASource+NSFetchedResultsControllerDelegate.swift in Sources */,
				44B91D271DB774B4009DB4B7 /* DATASourceDelegate.swift in Sources */,
				142E72811E2385BE001ACF3F /* CustomTableViewCell.swift in Sources */,
				4471D4E51DB7822C00DE1EBE /* FooterExampleView.m in Sources */,
				44B91D001DB7729D009DB4B7 /* main.m in Sources */,
				44A8DB5F1DB77E62009EF5A7 /* Helper.swift in Sources */,
				44B91D2B1DB774BA009DB4B7 /* DATASource+UICollectionViewDataSource.swift in Sources */,
				44B91D331DB77515009DB4B7 /* DataModel.xcdatamodeld in Sources */,
				4471D4E31DB7822C00DE1EBE /* CollectionViewController.m in Sources */,
				44B91D311DB77511009DB4B7 /* CollectionCell.swift in Sources */,
				4471D4E71DB7822C00DE1EBE /* TableViewController.m in Sources */,
				4479C24C1DB77BB000803558 /* AppDelegate.m in Sources */,
				4471D4E81DB7822C00DE1EBE /* TableViewControllerWithSections.m in Sources */,
				4479C24B1DB77BB000803558 /* OptionsController.m in Sources */,
				44B91D251DB774B0009DB4B7 /* DATASource.swift in Sources */,
				4471D4E41DB7822C00DE1EBE /* CollectionViewControllerWithFooter.m in Sources */,
			);
			runOnlyForDeploymentPostprocessing = 0;
		};
/* End PBXSourcesBuildPhase section */

/* Begin PBXVariantGroup section */
		44B91CF11DB7728D009DB4B7 /* LaunchScreen.storyboard */ = {
			isa = PBXVariantGroup;
			children = (
				44B91CF21DB7728D009DB4B7 /* Base */,
			);
			name = LaunchScreen.storyboard;
			sourceTree = "<group>";
		};
		44B91D0F1DB7729D009DB4B7 /* LaunchScreen.storyboard */ = {
			isa = PBXVariantGroup;
			children = (
				44B91D101DB7729D009DB4B7 /* Base */,
			);
			name = LaunchScreen.storyboard;
			sourceTree = "<group>";
		};
/* End PBXVariantGroup section */

/* Begin XCBuildConfiguration section */
		146D72B41AB782920058798C /* Debug */ = {
			isa = XCBuildConfiguration;
			buildSettings = {
				ALWAYS_SEARCH_USER_PATHS = NO;
				CLANG_CXX_LANGUAGE_STANDARD = "gnu++0x";
				CLANG_CXX_LIBRARY = "libc++";
				CLANG_ENABLE_MODULES = YES;
				CLANG_ENABLE_OBJC_ARC = YES;
				CLANG_WARN_BLOCK_CAPTURE_AUTORELEASING = YES;
				CLANG_WARN_BOOL_CONVERSION = YES;
				CLANG_WARN_COMMA = YES;
				CLANG_WARN_CONSTANT_CONVERSION = YES;
				CLANG_WARN_DEPRECATED_OBJC_IMPLEMENTATIONS = YES;
				CLANG_WARN_DIRECT_OBJC_ISA_USAGE = YES_ERROR;
				CLANG_WARN_EMPTY_BODY = YES;
				CLANG_WARN_ENUM_CONVERSION = YES;
				CLANG_WARN_INFINITE_RECURSION = YES;
				CLANG_WARN_INT_CONVERSION = YES;
				CLANG_WARN_NON_LITERAL_NULL_CONVERSION = YES;
				CLANG_WARN_OBJC_IMPLICIT_RETAIN_SELF = YES;
				CLANG_WARN_OBJC_LITERAL_CONVERSION = YES;
				CLANG_WARN_OBJC_ROOT_CLASS = YES_ERROR;
				CLANG_WARN_RANGE_LOOP_ANALYSIS = YES;
				CLANG_WARN_STRICT_PROTOTYPES = YES;
				CLANG_WARN_SUSPICIOUS_MOVE = YES;
				CLANG_WARN_UNREACHABLE_CODE = YES;
				CLANG_WARN__DUPLICATE_METHOD_MATCH = YES;
				"CODE_SIGN_IDENTITY[sdk=iphoneos*]" = "iPhone Developer";
				COPY_PHASE_STRIP = NO;
				ENABLE_STRICT_OBJC_MSGSEND = YES;
				ENABLE_TESTABILITY = YES;
				GCC_C_LANGUAGE_STANDARD = gnu99;
				GCC_DYNAMIC_NO_PIC = NO;
				GCC_NO_COMMON_BLOCKS = YES;
				GCC_OPTIMIZATION_LEVEL = 0;
				GCC_PREPROCESSOR_DEFINITIONS = (
					"DEBUG=1",
					"$(inherited)",
				);
				GCC_SYMBOLS_PRIVATE_EXTERN = NO;
				GCC_WARN_64_TO_32_BIT_CONVERSION = YES;
				GCC_WARN_ABOUT_RETURN_TYPE = YES_ERROR;
				GCC_WARN_UNDECLARED_SELECTOR = YES;
				GCC_WARN_UNINITIALIZED_AUTOS = YES_AGGRESSIVE;
				GCC_WARN_UNUSED_FUNCTION = YES;
				GCC_WARN_UNUSED_VARIABLE = YES;
				IPHONEOS_DEPLOYMENT_TARGET = 9.0;
				MTL_ENABLE_DEBUG_INFO = YES;
				ONLY_ACTIVE_ARCH = YES;
				SDKROOT = iphoneos;
				SWIFT_SWIFT3_OBJC_INFERENCE = Off;
				SWIFT_VERSION = 4.2;
			};
			name = Debug;
		};
		146D72B51AB782920058798C /* Release */ = {
			isa = XCBuildConfiguration;
			buildSettings = {
				ALWAYS_SEARCH_USER_PATHS = NO;
				CLANG_CXX_LANGUAGE_STANDARD = "gnu++0x";
				CLANG_CXX_LIBRARY = "libc++";
				CLANG_ENABLE_MODULES = YES;
				CLANG_ENABLE_OBJC_ARC = YES;
				CLANG_WARN_BLOCK_CAPTURE_AUTORELEASING = YES;
				CLANG_WARN_BOOL_CONVERSION = YES;
				CLANG_WARN_COMMA = YES;
				CLANG_WARN_CONSTANT_CONVERSION = YES;
				CLANG_WARN_DEPRECATED_OBJC_IMPLEMENTATIONS = YES;
				CLANG_WARN_DIRECT_OBJC_ISA_USAGE = YES_ERROR;
				CLANG_WARN_EMPTY_BODY = YES;
				CLANG_WARN_ENUM_CONVERSION = YES;
				CLANG_WARN_INFINITE_RECURSION = YES;
				CLANG_WARN_INT_CONVERSION = YES;
				CLANG_WARN_NON_LITERAL_NULL_CONVERSION = YES;
				CLANG_WARN_OBJC_IMPLICIT_RETAIN_SELF = YES;
				CLANG_WARN_OBJC_LITERAL_CONVERSION = YES;
				CLANG_WARN_OBJC_ROOT_CLASS = YES_ERROR;
				CLANG_WARN_RANGE_LOOP_ANALYSIS = YES;
				CLANG_WARN_STRICT_PROTOTYPES = YES;
				CLANG_WARN_SUSPICIOUS_MOVE = YES;
				CLANG_WARN_UNREACHABLE_CODE = YES;
				CLANG_WARN__DUPLICATE_METHOD_MATCH = YES;
				"CODE_SIGN_IDENTITY[sdk=iphoneos*]" = "iPhone Developer";
				COPY_PHASE_STRIP = NO;
				ENABLE_NS_ASSERTIONS = NO;
				ENABLE_STRICT_OBJC_MSGSEND = YES;
				GCC_C_LANGUAGE_STANDARD = gnu99;
				GCC_NO_COMMON_BLOCKS = YES;
				GCC_WARN_64_TO_32_BIT_CONVERSION = YES;
				GCC_WARN_ABOUT_RETURN_TYPE = YES_ERROR;
				GCC_WARN_UNDECLARED_SELECTOR = YES;
				GCC_WARN_UNINITIALIZED_AUTOS = YES_AGGRESSIVE;
				GCC_WARN_UNUSED_FUNCTION = YES;
				GCC_WARN_UNUSED_VARIABLE = YES;
				IPHONEOS_DEPLOYMENT_TARGET = 9.0;
				MTL_ENABLE_DEBUG_INFO = NO;
				SDKROOT = iphoneos;
				SWIFT_OPTIMIZATION_LEVEL = "-Owholemodule";
				SWIFT_SWIFT3_OBJC_INFERENCE = Off;
				SWIFT_VERSION = 4.2;
				VALIDATE_PRODUCT = YES;
			};
			name = Release;
		};
		146D72BA1AB782920058798C /* Debug */ = {
			isa = XCBuildConfiguration;
			buildSettings = {
				CLANG_ENABLE_MODULES = YES;
				"CODE_SIGN_IDENTITY[sdk=iphoneos*]" = "";
				DEVELOPMENT_TEAM = "";
				FRAMEWORK_SEARCH_PATHS = "$(PROJECT_DIR)/Carthage/Build/iOS";
				GCC_PREPROCESSOR_DEFINITIONS = (
					"DEBUG=1",
					"$(inherited)",
				);
				INFOPLIST_FILE = Tests/Info.plist;
				LD_RUNPATH_SEARCH_PATHS = "$(inherited) @executable_path/Frameworks @loader_path/Frameworks";
				PRODUCT_BUNDLE_IDENTIFIER = "com.sample.$(PRODUCT_NAME:rfc1034identifier)";
				PRODUCT_NAME = "$(TARGET_NAME)";
				SWIFT_OPTIMIZATION_LEVEL = "-Onone";
				SWIFT_SWIFT3_OBJC_INFERENCE = Off;
			};
			name = Debug;
		};
		146D72BB1AB782920058798C /* Release */ = {
			isa = XCBuildConfiguration;
			buildSettings = {
				CLANG_ENABLE_MODULES = YES;
				"CODE_SIGN_IDENTITY[sdk=iphoneos*]" = "";
				DEVELOPMENT_TEAM = "";
				FRAMEWORK_SEARCH_PATHS = "$(PROJECT_DIR)/Carthage/Build/iOS";
				INFOPLIST_FILE = Tests/Info.plist;
				LD_RUNPATH_SEARCH_PATHS = "$(inherited) @executable_path/Frameworks @loader_path/Frameworks";
				PRODUCT_BUNDLE_IDENTIFIER = "com.sample.$(PRODUCT_NAME:rfc1034identifier)";
				PRODUCT_NAME = "$(TARGET_NAME)";
				SWIFT_OPTIMIZATION_LEVEL = "-Owholemodule";
				SWIFT_SWIFT3_OBJC_INFERENCE = Off;
			};
			name = Release;
		};
		14F8486C1CC667990052E4B0 /* Debug */ = {
			isa = XCBuildConfiguration;
			buildSettings = {
				CLANG_ANALYZER_NONNULL = YES;
				"CODE_SIGN_IDENTITY[sdk=iphoneos*]" = "";
				CURRENT_PROJECT_VERSION = 1;
				DEBUG_INFORMATION_FORMAT = dwarf;
				DEFINES_MODULE = YES;
				DYLIB_COMPATIBILITY_VERSION = 1;
				DYLIB_CURRENT_VERSION = 1;
				DYLIB_INSTALL_NAME_BASE = "@rpath";
				GCC_NO_COMMON_BLOCKS = YES;
				INFOPLIST_FILE = Info.plist;
				INSTALL_PATH = "$(LOCAL_LIBRARY_DIR)/Frameworks";
				IPHONEOS_DEPLOYMENT_TARGET = 9.0;
				LD_RUNPATH_SEARCH_PATHS = "$(inherited) @executable_path/Frameworks @loader_path/Frameworks";
				PRODUCT_BUNDLE_IDENTIFIER = net.SyncDB.DATASource;
				PRODUCT_NAME = DATASource;
				SKIP_INSTALL = YES;
				SWIFT_OPTIMIZATION_LEVEL = "-Onone";
				SWIFT_SWIFT3_OBJC_INFERENCE = Off;
				TARGETED_DEVICE_FAMILY = "1,2";
				VERSIONING_SYSTEM = "apple-generic";
				VERSION_INFO_PREFIX = "";
			};
			name = Debug;
		};
		14F8486D1CC667990052E4B0 /* Release */ = {
			isa = XCBuildConfiguration;
			buildSettings = {
				CLANG_ANALYZER_NONNULL = YES;
				"CODE_SIGN_IDENTITY[sdk=iphoneos*]" = "";
				CURRENT_PROJECT_VERSION = 1;
				DEBUG_INFORMATION_FORMAT = "dwarf-with-dsym";
				DEFINES_MODULE = YES;
				DYLIB_COMPATIBILITY_VERSION = 1;
				DYLIB_CURRENT_VERSION = 1;
				DYLIB_INSTALL_NAME_BASE = "@rpath";
				GCC_NO_COMMON_BLOCKS = YES;
				INFOPLIST_FILE = Info.plist;
				INSTALL_PATH = "$(LOCAL_LIBRARY_DIR)/Frameworks";
				IPHONEOS_DEPLOYMENT_TARGET = 9.0;
				LD_RUNPATH_SEARCH_PATHS = "$(inherited) @executable_path/Frameworks @loader_path/Frameworks";
				PRODUCT_BUNDLE_IDENTIFIER = net.SyncDB.DATASource;
				PRODUCT_NAME = DATASource;
				SKIP_INSTALL = YES;
				SWIFT_OPTIMIZATION_LEVEL = "-Owholemodule";
				SWIFT_SWIFT3_OBJC_INFERENCE = Off;
				TARGETED_DEVICE_FAMILY = "1,2";
				VERSIONING_SYSTEM = "apple-generic";
				VERSION_INFO_PREFIX = "";
			};
			name = Release;
		};
		14F848831CC668820052E4B0 /* Debug */ = {
			isa = XCBuildConfiguration;
			buildSettings = {
				CLANG_ANALYZER_NONNULL = YES;
				"CODE_SIGN_IDENTITY[sdk=appletvos*]" = "";
				CURRENT_PROJECT_VERSION = 1;
				DEBUG_INFORMATION_FORMAT = dwarf;
				DEFINES_MODULE = YES;
				DYLIB_COMPATIBILITY_VERSION = 1;
				DYLIB_CURRENT_VERSION = 1;
				DYLIB_INSTALL_NAME_BASE = "@rpath";
				GCC_NO_COMMON_BLOCKS = YES;
				INFOPLIST_FILE = Info.plist;
				INSTALL_PATH = "$(LOCAL_LIBRARY_DIR)/Frameworks";
				LD_RUNPATH_SEARCH_PATHS = "$(inherited) @executable_path/Frameworks @loader_path/Frameworks";
				PRODUCT_BUNDLE_IDENTIFIER = net.SyncDB.DATASource;
				PRODUCT_NAME = DATASource;
				SDKROOT = appletvos;
				SKIP_INSTALL = YES;
				SWIFT_OPTIMIZATION_LEVEL = "-Onone";
				SWIFT_SWIFT3_OBJC_INFERENCE = Off;
				SWIFT_VERSION = 5.0;
				TARGETED_DEVICE_FAMILY = 3;
				TVOS_DEPLOYMENT_TARGET = 9.0;
				VERSIONING_SYSTEM = "apple-generic";
				VERSION_INFO_PREFIX = "";
			};
			name = Debug;
		};
		14F848841CC668820052E4B0 /* Release */ = {
			isa = XCBuildConfiguration;
			buildSettings = {
				CLANG_ANALYZER_NONNULL = YES;
				"CODE_SIGN_IDENTITY[sdk=appletvos*]" = "";
				CURRENT_PROJECT_VERSION = 1;
				DEBUG_INFORMATION_FORMAT = "dwarf-with-dsym";
				DEFINES_MODULE = YES;
				DYLIB_COMPATIBILITY_VERSION = 1;
				DYLIB_CURRENT_VERSION = 1;
				DYLIB_INSTALL_NAME_BASE = "@rpath";
				GCC_NO_COMMON_BLOCKS = YES;
				INFOPLIST_FILE = Info.plist;
				INSTALL_PATH = "$(LOCAL_LIBRARY_DIR)/Frameworks";
				LD_RUNPATH_SEARCH_PATHS = "$(inherited) @executable_path/Frameworks @loader_path/Frameworks";
				PRODUCT_BUNDLE_IDENTIFIER = net.SyncDB.DATASource;
				PRODUCT_NAME = DATASource;
				SDKROOT = appletvos;
				SKIP_INSTALL = YES;
				SWIFT_OPTIMIZATION_LEVEL = "-Owholemodule";
				SWIFT_SWIFT3_OBJC_INFERENCE = Off;
				SWIFT_VERSION = 5.0;
				TARGETED_DEVICE_FAMILY = 3;
				TVOS_DEPLOYMENT_TARGET = 9.0;
				VERSIONING_SYSTEM = "apple-generic";
				VERSION_INFO_PREFIX = "";
			};
			name = Release;
		};
		44B91CF61DB7728D009DB4B7 /* Debug */ = {
			isa = XCBuildConfiguration;
			buildSettings = {
				ASSETCATALOG_COMPILER_APPICON_NAME = AppIcon;
				CLANG_ANALYZER_NONNULL = YES;
				CLANG_WARN_DOCUMENTATION_COMMENTS = YES;
				CLANG_WARN_INFINITE_RECURSION = YES;
				CLANG_WARN_SUSPICIOUS_MOVES = YES;
				DEBUG_INFORMATION_FORMAT = dwarf;
				DEVELOPMENT_TEAM = D34XZHQLE3;
				FRAMEWORK_SEARCH_PATHS = (
					"$(inherited)",
					"$(PROJECT_DIR)/Carthage/Build/iOS",
				);
				INFOPLIST_FILE = SwiftDemo/Info.plist;
				IPHONEOS_DEPLOYMENT_TARGET = 9.0;
				LD_RUNPATH_SEARCH_PATHS = "$(inherited) @executable_path/Frameworks";
				PRODUCT_BUNDLE_IDENTIFIER = com.3lvis.networking.SwiftDemo;
				PRODUCT_NAME = "$(TARGET_NAME)";
				SWIFT_ACTIVE_COMPILATION_CONDITIONS = DEBUG;
				SWIFT_OPTIMIZATION_LEVEL = "-Onone";
				SWIFT_VERSION = 5.0;
			};
			name = Debug;
		};
		44B91CF71DB7728D009DB4B7 /* Release */ = {
			isa = XCBuildConfiguration;
			buildSettings = {
				ASSETCATALOG_COMPILER_APPICON_NAME = AppIcon;
				CLANG_ANALYZER_NONNULL = YES;
				CLANG_WARN_DOCUMENTATION_COMMENTS = YES;
				CLANG_WARN_INFINITE_RECURSION = YES;
				CLANG_WARN_SUSPICIOUS_MOVES = YES;
				DEBUG_INFORMATION_FORMAT = "dwarf-with-dsym";
				DEVELOPMENT_TEAM = D34XZHQLE3;
				FRAMEWORK_SEARCH_PATHS = (
					"$(inherited)",
					"$(PROJECT_DIR)/Carthage/Build/iOS",
				);
				INFOPLIST_FILE = SwiftDemo/Info.plist;
				IPHONEOS_DEPLOYMENT_TARGET = 9.0;
				LD_RUNPATH_SEARCH_PATHS = "$(inherited) @executable_path/Frameworks";
				PRODUCT_BUNDLE_IDENTIFIER = com.3lvis.networking.SwiftDemo;
				PRODUCT_NAME = "$(TARGET_NAME)";
				SWIFT_OPTIMIZATION_LEVEL = "-Owholemodule";
				SWIFT_VERSION = 5.0;
			};
			name = Release;
		};
		44B91D141DB7729D009DB4B7 /* Debug */ = {
			isa = XCBuildConfiguration;
			buildSettings = {
				ASSETCATALOG_COMPILER_APPICON_NAME = AppIcon;
				CLANG_ANALYZER_NONNULL = YES;
				CLANG_WARN_DOCUMENTATION_COMMENTS = YES;
				CLANG_WARN_INFINITE_RECURSION = YES;
				CLANG_WARN_SUSPICIOUS_MOVES = YES;
				DEBUG_INFORMATION_FORMAT = dwarf;
				DEVELOPMENT_TEAM = 3TAZ984YN3;
				FRAMEWORK_SEARCH_PATHS = (
					"$(inherited)",
					"$(PROJECT_DIR)/Carthage/Build/iOS",
				);
				INFOPLIST_FILE = ObjectiveCDemo/Info.plist;
				IPHONEOS_DEPLOYMENT_TARGET = 9.0;
				LD_RUNPATH_SEARCH_PATHS = "$(inherited) @executable_path/Frameworks";
				PRODUCT_BUNDLE_IDENTIFIER = com.3lvis.networking.ObjectiveCDemo;
				PRODUCT_NAME = "$(TARGET_NAME)";
				SWIFT_SWIFT3_OBJC_INFERENCE = Off;
			};
			name = Debug;
		};
		44B91D151DB7729D009DB4B7 /* Release */ = {
			isa = XCBuildConfiguration;
			buildSettings = {
				ASSETCATALOG_COMPILER_APPICON_NAME = AppIcon;
				CLANG_ANALYZER_NONNULL = YES;
				CLANG_WARN_DOCUMENTATION_COMMENTS = YES;
				CLANG_WARN_INFINITE_RECURSION = YES;
				CLANG_WARN_SUSPICIOUS_MOVES = YES;
				DEBUG_INFORMATION_FORMAT = "dwarf-with-dsym";
				DEVELOPMENT_TEAM = 3TAZ984YN3;
				FRAMEWORK_SEARCH_PATHS = (
					"$(inherited)",
					"$(PROJECT_DIR)/Carthage/Build/iOS",
				);
				INFOPLIST_FILE = ObjectiveCDemo/Info.plist;
				IPHONEOS_DEPLOYMENT_TARGET = 9.0;
				LD_RUNPATH_SEARCH_PATHS = "$(inherited) @executable_path/Frameworks";
				PRODUCT_BUNDLE_IDENTIFIER = com.3lvis.networking.ObjectiveCDemo;
				PRODUCT_NAME = "$(TARGET_NAME)";
				SWIFT_SWIFT3_OBJC_INFERENCE = Off;
			};
			name = Release;
		};
/* End XCBuildConfiguration section */

/* Begin XCConfigurationList section */
		146D728E1AB782920058798C /* Build configuration list for PBXProject "Demo" */ = {
			isa = XCConfigurationList;
			buildConfigurations = (
				146D72B41AB782920058798C /* Debug */,
				146D72B51AB782920058798C /* Release */,
			);
			defaultConfigurationIsVisible = 0;
			defaultConfigurationName = Release;
		};
		146D72B91AB782920058798C /* Build configuration list for PBXNativeTarget "Tests" */ = {
			isa = XCConfigurationList;
			buildConfigurations = (
				146D72BA1AB782920058798C /* Debug */,
				146D72BB1AB782920058798C /* Release */,
			);
			defaultConfigurationIsVisible = 0;
			defaultConfigurationName = Release;
		};
		14F8486E1CC667990052E4B0 /* Build configuration list for PBXNativeTarget "DATASource-iOS" */ = {
			isa = XCConfigurationList;
			buildConfigurations = (
				14F8486C1CC667990052E4B0 /* Debug */,
				14F8486D1CC667990052E4B0 /* Release */,
			);
			defaultConfigurationIsVisible = 0;
			defaultConfigurationName = Release;
		};
		14F848821CC668820052E4B0 /* Build configuration list for PBXNativeTarget "DATASource-tvOS" */ = {
			isa = XCConfigurationList;
			buildConfigurations = (
				14F848831CC668820052E4B0 /* Debug */,
				14F848841CC668820052E4B0 /* Release */,
			);
			defaultConfigurationIsVisible = 0;
			defaultConfigurationName = Release;
		};
		44B91CF51DB7728D009DB4B7 /* Build configuration list for PBXNativeTarget "SwiftDemo" */ = {
			isa = XCConfigurationList;
			buildConfigurations = (
				44B91CF61DB7728D009DB4B7 /* Debug */,
				44B91CF71DB7728D009DB4B7 /* Release */,
			);
			defaultConfigurationIsVisible = 0;
			defaultConfigurationName = Release;
		};
		44B91D131DB7729D009DB4B7 /* Build configuration list for PBXNativeTarget "ObjectiveCDemo" */ = {
			isa = XCConfigurationList;
			buildConfigurations = (
				44B91D141DB7729D009DB4B7 /* Debug */,
				44B91D151DB7729D009DB4B7 /* Release */,
			);
			defaultConfigurationIsVisible = 0;
			defaultConfigurationName = Release;
		};
/* End XCConfigurationList section */

/* Begin XCVersionGroup section */
		1498B6061C3BC9E80066FAC8 /* DataModel.xcdatamodeld */ = {
			isa = XCVersionGroup;
			children = (
				1498B6071C3BC9E80066FAC8 /* DataModel.xcdatamodel */,
			);
			currentVersion = 1498B6071C3BC9E80066FAC8 /* DataModel.xcdatamodel */;
			path = DataModel.xcdatamodeld;
			sourceTree = "<group>";
			versionGroupType = wrapper.xcdatamodel;
		};
/* End XCVersionGroup section */
	};
	rootObject = 146D728B1AB782920058798C /* Project object */;
}
